// !$*UTF8*$!
{
	archiveVersion = 1;
	classes = {
	};
	objectVersion = 56;
	objects = {

/* Begin PBXBuildFile section */
		B387E1952B56FF8A00FA067B /* Object.swift in Sources */ = {isa = PBXBuildFile; fileRef = B387E1942B56FF8A00FA067B /* Object.swift */; };
		B3DE63FF2B54938100786682 /* AppDelegate.swift in Sources */ = {isa = PBXBuildFile; fileRef = B3DE63FE2B54938100786682 /* AppDelegate.swift */; };
		B3DE64012B54938100786682 /* GameScene.sks in Resources */ = {isa = PBXBuildFile; fileRef = B3DE64002B54938100786682 /* GameScene.sks */; };
		B3DE64032B54938100786682 /* Actions.sks in Resources */ = {isa = PBXBuildFile; fileRef = B3DE64022B54938100786682 /* Actions.sks */; };
		B3DE64052B54938100786682 /* GameScene.swift in Sources */ = {isa = PBXBuildFile; fileRef = B3DE64042B54938100786682 /* GameScene.swift */; };
		B3DE64072B54938100786682 /* GameViewController.swift in Sources */ = {isa = PBXBuildFile; fileRef = B3DE64062B54938100786682 /* GameViewController.swift */; };
		B3DE640A2B54938100786682 /* Main.storyboard in Resources */ = {isa = PBXBuildFile; fileRef = B3DE64082B54938100786682 /* Main.storyboard */; };
		B3DE640C2B54938200786682 /* Assets.xcassets in Resources */ = {isa = PBXBuildFile; fileRef = B3DE640B2B54938200786682 /* Assets.xcassets */; };
		B3DE640F2B54938200786682 /* LaunchScreen.storyboard in Resources */ = {isa = PBXBuildFile; fileRef = B3DE640D2B54938200786682 /* LaunchScreen.storyboard */; };
		B3DE64192B54938200786682 /* TestPhysicsTests.swift in Sources */ = {isa = PBXBuildFile; fileRef = B3DE64182B54938200786682 /* TestPhysicsTests.swift */; };
		B3DE64232B54938200786682 /* TestPhysicsUITests.swift in Sources */ = {isa = PBXBuildFile; fileRef = B3DE64222B54938200786682 /* TestPhysicsUITests.swift */; };
		B3DE64252B54938200786682 /* TestPhysicsUITestsLaunchTests.swift in Sources */ = {isa = PBXBuildFile; fileRef = B3DE64242B54938200786682 /* TestPhysicsUITestsLaunchTests.swift */; };
/* End PBXBuildFile section */

/* Begin PBXContainerItemProxy section */
		B3DE64152B54938200786682 /* PBXContainerItemProxy */ = {
			isa = PBXContainerItemProxy;
			containerPortal = B3DE63F32B54938100786682 /* Project object */;
			proxyType = 1;
			remoteGlobalIDString = B3DE63FA2B54938100786682;
			remoteInfo = TestPhysics;
		};
		B3DE641F2B54938200786682 /* PBXContainerItemProxy */ = {
			isa = PBXContainerItemProxy;
			containerPortal = B3DE63F32B54938100786682 /* Project object */;
			proxyType = 1;
			remoteGlobalIDString = B3DE63FA2B54938100786682;
			remoteInfo = TestPhysics;
		};
/* End PBXContainerItemProxy section */

/* Begin PBXFileReference section */
		B387E1942B56FF8A00FA067B /* Object.swift */ = {isa = PBXFileReference; lastKnownFileType = sourcecode.swift; path = Object.swift; sourceTree = "<group>"; };
		B3DE63FB2B54938100786682 /* TestPhysics.app */ = {isa = PBXFileReference; explicitFileType = wrapper.application; includeInIndex = 0; path = TestPhysics.app; sourceTree = BUILT_PRODUCTS_DIR; };
		B3DE63FE2B54938100786682 /* AppDelegate.swift */ = {isa = PBXFileReference; lastKnownFileType = sourcecode.swift; path = AppDelegate.swift; sourceTree = "<group>"; };
		B3DE64002B54938100786682 /* GameScene.sks */ = {isa = PBXFileReference; lastKnownFileType = file.sks; path = GameScene.sks; sourceTree = "<group>"; };
		B3DE64022B54938100786682 /* Actions.sks */ = {isa = PBXFileReference; lastKnownFileType = file.sks; path = Actions.sks; sourceTree = "<group>"; };
		B3DE64042B54938100786682 /* GameScene.swift */ = {isa = PBXFileReference; lastKnownFileType = sourcecode.swift; path = GameScene.swift; sourceTree = "<group>"; };
		B3DE64062B54938100786682 /* GameViewController.swift */ = {isa = PBXFileReference; lastKnownFileType = sourcecode.swift; path = GameViewController.swift; sourceTree = "<group>"; };
		B3DE64092B54938100786682 /* Base */ = {isa = PBXFileReference; lastKnownFileType = file.storyboard; name = Base; path = Base.lproj/Main.storyboard; sourceTree = "<group>"; };
		B3DE640B2B54938200786682 /* Assets.xcassets */ = {isa = PBXFileReference; lastKnownFileType = folder.assetcatalog; path = Assets.xcassets; sourceTree = "<group>"; };
		B3DE640E2B54938200786682 /* Base */ = {isa = PBXFileReference; lastKnownFileType = file.storyboard; name = Base; path = Base.lproj/LaunchScreen.storyboard; sourceTree = "<group>"; };
		B3DE64142B54938200786682 /* TestPhysicsTests.xctest */ = {isa = PBXFileReference; explicitFileType = wrapper.cfbundle; includeInIndex = 0; path = TestPhysicsTests.xctest; sourceTree = BUILT_PRODUCTS_DIR; };
		B3DE64182B54938200786682 /* TestPhysicsTests.swift */ = {isa = PBXFileReference; lastKnownFileType = sourcecode.swift; path = TestPhysicsTests.swift; sourceTree = "<group>"; };
		B3DE641E2B54938200786682 /* TestPhysicsUITests.xctest */ = {isa = PBXFileReference; explicitFileType = wrapper.cfbundle; includeInIndex = 0; path = TestPhysicsUITests.xctest; sourceTree = BUILT_PRODUCTS_DIR; };
		B3DE64222B54938200786682 /* TestPhysicsUITests.swift */ = {isa = PBXFileReference; lastKnownFileType = sourcecode.swift; path = TestPhysicsUITests.swift; sourceTree = "<group>"; };
		B3DE64242B54938200786682 /* TestPhysicsUITestsLaunchTests.swift */ = {isa = PBXFileReference; lastKnownFileType = sourcecode.swift; path = TestPhysicsUITestsLaunchTests.swift; sourceTree = "<group>"; };
/* End PBXFileReference section */

/* Begin PBXFrameworksBuildPhase section */
		B3DE63F82B54938100786682 /* Frameworks */ = {
			isa = PBXFrameworksBuildPhase;
			buildActionMask = 2147483647;
			files = (
			);
			runOnlyForDeploymentPostprocessing = 0;
		};
		B3DE64112B54938200786682 /* Frameworks */ = {
			isa = PBXFrameworksBuildPhase;
			buildActionMask = 2147483647;
			files = (
			);
			runOnlyForDeploymentPostprocessing = 0;
		};
		B3DE641B2B54938200786682 /* Frameworks */ = {
			isa = PBXFrameworksBuildPhase;
			buildActionMask = 2147483647;
			files = (
			);
			runOnlyForDeploymentPostprocessing = 0;
		};
/* End PBXFrameworksBuildPhase section */

/* Begin PBXGroup section */
		B3DE63F22B54938100786682 = {
			isa = PBXGroup;
			children = (
				B3DE63FD2B54938100786682 /* TestPhysics */,
				B3DE64172B54938200786682 /* TestPhysicsTests */,
				B3DE64212B54938200786682 /* TestPhysicsUITests */,
				B3DE63FC2B54938100786682 /* Products */,
			);
			sourceTree = "<group>";
		};
		B3DE63FC2B54938100786682 /* Products */ = {
			isa = PBXGroup;
			children = (
				B3DE63FB2B54938100786682 /* TestPhysics.app */,
				B3DE64142B54938200786682 /* TestPhysicsTests.xctest */,
				B3DE641E2B54938200786682 /* TestPhysicsUITests.xctest */,
			);
			name = Products;
			sourceTree = "<group>";
		};
		B3DE63FD2B54938100786682 /* TestPhysics */ = {
			isa = PBXGroup;
			children = (
				B3DE63FE2B54938100786682 /* AppDelegate.swift */,
				B3DE64002B54938100786682 /* GameScene.sks */,
				B3DE64022B54938100786682 /* Actions.sks */,
				B3DE64042B54938100786682 /* GameScene.swift */,
				B387E1942B56FF8A00FA067B /* Object.swift */,
				B3DE64062B54938100786682 /* GameViewController.swift */,
				B3DE64082B54938100786682 /* Main.storyboard */,
				B3DE640B2B54938200786682 /* Assets.xcassets */,
				B3DE640D2B54938200786682 /* LaunchScreen.storyboard */,
			);
			path = TestPhysics;
			sourceTree = "<group>";
		};
		B3DE64172B54938200786682 /* TestPhysicsTests */ = {
			isa = PBXGroup;
			children = (
				B3DE64182B54938200786682 /* TestPhysicsTests.swift */,
			);
			path = TestPhysicsTests;
			sourceTree = "<group>";
		};
		B3DE64212B54938200786682 /* TestPhysicsUITests */ = {
			isa = PBXGroup;
			children = (
				B3DE64222B54938200786682 /* TestPhysicsUITests.swift */,
				B3DE64242B54938200786682 /* TestPhysicsUITestsLaunchTests.swift */,
			);
			path = TestPhysicsUITests;
			sourceTree = "<group>";
		};
/* End PBXGroup section */

/* Begin PBXNativeTarget section */
		B3DE63FA2B54938100786682 /* TestPhysics */ = {
			isa = PBXNativeTarget;
			buildConfigurationList = B3DE64282B54938200786682 /* Build configuration list for PBXNativeTarget "TestPhysics" */;
			buildPhases = (
				B3DE63F72B54938100786682 /* Sources */,
				B3DE63F82B54938100786682 /* Frameworks */,
				B3DE63F92B54938100786682 /* Resources */,
			);
			buildRules = (
			);
			dependencies = (
			);
			name = TestPhysics;
			productName = TestPhysics;
			productReference = B3DE63FB2B54938100786682 /* TestPhysics.app */;
			productType = "com.apple.product-type.application";
		};
		B3DE64132B54938200786682 /* TestPhysicsTests */ = {
			isa = PBXNativeTarget;
			buildConfigurationList = B3DE642B2B54938200786682 /* Build configuration list for PBXNativeTarget "TestPhysicsTests" */;
			buildPhases = (
				B3DE64102B54938200786682 /* Sources */,
				B3DE64112B54938200786682 /* Frameworks */,
				B3DE64122B54938200786682 /* Resources */,
			);
			buildRules = (
			);
			dependencies = (
				B3DE64162B54938200786682 /* PBXTargetDependency */,
			);
			name = TestPhysicsTests;
			productName = TestPhysicsTests;
			productReference = B3DE64142B54938200786682 /* TestPhysicsTests.xctest */;
			productType = "com.apple.product-type.bundle.unit-test";
		};
		B3DE641D2B54938200786682 /* TestPhysicsUITests */ = {
			isa = PBXNativeTarget;
			buildConfigurationList = B3DE642E2B54938200786682 /* Build configuration list for PBXNativeTarget "TestPhysicsUITests" */;
			buildPhases = (
				B3DE641A2B54938200786682 /* Sources */,
				B3DE641B2B54938200786682 /* Frameworks */,
				B3DE641C2B54938200786682 /* Resources */,
			);
			buildRules = (
			);
			dependencies = (
				B3DE64202B54938200786682 /* PBXTargetDependency */,
			);
			name = TestPhysicsUITests;
			productName = TestPhysicsUITests;
			productReference = B3DE641E2B54938200786682 /* TestPhysicsUITests.xctest */;
			productType = "com.apple.product-type.bundle.ui-testing";
		};
/* End PBXNativeTarget section */

/* Begin PBXProject section */
		B3DE63F32B54938100786682 /* Project object */ = {
			isa = PBXProject;
			attributes = {
				BuildIndependentTargetsInParallel = 1;
				LastSwiftUpdateCheck = 1510;
				LastUpgradeCheck = 1510;
				TargetAttributes = {
					B3DE63FA2B54938100786682 = {
						CreatedOnToolsVersion = 15.1;
					};
					B3DE64132B54938200786682 = {
						CreatedOnToolsVersion = 15.1;
						TestTargetID = B3DE63FA2B54938100786682;
					};
					B3DE641D2B54938200786682 = {
						CreatedOnToolsVersion = 15.1;
						TestTargetID = B3DE63FA2B54938100786682;
					};
				};
			};
			buildConfigurationList = B3DE63F62B54938100786682 /* Build configuration list for PBXProject "TestPhysics" */;
			compatibilityVersion = "Xcode 14.0";
			developmentRegion = en;
			hasScannedForEncodings = 0;
			knownRegions = (
				en,
				Base,
			);
			mainGroup = B3DE63F22B54938100786682;
			productRefGroup = B3DE63FC2B54938100786682 /* Products */;
			projectDirPath = "";
			projectRoot = "";
			targets = (
				B3DE63FA2B54938100786682 /* TestPhysics */,
				B3DE64132B54938200786682 /* TestPhysicsTests */,
				B3DE641D2B54938200786682 /* TestPhysicsUITests */,
			);
		};
/* End PBXProject section */

/* Begin PBXResourcesBuildPhase section */
		B3DE63F92B54938100786682 /* Resources */ = {
			isa = PBXResourcesBuildPhase;
			buildActionMask = 2147483647;
			files = (
				B3DE640A2B54938100786682 /* Main.storyboard in Resources */,
				B3DE64012B54938100786682 /* GameScene.sks in Resources */,
				B3DE640C2B54938200786682 /* Assets.xcassets in Resources */,
				B3DE640F2B54938200786682 /* LaunchScreen.storyboard in Resources */,
				B3DE64032B54938100786682 /* Actions.sks in Resources */,
			);
			runOnlyForDeploymentPostprocessing = 0;
		};
		B3DE64122B54938200786682 /* Resources */ = {
			isa = PBXResourcesBuildPhase;
			buildActionMask = 2147483647;
			files = (
			);
			runOnlyForDeploymentPostprocessing = 0;
		};
		B3DE641C2B54938200786682 /* Resources */ = {
			isa = PBXResourcesBuildPhase;
			buildActionMask = 2147483647;
			files = (
			);
			runOnlyForDeploymentPostprocessing = 0;
		};
/* End PBXResourcesBuildPhase section */

/* Begin PBXSourcesBuildPhase section */
		B3DE63F72B54938100786682 /* Sources */ = {
			isa = PBXSourcesBuildPhase;
			buildActionMask = 2147483647;
			files = (
				B3DE64052B54938100786682 /* GameScene.swift in Sources */,
				B387E1952B56FF8A00FA067B /* Object.swift in Sources */,
				B3DE64072B54938100786682 /* GameViewController.swift in Sources */,
				B3DE63FF2B54938100786682 /* AppDelegate.swift in Sources */,
			);
			runOnlyForDeploymentPostprocessing = 0;
		};
		B3DE64102B54938200786682 /* Sources */ = {
			isa = PBXSourcesBuildPhase;
			buildActionMask = 2147483647;
			files = (
				B3DE64192B54938200786682 /* TestPhysicsTests.swift in Sources */,
			);
			runOnlyForDeploymentPostprocessing = 0;
		};
		B3DE641A2B54938200786682 /* Sources */ = {
			isa = PBXSourcesBuildPhase;
			buildActionMask = 2147483647;
			files = (
				B3DE64252B54938200786682 /* TestPhysicsUITestsLaunchTests.swift in Sources */,
				B3DE64232B54938200786682 /* TestPhysicsUITests.swift in Sources */,
			);
			runOnlyForDeploymentPostprocessing = 0;
		};
/* End PBXSourcesBuildPhase section */

/* Begin PBXTargetDependency section */
		B3DE64162B54938200786682 /* PBXTargetDependency */ = {
			isa = PBXTargetDependency;
			target = B3DE63FA2B54938100786682 /* TestPhysics */;
			targetProxy = B3DE64152B54938200786682 /* PBXContainerItemProxy */;
		};
		B3DE64202B54938200786682 /* PBXTargetDependency */ = {
			isa = PBXTargetDependency;
			target = B3DE63FA2B54938100786682 /* TestPhysics */;
			targetProxy = B3DE641F2B54938200786682 /* PBXContainerItemProxy */;
		};
/* End PBXTargetDependency section */

/* Begin PBXVariantGroup section */
		B3DE64082B54938100786682 /* Main.storyboard */ = {
			isa = PBXVariantGroup;
			children = (
				B3DE64092B54938100786682 /* Base */,
			);
			name = Main.storyboard;
			sourceTree = "<group>";
		};
		B3DE640D2B54938200786682 /* LaunchScreen.storyboard */ = {
			isa = PBXVariantGroup;
			children = (
				B3DE640E2B54938200786682 /* Base */,
			);
			name = LaunchScreen.storyboard;
			sourceTree = "<group>";
		};
/* End PBXVariantGroup section */

/* Begin XCBuildConfiguration section */
		B3DE64262B54938200786682 /* Debug */ = {
			isa = XCBuildConfiguration;
			buildSettings = {
				ALWAYS_SEARCH_USER_PATHS = NO;
				ASSETCATALOG_COMPILER_GENERATE_SWIFT_ASSET_SYMBOL_EXTENSIONS = YES;
				CLANG_ANALYZER_NONNULL = YES;
				CLANG_ANALYZER_NUMBER_OBJECT_CONVERSION = YES_AGGRESSIVE;
				CLANG_CXX_LANGUAGE_STANDARD = "gnu++20";
				CLANG_ENABLE_MODULES = YES;
				CLANG_ENABLE_OBJC_ARC = YES;
				CLANG_ENABLE_OBJC_WEAK = YES;
				CLANG_WARN_BLOCK_CAPTURE_AUTORELEASING = YES;
				CLANG_WARN_BOOL_CONVERSION = YES;
				CLANG_WARN_COMMA = YES;
				CLANG_WARN_CONSTANT_CONVERSION = YES;
				CLANG_WARN_DEPRECATED_OBJC_IMPLEMENTATIONS = YES;
				CLANG_WARN_DIRECT_OBJC_ISA_USAGE = YES_ERROR;
				CLANG_WARN_DOCUMENTATION_COMMENTS = YES;
				CLANG_WARN_EMPTY_BODY = YES;
				CLANG_WARN_ENUM_CONVERSION = YES;
				CLANG_WARN_INFINITE_RECURSION = YES;
				CLANG_WARN_INT_CONVERSION = YES;
				CLANG_WARN_NON_LITERAL_NULL_CONVERSION = YES;
				CLANG_WARN_OBJC_IMPLICIT_RETAIN_SELF = YES;
				CLANG_WARN_OBJC_LITERAL_CONVERSION = YES;
				CLANG_WARN_OBJC_ROOT_CLASS = YES_ERROR;
				CLANG_WARN_QUOTED_INCLUDE_IN_FRAMEWORK_HEADER = YES;
				CLANG_WARN_RANGE_LOOP_ANALYSIS = YES;
				CLANG_WARN_STRICT_PROTOTYPES = YES;
				CLANG_WARN_SUSPICIOUS_MOVE = YES;
				CLANG_WARN_UNGUARDED_AVAILABILITY = YES_AGGRESSIVE;
				CLANG_WARN_UNREACHABLE_CODE = YES;
				CLANG_WARN__DUPLICATE_METHOD_MATCH = YES;
				COPY_PHASE_STRIP = NO;
				DEBUG_INFORMATION_FORMAT = dwarf;
				ENABLE_STRICT_OBJC_MSGSEND = YES;
				ENABLE_TESTABILITY = YES;
				ENABLE_USER_SCRIPT_SANDBOXING = YES;
				GCC_C_LANGUAGE_STANDARD = gnu17;
				GCC_DYNAMIC_NO_PIC = NO;
				GCC_NO_COMMON_BLOCKS = YES;
				GCC_OPTIMIZATION_LEVEL = 0;
				GCC_PREPROCESSOR_DEFINITIONS = (
					"DEBUG=1",
					"$(inherited)",
				);
				GCC_WARN_64_TO_32_BIT_CONVERSION = YES;
				GCC_WARN_ABOUT_RETURN_TYPE = YES_ERROR;
				GCC_WARN_UNDECLARED_SELECTOR = YES;
				GCC_WARN_UNINITIALIZED_AUTOS = YES_AGGRESSIVE;
				GCC_WARN_UNUSED_FUNCTION = YES;
				GCC_WARN_UNUSED_VARIABLE = YES;
				IPHONEOS_DEPLOYMENT_TARGET = 17.2;
				LOCALIZATION_PREFERS_STRING_CATALOGS = YES;
				MTL_ENABLE_DEBUG_INFO = INCLUDE_SOURCE;
				MTL_FAST_MATH = YES;
				ONLY_ACTIVE_ARCH = YES;
				SDKROOT = iphoneos;
				SWIFT_ACTIVE_COMPILATION_CONDITIONS = "DEBUG $(inherited)";
				SWIFT_OPTIMIZATION_LEVEL = "-Onone";
			};
			name = Debug;
		};
		B3DE64272B54938200786682 /* Release */ = {
			isa = XCBuildConfiguration;
			buildSettings = {
				ALWAYS_SEARCH_USER_PATHS = NO;
				ASSETCATALOG_COMPILER_GENERATE_SWIFT_ASSET_SYMBOL_EXTENSIONS = YES;
				CLANG_ANALYZER_NONNULL = YES;
				CLANG_ANALYZER_NUMBER_OBJECT_CONVERSION = YES_AGGRESSIVE;
				CLANG_CXX_LANGUAGE_STANDARD = "gnu++20";
				CLANG_ENABLE_MODULES = YES;
				CLANG_ENABLE_OBJC_ARC = YES;
				CLANG_ENABLE_OBJC_WEAK = YES;
				CLANG_WARN_BLOCK_CAPTURE_AUTORELEASING = YES;
				CLANG_WARN_BOOL_CONVERSION = YES;
				CLANG_WARN_COMMA = YES;
				CLANG_WARN_CONSTANT_CONVERSION = YES;
				CLANG_WARN_DEPRECATED_OBJC_IMPLEMENTATIONS = YES;
				CLANG_WARN_DIRECT_OBJC_ISA_USAGE = YES_ERROR;
				CLANG_WARN_DOCUMENTATION_COMMENTS = YES;
				CLANG_WARN_EMPTY_BODY = YES;
				CLANG_WARN_ENUM_CONVERSION = YES;
				CLANG_WARN_INFINITE_RECURSION = YES;
				CLANG_WARN_INT_CONVERSION = YES;
				CLANG_WARN_NON_LITERAL_NULL_CONVERSION = YES;
				CLANG_WARN_OBJC_IMPLICIT_RETAIN_SELF = YES;
				CLANG_WARN_OBJC_LITERAL_CONVERSION = YES;
				CLANG_WARN_OBJC_ROOT_CLASS = YES_ERROR;
				CLANG_WARN_QUOTED_INCLUDE_IN_FRAMEWORK_HEADER = YES;
				CLANG_WARN_RANGE_LOOP_ANALYSIS = YES;
				CLANG_WARN_STRICT_PROTOTYPES = YES;
				CLANG_WARN_SUSPICIOUS_MOVE = YES;
				CLANG_WARN_UNGUARDED_AVAILABILITY = YES_AGGRESSIVE;
				CLANG_WARN_UNREACHABLE_CODE = YES;
				CLANG_WARN__DUPLICATE_METHOD_MATCH = YES;
				COPY_PHASE_STRIP = NO;
				DEBUG_INFORMATION_FORMAT = "dwarf-with-dsym";
				ENABLE_NS_ASSERTIONS = NO;
				ENABLE_STRICT_OBJC_MSGSEND = YES;
				ENABLE_USER_SCRIPT_SANDBOXING = YES;
				GCC_C_LANGUAGE_STANDARD = gnu17;
				GCC_NO_COMMON_BLOCKS = YES;
				GCC_WARN_64_TO_32_BIT_CONVERSION = YES;
				GCC_WARN_ABOUT_RETURN_TYPE = YES_ERROR;
				GCC_WARN_UNDECLARED_SELECTOR = YES;
				GCC_WARN_UNINITIALIZED_AUTOS = YES_AGGRESSIVE;
				GCC_WARN_UNUSED_FUNCTION = YES;
				GCC_WARN_UNUSED_VARIABLE = YES;
				IPHONEOS_DEPLOYMENT_TARGET = 17.2;
				LOCALIZATION_PREFERS_STRING_CATALOGS = YES;
				MTL_ENABLE_DEBUG_INFO = NO;
				MTL_FAST_MATH = YES;
				SDKROOT = iphoneos;
				SWIFT_COMPILATION_MODE = wholemodule;
				VALIDATE_PRODUCT = YES;
			};
			name = Release;
		};
		B3DE64292B54938200786682 /* Debug */ = {
			isa = XCBuildConfiguration;
			buildSettings = {
				ASSETCATALOG_COMPILER_APPICON_NAME = AppIcon;
				ASSETCATALOG_COMPILER_GLOBAL_ACCENT_COLOR_NAME = AccentColor;
				CODE_SIGN_STYLE = Automatic;
				CURRENT_PROJECT_VERSION = 1;
				DEVELOPMENT_TEAM = KV78S9S54R;
				GENERATE_INFOPLIST_FILE = YES;
				INFOPLIST_KEY_UIApplicationSupportsIndirectInputEvents = YES;
				INFOPLIST_KEY_UILaunchStoryboardName = LaunchScreen;
				INFOPLIST_KEY_UIMainStoryboardFile = Main;
				INFOPLIST_KEY_UIStatusBarHidden = YES;
				INFOPLIST_KEY_UISupportedInterfaceOrientations = UIInterfaceOrientationPortrait;
				IPHONEOS_DEPLOYMENT_TARGET = 16.6;
				LD_RUNPATH_SEARCH_PATHS = (
					"$(inherited)",
					"@executable_path/Frameworks",
				);
				MARKETING_VERSION = 1.0;
				PRODUCT_BUNDLE_IDENTIFIER = Jairo.TestPhysics;
				PRODUCT_NAME = "$(TARGET_NAME)";
				SWIFT_EMIT_LOC_STRINGS = YES;
				SWIFT_VERSION = 5.0;
				TARGETED_DEVICE_FAMILY = "1,2";
			};
			name = Debug;
		};
		B3DE642A2B54938200786682 /* Release */ = {
			isa = XCBuildConfiguration;
			buildSettings = {
				ASSETCATALOG_COMPILER_APPICON_NAME = AppIcon;
				ASSETCATALOG_COMPILER_GLOBAL_ACCENT_COLOR_NAME = AccentColor;
				CODE_SIGN_STYLE = Automatic;
				CURRENT_PROJECT_VERSION = 1;
				DEVELOPMENT_TEAM = KV78S9S54R;
				GENERATE_INFOPLIST_FILE = YES;
				INFOPLIST_KEY_UIApplicationSupportsIndirectInputEvents = YES;
				INFOPLIST_KEY_UILaunchStoryboardName = LaunchScreen;
				INFOPLIST_KEY_UIMainStoryboardFile = Main;
				INFOPLIST_KEY_UIStatusBarHidden = YES;
				INFOPLIST_KEY_UISupportedInterfaceOrientations = UIInterfaceOrientationPortrait;
				IPHONEOS_DEPLOYMENT_TARGET = 16.6;
				LD_RUNPATH_SEARCH_PATHS = (
					"$(inherited)",
					"@executable_path/Frameworks",
				);
				MARKETING_VERSION = 1.0;
				PRODUCT_BUNDLE_IDENTIFIER = Jairo.TestPhysics;
				PRODUCT_NAME = "$(TARGET_NAME)";
				SWIFT_EMIT_LOC_STRINGS = YES;
				SWIFT_VERSION = 5.0;
				TARGETED_DEVICE_FAMILY = "1,2";
			};
			name = Release;
		};
		B3DE642C2B54938200786682 /* Debug */ = {
			isa = XCBuildConfiguration;
			buildSettings = {
				ALWAYS_EMBED_SWIFT_STANDARD_LIBRARIES = YES;
				BUNDLE_LOADER = "$(TEST_HOST)";
				CODE_SIGN_STYLE = Automatic;
				CURRENT_PROJECT_VERSION = 1;
				DEVELOPMENT_TEAM = KV78S9S54R;
				GENERATE_INFOPLIST_FILE = YES;
				IPHONEOS_DEPLOYMENT_TARGET = 17.2;
				MARKETING_VERSION = 1.0;
				PRODUCT_BUNDLE_IDENTIFIER = Jairo.TestPhysicsTests;
				PRODUCT_NAME = "$(TARGET_NAME)";
				SWIFT_EMIT_LOC_STRINGS = NO;
				SWIFT_VERSION = 5.0;
				TARGETED_DEVICE_FAMILY = "1,2";
				TEST_HOST = "$(BUILT_PRODUCTS_DIR)/TestPhysics.app/$(BUNDLE_EXECUTABLE_FOLDER_PATH)/TestPhysics";
			};
			name = Debug;
		};
		B3DE642D2B54938200786682 /* Release */ = {
			isa = XCBuildConfiguration;
			buildSettings = {
				ALWAYS_EMBED_SWIFT_STANDARD_LIBRARIES = YES;
				BUNDLE_LOADER = "$(TEST_HOST)";
				CODE_SIGN_STYLE = Automatic;
				CURRENT_PROJECT_VERSION = 1;
				DEVELOPMENT_TEAM = KV78S9S54R;
				GENERATE_INFOPLIST_FILE = YES;
				IPHONEOS_DEPLOYMENT_TARGET = 17.2;
				MARKETING_VERSION = 1.0;
				PRODUCT_BUNDLE_IDENTIFIER = Jairo.TestPhysicsTests;
				PRODUCT_NAME = "$(TARGET_NAME)";
				SWIFT_EMIT_LOC_STRINGS = NO;
				SWIFT_VERSION = 5.0;
				TARGETED_DEVICE_FAMILY = "1,2";
				TEST_HOST = "$(BUILT_PRODUCTS_DIR)/TestPhysics.app/$(BUNDLE_EXECUTABLE_FOLDER_PATH)/TestPhysics";
			};
			name = Release;
		};
		B3DE642F2B54938200786682 /* Debug */ = {
			isa = XCBuildConfiguration;
			buildSettings = {
				ALWAYS_EMBED_SWIFT_STANDARD_LIBRARIES = YES;
				CODE_SIGN_STYLE = Automatic;
				CURRENT_PROJECT_VERSION = 1;
				DEVELOPMENT_TEAM = KV78S9S54R;
				GENERATE_INFOPLIST_FILE = YES;
				MARKETING_VERSION = 1.0;
				PRODUCT_BUNDLE_IDENTIFIER = Jairo.TestPhysicsUITests;
				PRODUCT_NAME = "$(TARGET_NAME)";
				SWIFT_EMIT_LOC_STRINGS = NO;
				SWIFT_VERSION = 5.0;
				TARGETED_DEVICE_FAMILY = "1,2";
				TEST_TARGET_NAME = TestPhysics;
			};
			name = Debug;
		};
		B3DE64302B54938200786682 /* Release */ = {
			isa = XCBuildConfiguration;
			buildSettings = {
				ALWAYS_EMBED_SWIFT_STANDARD_LIBRARIES = YES;
				CODE_SIGN_STYLE = Automatic;
				CURRENT_PROJECT_VERSION = 1;
				DEVELOPMENT_TEAM = KV78S9S54R;
				GENERATE_INFOPLIST_FILE = YES;
				MARKETING_VERSION = 1.0;
				PRODUCT_BUNDLE_IDENTIFIER = Jairo.TestPhysicsUITests;
				PRODUCT_NAME = "$(TARGET_NAME)";
				SWIFT_EMIT_LOC_STRINGS = NO;
				SWIFT_VERSION = 5.0;
				TARGETED_DEVICE_FAMILY = "1,2";
				TEST_TARGET_NAME = TestPhysics;
			};
			name = Release;
		};
/* End XCBuildConfiguration section */

/* Begin XCConfigurationList section */
		B3DE63F62B54938100786682 /* Build configuration list for PBXProject "TestPhysics" */ = {
			isa = XCConfigurationList;
			buildConfigurations = (
				B3DE64262B54938200786682 /* Debug */,
				B3DE64272B54938200786682 /* Release */,
			);
			defaultConfigurationIsVisible = 0;
			defaultConfigurationName = Release;
		};
		B3DE64282B54938200786682 /* Build configuration list for PBXNativeTarget "TestPhysics" */ = {
			isa = XCConfigurationList;
			buildConfigurations = (
				B3DE64292B54938200786682 /* Debug */,
				B3DE642A2B54938200786682 /* Release */,
			);
			defaultConfigurationIsVisible = 0;
			defaultConfigurationName = Release;
		};
		B3DE642B2B54938200786682 /* Build configuration list for PBXNativeTarget "TestPhysicsTests" */ = {
			isa = XCConfigurationList;
			buildConfigurations = (
				B3DE642C2B54938200786682 /* Debug */,
				B3DE642D2B54938200786682 /* Release */,
			);
			defaultConfigurationIsVisible = 0;
			defaultConfigurationName = Release;
		};
		B3DE642E2B54938200786682 /* Build configuration list for PBXNativeTarget "TestPhysicsUITests" */ = {
			isa = XCConfigurationList;
			buildConfigurations = (
				B3DE642F2B54938200786682 /* Debug */,
				B3DE64302B54938200786682 /* Release */,
			);
			defaultConfigurationIsVisible = 0;
			defaultConfigurationName = Release;
		};
/* End XCConfigurationList section */
	};
	rootObject = B3DE63F32B54938100786682 /* Project object */;
}
