// !$*UTF8*$!
{
	archiveVersion = 1;
	classes = {
	};
	objectVersion = 56;
	objects = {

/* Begin PBXBuildFile section */
		B32095F92A5DDB2E007C0DB3 /* AppDelegate.swift in Sources */ = {isa = PBXBuildFile; fileRef = B32095F82A5DDB2E007C0DB3 /* AppDelegate.swift */; };
		B32095FB2A5DDB2E007C0DB3 /* GameScene.sks in Resources */ = {isa = PBXBuildFile; fileRef = B32095FA2A5DDB2E007C0DB3 /* GameScene.sks */; };
		B32095FD2A5DDB2E007C0DB3 /* Actions.sks in Resources */ = {isa = PBXBuildFile; fileRef = B32095FC2A5DDB2E007C0DB3 /* Actions.sks */; };
		B32095FF2A5DDB2E007C0DB3 /* GameScene.swift in Sources */ = {isa = PBXBuildFile; fileRef = B32095FE2A5DDB2E007C0DB3 /* GameScene.swift */; };
		B32096012A5DDB2E007C0DB3 /* GameViewController.swift in Sources */ = {isa = PBXBuildFile; fileRef = B32096002A5DDB2E007C0DB3 /* GameViewController.swift */; };
		B32096042A5DDB2E007C0DB3 /* Main.storyboard in Resources */ = {isa = PBXBuildFile; fileRef = B32096022A5DDB2E007C0DB3 /* Main.storyboard */; };
		B32096062A5DDB2F007C0DB3 /* Assets.xcassets in Resources */ = {isa = PBXBuildFile; fileRef = B32096052A5DDB2F007C0DB3 /* Assets.xcassets */; };
		B32096092A5DDB2F007C0DB3 /* LaunchScreen.storyboard in Resources */ = {isa = PBXBuildFile; fileRef = B32096072A5DDB2F007C0DB3 /* LaunchScreen.storyboard */; };
		B32096132A5DDB2F007C0DB3 /* Teste01Tests.swift in Sources */ = {isa = PBXBuildFile; fileRef = B32096122A5DDB2F007C0DB3 /* Teste01Tests.swift */; };
		B320961D2A5DDB2F007C0DB3 /* Teste01UITests.swift in Sources */ = {isa = PBXBuildFile; fileRef = B320961C2A5DDB2F007C0DB3 /* Teste01UITests.swift */; };
		B320961F2A5DDB2F007C0DB3 /* Teste01UITestsLaunchTests.swift in Sources */ = {isa = PBXBuildFile; fileRef = B320961E2A5DDB2F007C0DB3 /* Teste01UITestsLaunchTests.swift */; };
/* End PBXBuildFile section */

/* Begin PBXContainerItemProxy section */
		B320960F2A5DDB2F007C0DB3 /* PBXContainerItemProxy */ = {
			isa = PBXContainerItemProxy;
			containerPortal = B32095ED2A5DDB2E007C0DB3 /* Project object */;
			proxyType = 1;
			remoteGlobalIDString = B32095F42A5DDB2E007C0DB3;
			remoteInfo = Teste01;
		};
		B32096192A5DDB2F007C0DB3 /* PBXContainerItemProxy */ = {
			isa = PBXContainerItemProxy;
			containerPortal = B32095ED2A5DDB2E007C0DB3 /* Project object */;
			proxyType = 1;
			remoteGlobalIDString = B32095F42A5DDB2E007C0DB3;
			remoteInfo = Teste01;
		};
/* End PBXContainerItemProxy section */

/* Begin PBXFileReference section */
		B32095F52A5DDB2E007C0DB3 /* Teste01.app */ = {isa = PBXFileReference; explicitFileType = wrapper.application; includeInIndex = 0; path = Teste01.app; sourceTree = BUILT_PRODUCTS_DIR; };
		B32095F82A5DDB2E007C0DB3 /* AppDelegate.swift */ = {isa = PBXFileReference; lastKnownFileType = sourcecode.swift; path = AppDelegate.swift; sourceTree = "<group>"; };
		B32095FA2A5DDB2E007C0DB3 /* GameScene.sks */ = {isa = PBXFileReference; lastKnownFileType = file.sks; path = GameScene.sks; sourceTree = "<group>"; };
		B32095FC2A5DDB2E007C0DB3 /* Actions.sks */ = {isa = PBXFileReference; lastKnownFileType = file.sks; path = Actions.sks; sourceTree = "<group>"; };
		B32095FE2A5DDB2E007C0DB3 /* GameScene.swift */ = {isa = PBXFileReference; lastKnownFileType = sourcecode.swift; path = GameScene.swift; sourceTree = "<group>"; };
		B32096002A5DDB2E007C0DB3 /* GameViewController.swift */ = {isa = PBXFileReference; lastKnownFileType = sourcecode.swift; path = GameViewController.swift; sourceTree = "<group>"; };
		B32096032A5DDB2E007C0DB3 /* Base */ = {isa = PBXFileReference; lastKnownFileType = file.storyboard; name = Base; path = Base.lproj/Main.storyboard; sourceTree = "<group>"; };
		B32096052A5DDB2F007C0DB3 /* Assets.xcassets */ = {isa = PBXFileReference; lastKnownFileType = folder.assetcatalog; path = Assets.xcassets; sourceTree = "<group>"; };
		B32096082A5DDB2F007C0DB3 /* Base */ = {isa = PBXFileReference; lastKnownFileType = file.storyboard; name = Base; path = Base.lproj/LaunchScreen.storyboard; sourceTree = "<group>"; };
		B320960E2A5DDB2F007C0DB3 /* Teste01Tests.xctest */ = {isa = PBXFileReference; explicitFileType = wrapper.cfbundle; includeInIndex = 0; path = Teste01Tests.xctest; sourceTree = BUILT_PRODUCTS_DIR; };
		B32096122A5DDB2F007C0DB3 /* Teste01Tests.swift */ = {isa = PBXFileReference; lastKnownFileType = sourcecode.swift; path = Teste01Tests.swift; sourceTree = "<group>"; };
		B32096182A5DDB2F007C0DB3 /* Teste01UITests.xctest */ = {isa = PBXFileReference; explicitFileType = wrapper.cfbundle; includeInIndex = 0; path = Teste01UITests.xctest; sourceTree = BUILT_PRODUCTS_DIR; };
		B320961C2A5DDB2F007C0DB3 /* Teste01UITests.swift */ = {isa = PBXFileReference; lastKnownFileType = sourcecode.swift; path = Teste01UITests.swift; sourceTree = "<group>"; };
		B320961E2A5DDB2F007C0DB3 /* Teste01UITestsLaunchTests.swift */ = {isa = PBXFileReference; lastKnownFileType = sourcecode.swift; path = Teste01UITestsLaunchTests.swift; sourceTree = "<group>"; };
/* End PBXFileReference section */

/* Begin PBXFrameworksBuildPhase section */
		B32095F22A5DDB2E007C0DB3 /* Frameworks */ = {
			isa = PBXFrameworksBuildPhase;
			buildActionMask = 2147483647;
			files = (
			);
			runOnlyForDeploymentPostprocessing = 0;
		};
		B320960B2A5DDB2F007C0DB3 /* Frameworks */ = {
			isa = PBXFrameworksBuildPhase;
			buildActionMask = 2147483647;
			files = (
			);
			runOnlyForDeploymentPostprocessing = 0;
		};
		B32096152A5DDB2F007C0DB3 /* Frameworks */ = {
			isa = PBXFrameworksBuildPhase;
			buildActionMask = 2147483647;
			files = (
			);
			runOnlyForDeploymentPostprocessing = 0;
		};
/* End PBXFrameworksBuildPhase section */

/* Begin PBXGroup section */
		B32095EC2A5DDB2E007C0DB3 = {
			isa = PBXGroup;
			children = (
				B32095F72A5DDB2E007C0DB3 /* Teste01 */,
				B32096112A5DDB2F007C0DB3 /* Teste01Tests */,
				B320961B2A5DDB2F007C0DB3 /* Teste01UITests */,
				B32095F62A5DDB2E007C0DB3 /* Products */,
			);
			sourceTree = "<group>";
		};
		B32095F62A5DDB2E007C0DB3 /* Products */ = {
			isa = PBXGroup;
			children = (
				B32095F52A5DDB2E007C0DB3 /* Teste01.app */,
				B320960E2A5DDB2F007C0DB3 /* Teste01Tests.xctest */,
				B32096182A5DDB2F007C0DB3 /* Teste01UITests.xctest */,
			);
			name = Products;
			sourceTree = "<group>";
		};
		B32095F72A5DDB2E007C0DB3 /* Teste01 */ = {
			isa = PBXGroup;
			children = (
				B32095F82A5DDB2E007C0DB3 /* AppDelegate.swift */,
				B32095FA2A5DDB2E007C0DB3 /* GameScene.sks */,
				B32095FC2A5DDB2E007C0DB3 /* Actions.sks */,
				B32095FE2A5DDB2E007C0DB3 /* GameScene.swift */,
				B32096002A5DDB2E007C0DB3 /* GameViewController.swift */,
				B32096022A5DDB2E007C0DB3 /* Main.storyboard */,
				B32096052A5DDB2F007C0DB3 /* Assets.xcassets */,
				B32096072A5DDB2F007C0DB3 /* LaunchScreen.storyboard */,
			);
			path = Teste01;
			sourceTree = "<group>";
		};
		B32096112A5DDB2F007C0DB3 /* Teste01Tests */ = {
			isa = PBXGroup;
			children = (
				B32096122A5DDB2F007C0DB3 /* Teste01Tests.swift */,
			);
			path = Teste01Tests;
			sourceTree = "<group>";
		};
		B320961B2A5DDB2F007C0DB3 /* Teste01UITests */ = {
			isa = PBXGroup;
			children = (
				B320961C2A5DDB2F007C0DB3 /* Teste01UITests.swift */,
				B320961E2A5DDB2F007C0DB3 /* Teste01UITestsLaunchTests.swift */,
			);
			path = Teste01UITests;
			sourceTree = "<group>";
		};
/* End PBXGroup section */

/* Begin PBXNativeTarget section */
		B32095F42A5DDB2E007C0DB3 /* Teste01 */ = {
			isa = PBXNativeTarget;
			buildConfigurationList = B32096222A5DDB2F007C0DB3 /* Build configuration list for PBXNativeTarget "Teste01" */;
			buildPhases = (
				B32095F12A5DDB2E007C0DB3 /* Sources */,
				B32095F22A5DDB2E007C0DB3 /* Frameworks */,
				B32095F32A5DDB2E007C0DB3 /* Resources */,
			);
			buildRules = (
			);
			dependencies = (
			);
			name = Teste01;
			productName = Teste01;
			productReference = B32095F52A5DDB2E007C0DB3 /* Teste01.app */;
			productType = "com.apple.product-type.application";
		};
		B320960D2A5DDB2F007C0DB3 /* Teste01Tests */ = {
			isa = PBXNativeTarget;
			buildConfigurationList = B32096252A5DDB2F007C0DB3 /* Build configuration list for PBXNativeTarget "Teste01Tests" */;
			buildPhases = (
				B320960A2A5DDB2F007C0DB3 /* Sources */,
				B320960B2A5DDB2F007C0DB3 /* Frameworks */,
				B320960C2A5DDB2F007C0DB3 /* Resources */,
			);
			buildRules = (
			);
			dependencies = (
				B32096102A5DDB2F007C0DB3 /* PBXTargetDependency */,
			);
			name = Teste01Tests;
			productName = Teste01Tests;
			productReference = B320960E2A5DDB2F007C0DB3 /* Teste01Tests.xctest */;
			productType = "com.apple.product-type.bundle.unit-test";
		};
		B32096172A5DDB2F007C0DB3 /* Teste01UITests */ = {
			isa = PBXNativeTarget;
			buildConfigurationList = B32096282A5DDB2F007C0DB3 /* Build configuration list for PBXNativeTarget "Teste01UITests" */;
			buildPhases = (
				B32096142A5DDB2F007C0DB3 /* Sources */,
				B32096152A5DDB2F007C0DB3 /* Frameworks */,
				B32096162A5DDB2F007C0DB3 /* Resources */,
			);
			buildRules = (
			);
			dependencies = (
				B320961A2A5DDB2F007C0DB3 /* PBXTargetDependency */,
			);
			name = Teste01UITests;
			productName = Teste01UITests;
			productReference = B32096182A5DDB2F007C0DB3 /* Teste01UITests.xctest */;
			productType = "com.apple.product-type.bundle.ui-testing";
		};
/* End PBXNativeTarget section */

/* Begin PBXProject section */
		B32095ED2A5DDB2E007C0DB3 /* Project object */ = {
			isa = PBXProject;
			attributes = {
				BuildIndependentTargetsInParallel = 1;
				LastSwiftUpdateCheck = 1430;
				LastUpgradeCheck = 1430;
				TargetAttributes = {
					B32095F42A5DDB2E007C0DB3 = {
						CreatedOnToolsVersion = 14.3.1;
					};
					B320960D2A5DDB2F007C0DB3 = {
						CreatedOnToolsVersion = 14.3.1;
						TestTargetID = B32095F42A5DDB2E007C0DB3;
					};
					B32096172A5DDB2F007C0DB3 = {
						CreatedOnToolsVersion = 14.3.1;
						TestTargetID = B32095F42A5DDB2E007C0DB3;
					};
				};
			};
			buildConfigurationList = B32095F02A5DDB2E007C0DB3 /* Build configuration list for PBXProject "Teste01" */;
			compatibilityVersion = "Xcode 14.0";
			developmentRegion = en;
			hasScannedForEncodings = 0;
			knownRegions = (
				en,
				Base,
			);
			mainGroup = B32095EC2A5DDB2E007C0DB3;
			productRefGroup = B32095F62A5DDB2E007C0DB3 /* Products */;
			projectDirPath = "";
			projectRoot = "";
			targets = (
				B32095F42A5DDB2E007C0DB3 /* Teste01 */,
				B320960D2A5DDB2F007C0DB3 /* Teste01Tests */,
				B32096172A5DDB2F007C0DB3 /* Teste01UITests */,
			);
		};
/* End PBXProject section */

/* Begin PBXResourcesBuildPhase section */
		B32095F32A5DDB2E007C0DB3 /* Resources */ = {
			isa = PBXResourcesBuildPhase;
			buildActionMask = 2147483647;
			files = (
				B32096042A5DDB2E007C0DB3 /* Main.storyboard in Resources */,
				B32095FB2A5DDB2E007C0DB3 /* GameScene.sks in Resources */,
				B32096062A5DDB2F007C0DB3 /* Assets.xcassets in Resources */,
				B32096092A5DDB2F007C0DB3 /* LaunchScreen.storyboard in Resources */,
				B32095FD2A5DDB2E007C0DB3 /* Actions.sks in Resources */,
			);
			runOnlyForDeploymentPostprocessing = 0;
		};
		B320960C2A5DDB2F007C0DB3 /* Resources */ = {
			isa = PBXResourcesBuildPhase;
			buildActionMask = 2147483647;
			files = (
			);
			runOnlyForDeploymentPostprocessing = 0;
		};
		B32096162A5DDB2F007C0DB3 /* Resources */ = {
			isa = PBXResourcesBuildPhase;
			buildActionMask = 2147483647;
			files = (
			);
			runOnlyForDeploymentPostprocessing = 0;
		};
/* End PBXResourcesBuildPhase section */

/* Begin PBXSourcesBuildPhase section */
		B32095F12A5DDB2E007C0DB3 /* Sources */ = {
			isa = PBXSourcesBuildPhase;
			buildActionMask = 2147483647;
			files = (
				B32095FF2A5DDB2E007C0DB3 /* GameScene.swift in Sources */,
				B32096012A5DDB2E007C0DB3 /* GameViewController.swift in Sources */,
				B32095F92A5DDB2E007C0DB3 /* AppDelegate.swift in Sources */,
			);
			runOnlyForDeploymentPostprocessing = 0;
		};
		B320960A2A5DDB2F007C0DB3 /* Sources */ = {
			isa = PBXSourcesBuildPhase;
			buildActionMask = 2147483647;
			files = (
				B32096132A5DDB2F007C0DB3 /* Teste01Tests.swift in Sources */,
			);
			runOnlyForDeploymentPostprocessing = 0;
		};
		B32096142A5DDB2F007C0DB3 /* Sources */ = {
			isa = PBXSourcesBuildPhase;
			buildActionMask = 2147483647;
			files = (
				B320961D2A5DDB2F007C0DB3 /* Teste01UITests.swift in Sources */,
				B320961F2A5DDB2F007C0DB3 /* Teste01UITestsLaunchTests.swift in Sources */,
			);
			runOnlyForDeploymentPostprocessing = 0;
		};
/* End PBXSourcesBuildPhase section */

/* Begin PBXTargetDependency section */
		B32096102A5DDB2F007C0DB3 /* PBXTargetDependency */ = {
			isa = PBXTargetDependency;
			target = B32095F42A5DDB2E007C0DB3 /* Teste01 */;
			targetProxy = B320960F2A5DDB2F007C0DB3 /* PBXContainerItemProxy */;
		};
		B320961A2A5DDB2F007C0DB3 /* PBXTargetDependency */ = {
			isa = PBXTargetDependency;
			target = B32095F42A5DDB2E007C0DB3 /* Teste01 */;
			targetProxy = B32096192A5DDB2F007C0DB3 /* PBXContainerItemProxy */;
		};
/* End PBXTargetDependency section */

/* Begin PBXVariantGroup section */
		B32096022A5DDB2E007C0DB3 /* Main.storyboard */ = {
			isa = PBXVariantGroup;
			children = (
				B32096032A5DDB2E007C0DB3 /* Base */,
			);
			name = Main.storyboard;
			sourceTree = "<group>";
		};
		B32096072A5DDB2F007C0DB3 /* LaunchScreen.storyboard */ = {
			isa = PBXVariantGroup;
			children = (
				B32096082A5DDB2F007C0DB3 /* Base */,
			);
			name = LaunchScreen.storyboard;
			sourceTree = "<group>";
		};
/* End PBXVariantGroup section */

/* Begin XCBuildConfiguration section */
		B32096202A5DDB2F007C0DB3 /* Debug */ = {
			isa = XCBuildConfiguration;
			buildSettings = {
				ALWAYS_SEARCH_USER_PATHS = NO;
				CLANG_ANALYZER_NONNULL = YES;
				CLANG_ANALYZER_NUMBER_OBJECT_CONVERSION = YES_AGGRESSIVE;
				CLANG_CXX_LANGUAGE_STANDARD = "gnu++20";
				CLANG_ENABLE_MODULES = YES;
				CLANG_ENABLE_OBJC_ARC = YES;
				CLANG_ENABLE_OBJC_WEAK = YES;
				CLANG_WARN_BLOCK_CAPTURE_AUTORELEASING = YES;
				CLANG_WARN_BOOL_CONVERSION = YES;
				CLANG_WARN_COMMA = YES;
				CLANG_WARN_CONSTANT_CONVERSION = YES;
				CLANG_WARN_DEPRECATED_OBJC_IMPLEMENTATIONS = YES;
				CLANG_WARN_DIRECT_OBJC_ISA_USAGE = YES_ERROR;
				CLANG_WARN_DOCUMENTATION_COMMENTS = YES;
				CLANG_WARN_EMPTY_BODY = YES;
				CLANG_WARN_ENUM_CONVERSION = YES;
				CLANG_WARN_INFINITE_RECURSION = YES;
				CLANG_WARN_INT_CONVERSION = YES;
				CLANG_WARN_NON_LITERAL_NULL_CONVERSION = YES;
				CLANG_WARN_OBJC_IMPLICIT_RETAIN_SELF = YES;
				CLANG_WARN_OBJC_LITERAL_CONVERSION = YES;
				CLANG_WARN_OBJC_ROOT_CLASS = YES_ERROR;
				CLANG_WARN_QUOTED_INCLUDE_IN_FRAMEWORK_HEADER = YES;
				CLANG_WARN_RANGE_LOOP_ANALYSIS = YES;
				CLANG_WARN_STRICT_PROTOTYPES = YES;
				CLANG_WARN_SUSPICIOUS_MOVE = YES;
				CLANG_WARN_UNGUARDED_AVAILABILITY = YES_AGGRESSIVE;
				CLANG_WARN_UNREACHABLE_CODE = YES;
				CLANG_WARN__DUPLICATE_METHOD_MATCH = YES;
				COPY_PHASE_STRIP = NO;
				DEBUG_INFORMATION_FORMAT = dwarf;
				ENABLE_STRICT_OBJC_MSGSEND = YES;
				ENABLE_TESTABILITY = YES;
				GCC_C_LANGUAGE_STANDARD = gnu11;
				GCC_DYNAMIC_NO_PIC = NO;
				GCC_NO_COMMON_BLOCKS = YES;
				GCC_OPTIMIZATION_LEVEL = 0;
				GCC_PREPROCESSOR_DEFINITIONS = (
					"DEBUG=1",
					"$(inherited)",
				);
				GCC_WARN_64_TO_32_BIT_CONVERSION = YES;
				GCC_WARN_ABOUT_RETURN_TYPE = YES_ERROR;
				GCC_WARN_UNDECLARED_SELECTOR = YES;
				GCC_WARN_UNINITIALIZED_AUTOS = YES_AGGRESSIVE;
				GCC_WARN_UNUSED_FUNCTION = YES;
				GCC_WARN_UNUSED_VARIABLE = YES;
				IPHONEOS_DEPLOYMENT_TARGET = 16.4;
				MTL_ENABLE_DEBUG_INFO = INCLUDE_SOURCE;
				MTL_FAST_MATH = YES;
				ONLY_ACTIVE_ARCH = YES;
				SDKROOT = iphoneos;
				SWIFT_ACTIVE_COMPILATION_CONDITIONS = DEBUG;
				SWIFT_OPTIMIZATION_LEVEL = "-Onone";
			};
			name = Debug;
		};
		B32096212A5DDB2F007C0DB3 /* Release */ = {
			isa = XCBuildConfiguration;
			buildSettings = {
				ALWAYS_SEARCH_USER_PATHS = NO;
				CLANG_ANALYZER_NONNULL = YES;
				CLANG_ANALYZER_NUMBER_OBJECT_CONVERSION = YES_AGGRESSIVE;
				CLANG_CXX_LANGUAGE_STANDARD = "gnu++20";
				CLANG_ENABLE_MODULES = YES;
				CLANG_ENABLE_OBJC_ARC = YES;
				CLANG_ENABLE_OBJC_WEAK = YES;
				CLANG_WARN_BLOCK_CAPTURE_AUTORELEASING = YES;
				CLANG_WARN_BOOL_CONVERSION = YES;
				CLANG_WARN_COMMA = YES;
				CLANG_WARN_CONSTANT_CONVERSION = YES;
				CLANG_WARN_DEPRECATED_OBJC_IMPLEMENTATIONS = YES;
				CLANG_WARN_DIRECT_OBJC_ISA_USAGE = YES_ERROR;
				CLANG_WARN_DOCUMENTATION_COMMENTS = YES;
				CLANG_WARN_EMPTY_BODY = YES;
				CLANG_WARN_ENUM_CONVERSION = YES;
				CLANG_WARN_INFINITE_RECURSION = YES;
				CLANG_WARN_INT_CONVERSION = YES;
				CLANG_WARN_NON_LITERAL_NULL_CONVERSION = YES;
				CLANG_WARN_OBJC_IMPLICIT_RETAIN_SELF = YES;
				CLANG_WARN_OBJC_LITERAL_CONVERSION = YES;
				CLANG_WARN_OBJC_ROOT_CLASS = YES_ERROR;
				CLANG_WARN_QUOTED_INCLUDE_IN_FRAMEWORK_HEADER = YES;
				CLANG_WARN_RANGE_LOOP_ANALYSIS = YES;
				CLANG_WARN_STRICT_PROTOTYPES = YES;
				CLANG_WARN_SUSPICIOUS_MOVE = YES;
				CLANG_WARN_UNGUARDED_AVAILABILITY = YES_AGGRESSIVE;
				CLANG_WARN_UNREACHABLE_CODE = YES;
				CLANG_WARN__DUPLICATE_METHOD_MATCH = YES;
				COPY_PHASE_STRIP = NO;
				DEBUG_INFORMATION_FORMAT = "dwarf-with-dsym";
				ENABLE_NS_ASSERTIONS = NO;
				ENABLE_STRICT_OBJC_MSGSEND = YES;
				GCC_C_LANGUAGE_STANDARD = gnu11;
				GCC_NO_COMMON_BLOCKS = YES;
				GCC_WARN_64_TO_32_BIT_CONVERSION = YES;
				GCC_WARN_ABOUT_RETURN_TYPE = YES_ERROR;
				GCC_WARN_UNDECLARED_SELECTOR = YES;
				GCC_WARN_UNINITIALIZED_AUTOS = YES_AGGRESSIVE;
				GCC_WARN_UNUSED_FUNCTION = YES;
				GCC_WARN_UNUSED_VARIABLE = YES;
				IPHONEOS_DEPLOYMENT_TARGET = 16.4;
				MTL_ENABLE_DEBUG_INFO = NO;
				MTL_FAST_MATH = YES;
				SDKROOT = iphoneos;
				SWIFT_COMPILATION_MODE = wholemodule;
				SWIFT_OPTIMIZATION_LEVEL = "-O";
				VALIDATE_PRODUCT = YES;
			};
			name = Release;
		};
		B32096232A5DDB2F007C0DB3 /* Debug */ = {
			isa = XCBuildConfiguration;
			buildSettings = {
				ASSETCATALOG_COMPILER_APPICON_NAME = AppIcon;
				ASSETCATALOG_COMPILER_GLOBAL_ACCENT_COLOR_NAME = AccentColor;
				CODE_SIGN_STYLE = Automatic;
				CURRENT_PROJECT_VERSION = 1;
				DEVELOPMENT_TEAM = KV78S9S54R;
				GENERATE_INFOPLIST_FILE = YES;
				INFOPLIST_KEY_UIApplicationSupportsIndirectInputEvents = YES;
				INFOPLIST_KEY_UILaunchStoryboardName = LaunchScreen;
				INFOPLIST_KEY_UIMainStoryboardFile = Main;
				INFOPLIST_KEY_UIStatusBarHidden = YES;
				INFOPLIST_KEY_UISupportedInterfaceOrientations_iPad = "UIInterfaceOrientationPortrait UIInterfaceOrientationPortraitUpsideDown UIInterfaceOrientationLandscapeLeft UIInterfaceOrientationLandscapeRight";
				INFOPLIST_KEY_UISupportedInterfaceOrientations_iPhone = "UIInterfaceOrientationPortrait UIInterfaceOrientationLandscapeLeft UIInterfaceOrientationLandscapeRight";
				LD_RUNPATH_SEARCH_PATHS = (
					"$(inherited)",
					"@executable_path/Frameworks",
				);
				MARKETING_VERSION = 1.0;
				PRODUCT_BUNDLE_IDENTIFIER = Jairo.Teste01;
				PRODUCT_NAME = "$(TARGET_NAME)";
				SWIFT_EMIT_LOC_STRINGS = YES;
				SWIFT_VERSION = 5.0;
				TARGETED_DEVICE_FAMILY = "1,2";
			};
			name = Debug;
		};
		B32096242A5DDB2F007C0DB3 /* Release */ = {
			isa = XCBuildConfiguration;
			buildSettings = {
				ASSETCATALOG_COMPILER_APPICON_NAME = AppIcon;
				ASSETCATALOG_COMPILER_GLOBAL_ACCENT_COLOR_NAME = AccentColor;
				CODE_SIGN_STYLE = Automatic;
				CURRENT_PROJECT_VERSION = 1;
				DEVELOPMENT_TEAM = KV78S9S54R;
				GENERATE_INFOPLIST_FILE = YES;
				INFOPLIST_KEY_UIApplicationSupportsIndirectInputEvents = YES;
				INFOPLIST_KEY_UILaunchStoryboardName = LaunchScreen;
				INFOPLIST_KEY_UIMainStoryboardFile = Main;
				INFOPLIST_KEY_UIStatusBarHidden = YES;
				INFOPLIST_KEY_UISupportedInterfaceOrientations_iPad = "UIInterfaceOrientationPortrait UIInterfaceOrientationPortraitUpsideDown UIInterfaceOrientationLandscapeLeft UIInterfaceOrientationLandscapeRight";
				INFOPLIST_KEY_UISupportedInterfaceOrientations_iPhone = "UIInterfaceOrientationPortrait UIInterfaceOrientationLandscapeLeft UIInterfaceOrientationLandscapeRight";
				LD_RUNPATH_SEARCH_PATHS = (
					"$(inherited)",
					"@executable_path/Frameworks",
				);
				MARKETING_VERSION = 1.0;
				PRODUCT_BUNDLE_IDENTIFIER = Jairo.Teste01;
				PRODUCT_NAME = "$(TARGET_NAME)";
				SWIFT_EMIT_LOC_STRINGS = YES;
				SWIFT_VERSION = 5.0;
				TARGETED_DEVICE_FAMILY = "1,2";
			};
			name = Release;
		};
		B32096262A5DDB2F007C0DB3 /* Debug */ = {
			isa = XCBuildConfiguration;
			buildSettings = {
				ALWAYS_EMBED_SWIFT_STANDARD_LIBRARIES = YES;
				BUNDLE_LOADER = "$(TEST_HOST)";
				CODE_SIGN_STYLE = Automatic;
				CURRENT_PROJECT_VERSION = 1;
				DEVELOPMENT_TEAM = KV78S9S54R;
				GENERATE_INFOPLIST_FILE = YES;
				IPHONEOS_DEPLOYMENT_TARGET = 16.4;
				MARKETING_VERSION = 1.0;
				PRODUCT_BUNDLE_IDENTIFIER = Jairo.Teste01Tests;
				PRODUCT_NAME = "$(TARGET_NAME)";
				SWIFT_EMIT_LOC_STRINGS = NO;
				SWIFT_VERSION = 5.0;
				TARGETED_DEVICE_FAMILY = "1,2";
				TEST_HOST = "$(BUILT_PRODUCTS_DIR)/Teste01.app/$(BUNDLE_EXECUTABLE_FOLDER_PATH)/Teste01";
			};
			name = Debug;
		};
		B32096272A5DDB2F007C0DB3 /* Release */ = {
			isa = XCBuildConfiguration;
			buildSettings = {
				ALWAYS_EMBED_SWIFT_STANDARD_LIBRARIES = YES;
				BUNDLE_LOADER = "$(TEST_HOST)";
				CODE_SIGN_STYLE = Automatic;
				CURRENT_PROJECT_VERSION = 1;
				DEVELOPMENT_TEAM = KV78S9S54R;
				GENERATE_INFOPLIST_FILE = YES;
				IPHONEOS_DEPLOYMENT_TARGET = 16.4;
				MARKETING_VERSION = 1.0;
				PRODUCT_BUNDLE_IDENTIFIER = Jairo.Teste01Tests;
				PRODUCT_NAME = "$(TARGET_NAME)";
				SWIFT_EMIT_LOC_STRINGS = NO;
				SWIFT_VERSION = 5.0;
				TARGETED_DEVICE_FAMILY = "1,2";
				TEST_HOST = "$(BUILT_PRODUCTS_DIR)/Teste01.app/$(BUNDLE_EXECUTABLE_FOLDER_PATH)/Teste01";
			};
			name = Release;
		};
		B32096292A5DDB2F007C0DB3 /* Debug */ = {
			isa = XCBuildConfiguration;
			buildSettings = {
				ALWAYS_EMBED_SWIFT_STANDARD_LIBRARIES = YES;
				CODE_SIGN_STYLE = Automatic;
				CURRENT_PROJECT_VERSION = 1;
				DEVELOPMENT_TEAM = KV78S9S54R;
				GENERATE_INFOPLIST_FILE = YES;
				MARKETING_VERSION = 1.0;
				PRODUCT_BUNDLE_IDENTIFIER = Jairo.Teste01UITests;
				PRODUCT_NAME = "$(TARGET_NAME)";
				SWIFT_EMIT_LOC_STRINGS = NO;
				SWIFT_VERSION = 5.0;
				TARGETED_DEVICE_FAMILY = "1,2";
				TEST_TARGET_NAME = Teste01;
			};
			name = Debug;
		};
		B320962A2A5DDB2F007C0DB3 /* Release */ = {
			isa = XCBuildConfiguration;
			buildSettings = {
				ALWAYS_EMBED_SWIFT_STANDARD_LIBRARIES = YES;
				CODE_SIGN_STYLE = Automatic;
				CURRENT_PROJECT_VERSION = 1;
				DEVELOPMENT_TEAM = KV78S9S54R;
				GENERATE_INFOPLIST_FILE = YES;
				MARKETING_VERSION = 1.0;
				PRODUCT_BUNDLE_IDENTIFIER = Jairo.Teste01UITests;
				PRODUCT_NAME = "$(TARGET_NAME)";
				SWIFT_EMIT_LOC_STRINGS = NO;
				SWIFT_VERSION = 5.0;
				TARGETED_DEVICE_FAMILY = "1,2";
				TEST_TARGET_NAME = Teste01;
			};
			name = Release;
		};
/* End XCBuildConfiguration section */

/* Begin XCConfigurationList section */
		B32095F02A5DDB2E007C0DB3 /* Build configuration list for PBXProject "Teste01" */ = {
			isa = XCConfigurationList;
			buildConfigurations = (
				B32096202A5DDB2F007C0DB3 /* Debug */,
				B32096212A5DDB2F007C0DB3 /* Release */,
			);
			defaultConfigurationIsVisible = 0;
			defaultConfigurationName = Release;
		};
		B32096222A5DDB2F007C0DB3 /* Build configuration list for PBXNativeTarget "Teste01" */ = {
			isa = XCConfigurationList;
			buildConfigurations = (
				B32096232A5DDB2F007C0DB3 /* Debug */,
				B32096242A5DDB2F007C0DB3 /* Release */,
			);
			defaultConfigurationIsVisible = 0;
			defaultConfigurationName = Release;
		};
		B32096252A5DDB2F007C0DB3 /* Build configuration list for PBXNativeTarget "Teste01Tests" */ = {
			isa = XCConfigurationList;
			buildConfigurations = (
				B32096262A5DDB2F007C0DB3 /* Debug */,
				B32096272A5DDB2F007C0DB3 /* Release */,
			);
			defaultConfigurationIsVisible = 0;
			defaultConfigurationName = Release;
		};
		B32096282A5DDB2F007C0DB3 /* Build configuration list for PBXNativeTarget "Teste01UITests" */ = {
			isa = XCConfigurationList;
			buildConfigurations = (
				B32096292A5DDB2F007C0DB3 /* Debug */,
				B320962A2A5DDB2F007C0DB3 /* Release */,
			);
			defaultConfigurationIsVisible = 0;
			defaultConfigurationName = Release;
		};
/* End XCConfigurationList section */
	};
	rootObject = B32095ED2A5DDB2E007C0DB3 /* Project object */;
}
