// !$*UTF8*$!
{
	archiveVersion = 1;
	classes = {
	};
	objectVersion = 56;
	objects = {

/* Begin PBXBuildFile section */
		B3E798472A53099E007BA159 /* CoreDataTestApp.swift in Sources */ = {isa = PBXBuildFile; fileRef = B3E798462A53099E007BA159 /* CoreDataTestApp.swift */; };
		B3E798492A53099E007BA159 /* ContentView.swift in Sources */ = {isa = PBXBuildFile; fileRef = B3E798482A53099E007BA159 /* ContentView.swift */; };
		B3E7984B2A5309A0007BA159 /* Assets.xcassets in Resources */ = {isa = PBXBuildFile; fileRef = B3E7984A2A5309A0007BA159 /* Assets.xcassets */; };
		B3E7984E2A5309A0007BA159 /* Preview Assets.xcassets in Resources */ = {isa = PBXBuildFile; fileRef = B3E7984D2A5309A0007BA159 /* Preview Assets.xcassets */; };
		B3E798582A5309A0007BA159 /* CoreDataTestTests.swift in Sources */ = {isa = PBXBuildFile; fileRef = B3E798572A5309A0007BA159 /* CoreDataTestTests.swift */; };
		B3E798622A5309A0007BA159 /* CoreDataTestUITests.swift in Sources */ = {isa = PBXBuildFile; fileRef = B3E798612A5309A0007BA159 /* CoreDataTestUITests.swift */; };
		B3E798642A5309A0007BA159 /* CoreDataTestUITestsLaunchTests.swift in Sources */ = {isa = PBXBuildFile; fileRef = B3E798632A5309A0007BA159 /* CoreDataTestUITestsLaunchTests.swift */; };
		B3E798722A530ABC007BA159 /* Bookworm.xcdatamodeld in Sources */ = {isa = PBXBuildFile; fileRef = B3E798702A530ABC007BA159 /* Bookworm.xcdatamodeld */; };
		B3E798742A530B0E007BA159 /* DataController.swift in Sources */ = {isa = PBXBuildFile; fileRef = B3E798732A530B0E007BA159 /* DataController.swift */; };
/* End PBXBuildFile section */

/* Begin PBXContainerItemProxy section */
		B3E798542A5309A0007BA159 /* PBXContainerItemProxy */ = {
			isa = PBXContainerItemProxy;
			containerPortal = B3E7983B2A53099E007BA159 /* Project object */;
			proxyType = 1;
			remoteGlobalIDString = B3E798422A53099E007BA159;
			remoteInfo = CoreDataTest;
		};
		B3E7985E2A5309A0007BA159 /* PBXContainerItemProxy */ = {
			isa = PBXContainerItemProxy;
			containerPortal = B3E7983B2A53099E007BA159 /* Project object */;
			proxyType = 1;
			remoteGlobalIDString = B3E798422A53099E007BA159;
			remoteInfo = CoreDataTest;
		};
/* End PBXContainerItemProxy section */

/* Begin PBXFileReference section */
		B3E798432A53099E007BA159 /* CoreDataTest.app */ = {isa = PBXFileReference; explicitFileType = wrapper.application; includeInIndex = 0; path = CoreDataTest.app; sourceTree = BUILT_PRODUCTS_DIR; };
		B3E798462A53099E007BA159 /* CoreDataTestApp.swift */ = {isa = PBXFileReference; lastKnownFileType = sourcecode.swift; path = CoreDataTestApp.swift; sourceTree = "<group>"; };
		B3E798482A53099E007BA159 /* ContentView.swift */ = {isa = PBXFileReference; lastKnownFileType = sourcecode.swift; path = ContentView.swift; sourceTree = "<group>"; };
		B3E7984A2A5309A0007BA159 /* Assets.xcassets */ = {isa = PBXFileReference; lastKnownFileType = folder.assetcatalog; path = Assets.xcassets; sourceTree = "<group>"; };
		B3E7984D2A5309A0007BA159 /* Preview Assets.xcassets */ = {isa = PBXFileReference; lastKnownFileType = folder.assetcatalog; path = "Preview Assets.xcassets"; sourceTree = "<group>"; };
		B3E798532A5309A0007BA159 /* CoreDataTestTests.xctest */ = {isa = PBXFileReference; explicitFileType = wrapper.cfbundle; includeInIndex = 0; path = CoreDataTestTests.xctest; sourceTree = BUILT_PRODUCTS_DIR; };
		B3E798572A5309A0007BA159 /* CoreDataTestTests.swift */ = {isa = PBXFileReference; lastKnownFileType = sourcecode.swift; path = CoreDataTestTests.swift; sourceTree = "<group>"; };
		B3E7985D2A5309A0007BA159 /* CoreDataTestUITests.xctest */ = {isa = PBXFileReference; explicitFileType = wrapper.cfbundle; includeInIndex = 0; path = CoreDataTestUITests.xctest; sourceTree = BUILT_PRODUCTS_DIR; };
		B3E798612A5309A0007BA159 /* CoreDataTestUITests.swift */ = {isa = PBXFileReference; lastKnownFileType = sourcecode.swift; path = CoreDataTestUITests.swift; sourceTree = "<group>"; };
		B3E798632A5309A0007BA159 /* CoreDataTestUITestsLaunchTests.swift */ = {isa = PBXFileReference; lastKnownFileType = sourcecode.swift; path = CoreDataTestUITestsLaunchTests.swift; sourceTree = "<group>"; };
		B3E798712A530ABC007BA159 /* Bookworm.xcdatamodel */ = {isa = PBXFileReference; lastKnownFileType = wrapper.xcdatamodel; path = Bookworm.xcdatamodel; sourceTree = "<group>"; };
		B3E798732A530B0E007BA159 /* DataController.swift */ = {isa = PBXFileReference; lastKnownFileType = sourcecode.swift; path = DataController.swift; sourceTree = "<group>"; };
/* End PBXFileReference section */

/* Begin PBXFrameworksBuildPhase section */
		B3E798402A53099E007BA159 /* Frameworks */ = {
			isa = PBXFrameworksBuildPhase;
			buildActionMask = 2147483647;
			files = (
			);
			runOnlyForDeploymentPostprocessing = 0;
		};
		B3E798502A5309A0007BA159 /* Frameworks */ = {
			isa = PBXFrameworksBuildPhase;
			buildActionMask = 2147483647;
			files = (
			);
			runOnlyForDeploymentPostprocessing = 0;
		};
		B3E7985A2A5309A0007BA159 /* Frameworks */ = {
			isa = PBXFrameworksBuildPhase;
			buildActionMask = 2147483647;
			files = (
			);
			runOnlyForDeploymentPostprocessing = 0;
		};
/* End PBXFrameworksBuildPhase section */

/* Begin PBXGroup section */
		B3E7983A2A53099E007BA159 = {
			isa = PBXGroup;
			children = (
				B3E798452A53099E007BA159 /* CoreDataTest */,
				B3E798562A5309A0007BA159 /* CoreDataTestTests */,
				B3E798602A5309A0007BA159 /* CoreDataTestUITests */,
				B3E798442A53099E007BA159 /* Products */,
			);
			sourceTree = "<group>";
		};
		B3E798442A53099E007BA159 /* Products */ = {
			isa = PBXGroup;
			children = (
				B3E798432A53099E007BA159 /* CoreDataTest.app */,
				B3E798532A5309A0007BA159 /* CoreDataTestTests.xctest */,
				B3E7985D2A5309A0007BA159 /* CoreDataTestUITests.xctest */,
			);
			name = Products;
			sourceTree = "<group>";
		};
		B3E798452A53099E007BA159 /* CoreDataTest */ = {
			isa = PBXGroup;
			children = (
				B3E798462A53099E007BA159 /* CoreDataTestApp.swift */,
				B3E798482A53099E007BA159 /* ContentView.swift */,
				B3E798702A530ABC007BA159 /* Bookworm.xcdatamodeld */,
				B3E798732A530B0E007BA159 /* DataController.swift */,
				B3E7984A2A5309A0007BA159 /* Assets.xcassets */,
				B3E7984C2A5309A0007BA159 /* Preview Content */,
			);
			path = CoreDataTest;
			sourceTree = "<group>";
		};
		B3E7984C2A5309A0007BA159 /* Preview Content */ = {
			isa = PBXGroup;
			children = (
				B3E7984D2A5309A0007BA159 /* Preview Assets.xcassets */,
			);
			path = "Preview Content";
			sourceTree = "<group>";
		};
		B3E798562A5309A0007BA159 /* CoreDataTestTests */ = {
			isa = PBXGroup;
			children = (
				B3E798572A5309A0007BA159 /* CoreDataTestTests.swift */,
			);
			path = CoreDataTestTests;
			sourceTree = "<group>";
		};
		B3E798602A5309A0007BA159 /* CoreDataTestUITests */ = {
			isa = PBXGroup;
			children = (
				B3E798612A5309A0007BA159 /* CoreDataTestUITests.swift */,
				B3E798632A5309A0007BA159 /* CoreDataTestUITestsLaunchTests.swift */,
			);
			path = CoreDataTestUITests;
			sourceTree = "<group>";
		};
/* End PBXGroup section */

/* Begin PBXNativeTarget section */
		B3E798422A53099E007BA159 /* CoreDataTest */ = {
			isa = PBXNativeTarget;
			buildConfigurationList = B3E798672A5309A0007BA159 /* Build configuration list for PBXNativeTarget "CoreDataTest" */;
			buildPhases = (
				B3E7983F2A53099E007BA159 /* Sources */,
				B3E798402A53099E007BA159 /* Frameworks */,
				B3E798412A53099E007BA159 /* Resources */,
			);
			buildRules = (
			);
			dependencies = (
			);
			name = CoreDataTest;
			productName = CoreDataTest;
			productReference = B3E798432A53099E007BA159 /* CoreDataTest.app */;
			productType = "com.apple.product-type.application";
		};
		B3E798522A5309A0007BA159 /* CoreDataTestTests */ = {
			isa = PBXNativeTarget;
			buildConfigurationList = B3E7986A2A5309A0007BA159 /* Build configuration list for PBXNativeTarget "CoreDataTestTests" */;
			buildPhases = (
				B3E7984F2A5309A0007BA159 /* Sources */,
				B3E798502A5309A0007BA159 /* Frameworks */,
				B3E798512A5309A0007BA159 /* Resources */,
			);
			buildRules = (
			);
			dependencies = (
				B3E798552A5309A0007BA159 /* PBXTargetDependency */,
			);
			name = CoreDataTestTests;
			productName = CoreDataTestTests;
			productReference = B3E798532A5309A0007BA159 /* CoreDataTestTests.xctest */;
			productType = "com.apple.product-type.bundle.unit-test";
		};
		B3E7985C2A5309A0007BA159 /* CoreDataTestUITests */ = {
			isa = PBXNativeTarget;
			buildConfigurationList = B3E7986D2A5309A0007BA159 /* Build configuration list for PBXNativeTarget "CoreDataTestUITests" */;
			buildPhases = (
				B3E798592A5309A0007BA159 /* Sources */,
				B3E7985A2A5309A0007BA159 /* Frameworks */,
				B3E7985B2A5309A0007BA159 /* Resources */,
			);
			buildRules = (
			);
			dependencies = (
				B3E7985F2A5309A0007BA159 /* PBXTargetDependency */,
			);
			name = CoreDataTestUITests;
			productName = CoreDataTestUITests;
			productReference = B3E7985D2A5309A0007BA159 /* CoreDataTestUITests.xctest */;
			productType = "com.apple.product-type.bundle.ui-testing";
		};
/* End PBXNativeTarget section */

/* Begin PBXProject section */
		B3E7983B2A53099E007BA159 /* Project object */ = {
			isa = PBXProject;
			attributes = {
				BuildIndependentTargetsInParallel = 1;
				LastSwiftUpdateCheck = 1430;
				LastUpgradeCheck = 1430;
				TargetAttributes = {
					B3E798422A53099E007BA159 = {
						CreatedOnToolsVersion = 14.3.1;
					};
					B3E798522A5309A0007BA159 = {
						CreatedOnToolsVersion = 14.3.1;
						TestTargetID = B3E798422A53099E007BA159;
					};
					B3E7985C2A5309A0007BA159 = {
						CreatedOnToolsVersion = 14.3.1;
						TestTargetID = B3E798422A53099E007BA159;
					};
				};
			};
			buildConfigurationList = B3E7983E2A53099E007BA159 /* Build configuration list for PBXProject "CoreDataTest" */;
			compatibilityVersion = "Xcode 14.0";
			developmentRegion = en;
			hasScannedForEncodings = 0;
			knownRegions = (
				en,
				Base,
			);
			mainGroup = B3E7983A2A53099E007BA159;
			productRefGroup = B3E798442A53099E007BA159 /* Products */;
			projectDirPath = "";
			projectRoot = "";
			targets = (
				B3E798422A53099E007BA159 /* CoreDataTest */,
				B3E798522A5309A0007BA159 /* CoreDataTestTests */,
				B3E7985C2A5309A0007BA159 /* CoreDataTestUITests */,
			);
		};
/* End PBXProject section */

/* Begin PBXResourcesBuildPhase section */
		B3E798412A53099E007BA159 /* Resources */ = {
			isa = PBXResourcesBuildPhase;
			buildActionMask = 2147483647;
			files = (
				B3E7984E2A5309A0007BA159 /* Preview Assets.xcassets in Resources */,
				B3E7984B2A5309A0007BA159 /* Assets.xcassets in Resources */,
			);
			runOnlyForDeploymentPostprocessing = 0;
		};
		B3E798512A5309A0007BA159 /* Resources */ = {
			isa = PBXResourcesBuildPhase;
			buildActionMask = 2147483647;
			files = (
			);
			runOnlyForDeploymentPostprocessing = 0;
		};
		B3E7985B2A5309A0007BA159 /* Resources */ = {
			isa = PBXResourcesBuildPhase;
			buildActionMask = 2147483647;
			files = (
			);
			runOnlyForDeploymentPostprocessing = 0;
		};
/* End PBXResourcesBuildPhase section */

/* Begin PBXSourcesBuildPhase section */
		B3E7983F2A53099E007BA159 /* Sources */ = {
			isa = PBXSourcesBuildPhase;
			buildActionMask = 2147483647;
			files = (
				B3E798492A53099E007BA159 /* ContentView.swift in Sources */,
				B3E798742A530B0E007BA159 /* DataController.swift in Sources */,
				B3E798722A530ABC007BA159 /* Bookworm.xcdatamodeld in Sources */,
				B3E798472A53099E007BA159 /* CoreDataTestApp.swift in Sources */,
			);
			runOnlyForDeploymentPostprocessing = 0;
		};
		B3E7984F2A5309A0007BA159 /* Sources */ = {
			isa = PBXSourcesBuildPhase;
			buildActionMask = 2147483647;
			files = (
				B3E798582A5309A0007BA159 /* CoreDataTestTests.swift in Sources */,
			);
			runOnlyForDeploymentPostprocessing = 0;
		};
		B3E798592A5309A0007BA159 /* Sources */ = {
			isa = PBXSourcesBuildPhase;
			buildActionMask = 2147483647;
			files = (
				B3E798622A5309A0007BA159 /* CoreDataTestUITests.swift in Sources */,
				B3E798642A5309A0007BA159 /* CoreDataTestUITestsLaunchTests.swift in Sources */,
			);
			runOnlyForDeploymentPostprocessing = 0;
		};
/* End PBXSourcesBuildPhase section */

/* Begin PBXTargetDependency section */
		B3E798552A5309A0007BA159 /* PBXTargetDependency */ = {
			isa = PBXTargetDependency;
			target = B3E798422A53099E007BA159 /* CoreDataTest */;
			targetProxy = B3E798542A5309A0007BA159 /* PBXContainerItemProxy */;
		};
		B3E7985F2A5309A0007BA159 /* PBXTargetDependency */ = {
			isa = PBXTargetDependency;
			target = B3E798422A53099E007BA159 /* CoreDataTest */;
			targetProxy = B3E7985E2A5309A0007BA159 /* PBXContainerItemProxy */;
		};
/* End PBXTargetDependency section */

/* Begin XCBuildConfiguration section */
		B3E798652A5309A0007BA159 /* Debug */ = {
			isa = XCBuildConfiguration;
			buildSettings = {
				ALWAYS_SEARCH_USER_PATHS = NO;
				CLANG_ANALYZER_NONNULL = YES;
				CLANG_ANALYZER_NUMBER_OBJECT_CONVERSION = YES_AGGRESSIVE;
				CLANG_CXX_LANGUAGE_STANDARD = "gnu++20";
				CLANG_ENABLE_MODULES = YES;
				CLANG_ENABLE_OBJC_ARC = YES;
				CLANG_ENABLE_OBJC_WEAK = YES;
				CLANG_WARN_BLOCK_CAPTURE_AUTORELEASING = YES;
				CLANG_WARN_BOOL_CONVERSION = YES;
				CLANG_WARN_COMMA = YES;
				CLANG_WARN_CONSTANT_CONVERSION = YES;
				CLANG_WARN_DEPRECATED_OBJC_IMPLEMENTATIONS = YES;
				CLANG_WARN_DIRECT_OBJC_ISA_USAGE = YES_ERROR;
				CLANG_WARN_DOCUMENTATION_COMMENTS = YES;
				CLANG_WARN_EMPTY_BODY = YES;
				CLANG_WARN_ENUM_CONVERSION = YES;
				CLANG_WARN_INFINITE_RECURSION = YES;
				CLANG_WARN_INT_CONVERSION = YES;
				CLANG_WARN_NON_LITERAL_NULL_CONVERSION = YES;
				CLANG_WARN_OBJC_IMPLICIT_RETAIN_SELF = YES;
				CLANG_WARN_OBJC_LITERAL_CONVERSION = YES;
				CLANG_WARN_OBJC_ROOT_CLASS = YES_ERROR;
				CLANG_WARN_QUOTED_INCLUDE_IN_FRAMEWORK_HEADER = YES;
				CLANG_WARN_RANGE_LOOP_ANALYSIS = YES;
				CLANG_WARN_STRICT_PROTOTYPES = YES;
				CLANG_WARN_SUSPICIOUS_MOVE = YES;
				CLANG_WARN_UNGUARDED_AVAILABILITY = YES_AGGRESSIVE;
				CLANG_WARN_UNREACHABLE_CODE = YES;
				CLANG_WARN__DUPLICATE_METHOD_MATCH = YES;
				COPY_PHASE_STRIP = NO;
				DEBUG_INFORMATION_FORMAT = dwarf;
				ENABLE_STRICT_OBJC_MSGSEND = YES;
				ENABLE_TESTABILITY = YES;
				GCC_C_LANGUAGE_STANDARD = gnu11;
				GCC_DYNAMIC_NO_PIC = NO;
				GCC_NO_COMMON_BLOCKS = YES;
				GCC_OPTIMIZATION_LEVEL = 0;
				GCC_PREPROCESSOR_DEFINITIONS = (
					"DEBUG=1",
					"$(inherited)",
				);
				GCC_WARN_64_TO_32_BIT_CONVERSION = YES;
				GCC_WARN_ABOUT_RETURN_TYPE = YES_ERROR;
				GCC_WARN_UNDECLARED_SELECTOR = YES;
				GCC_WARN_UNINITIALIZED_AUTOS = YES_AGGRESSIVE;
				GCC_WARN_UNUSED_FUNCTION = YES;
				GCC_WARN_UNUSED_VARIABLE = YES;
				IPHONEOS_DEPLOYMENT_TARGET = 16.4;
				MTL_ENABLE_DEBUG_INFO = INCLUDE_SOURCE;
				MTL_FAST_MATH = YES;
				ONLY_ACTIVE_ARCH = YES;
				SDKROOT = iphoneos;
				SWIFT_ACTIVE_COMPILATION_CONDITIONS = DEBUG;
				SWIFT_OPTIMIZATION_LEVEL = "-Onone";
			};
			name = Debug;
		};
		B3E798662A5309A0007BA159 /* Release */ = {
			isa = XCBuildConfiguration;
			buildSettings = {
				ALWAYS_SEARCH_USER_PATHS = NO;
				CLANG_ANALYZER_NONNULL = YES;
				CLANG_ANALYZER_NUMBER_OBJECT_CONVERSION = YES_AGGRESSIVE;
				CLANG_CXX_LANGUAGE_STANDARD = "gnu++20";
				CLANG_ENABLE_MODULES = YES;
				CLANG_ENABLE_OBJC_ARC = YES;
				CLANG_ENABLE_OBJC_WEAK = YES;
				CLANG_WARN_BLOCK_CAPTURE_AUTORELEASING = YES;
				CLANG_WARN_BOOL_CONVERSION = YES;
				CLANG_WARN_COMMA = YES;
				CLANG_WARN_CONSTANT_CONVERSION = YES;
				CLANG_WARN_DEPRECATED_OBJC_IMPLEMENTATIONS = YES;
				CLANG_WARN_DIRECT_OBJC_ISA_USAGE = YES_ERROR;
				CLANG_WARN_DOCUMENTATION_COMMENTS = YES;
				CLANG_WARN_EMPTY_BODY = YES;
				CLANG_WARN_ENUM_CONVERSION = YES;
				CLANG_WARN_INFINITE_RECURSION = YES;
				CLANG_WARN_INT_CONVERSION = YES;
				CLANG_WARN_NON_LITERAL_NULL_CONVERSION = YES;
				CLANG_WARN_OBJC_IMPLICIT_RETAIN_SELF = YES;
				CLANG_WARN_OBJC_LITERAL_CONVERSION = YES;
				CLANG_WARN_OBJC_ROOT_CLASS = YES_ERROR;
				CLANG_WARN_QUOTED_INCLUDE_IN_FRAMEWORK_HEADER = YES;
				CLANG_WARN_RANGE_LOOP_ANALYSIS = YES;
				CLANG_WARN_STRICT_PROTOTYPES = YES;
				CLANG_WARN_SUSPICIOUS_MOVE = YES;
				CLANG_WARN_UNGUARDED_AVAILABILITY = YES_AGGRESSIVE;
				CLANG_WARN_UNREACHABLE_CODE = YES;
				CLANG_WARN__DUPLICATE_METHOD_MATCH = YES;
				COPY_PHASE_STRIP = NO;
				DEBUG_INFORMATION_FORMAT = "dwarf-with-dsym";
				ENABLE_NS_ASSERTIONS = NO;
				ENABLE_STRICT_OBJC_MSGSEND = YES;
				GCC_C_LANGUAGE_STANDARD = gnu11;
				GCC_NO_COMMON_BLOCKS = YES;
				GCC_WARN_64_TO_32_BIT_CONVERSION = YES;
				GCC_WARN_ABOUT_RETURN_TYPE = YES_ERROR;
				GCC_WARN_UNDECLARED_SELECTOR = YES;
				GCC_WARN_UNINITIALIZED_AUTOS = YES_AGGRESSIVE;
				GCC_WARN_UNUSED_FUNCTION = YES;
				GCC_WARN_UNUSED_VARIABLE = YES;
				IPHONEOS_DEPLOYMENT_TARGET = 16.4;
				MTL_ENABLE_DEBUG_INFO = NO;
				MTL_FAST_MATH = YES;
				SDKROOT = iphoneos;
				SWIFT_COMPILATION_MODE = wholemodule;
				SWIFT_OPTIMIZATION_LEVEL = "-O";
				VALIDATE_PRODUCT = YES;
			};
			name = Release;
		};
		B3E798682A5309A0007BA159 /* Debug */ = {
			isa = XCBuildConfiguration;
			buildSettings = {
				ASSETCATALOG_COMPILER_APPICON_NAME = AppIcon;
				ASSETCATALOG_COMPILER_GLOBAL_ACCENT_COLOR_NAME = AccentColor;
				CODE_SIGN_STYLE = Automatic;
				CURRENT_PROJECT_VERSION = 1;
				DEVELOPMENT_ASSET_PATHS = "\"CoreDataTest/Preview Content\"";
				DEVELOPMENT_TEAM = KV78S9S54R;
				ENABLE_PREVIEWS = YES;
				GENERATE_INFOPLIST_FILE = YES;
				INFOPLIST_KEY_UIApplicationSceneManifest_Generation = YES;
				INFOPLIST_KEY_UIApplicationSupportsIndirectInputEvents = YES;
				INFOPLIST_KEY_UILaunchScreen_Generation = YES;
				INFOPLIST_KEY_UISupportedInterfaceOrientations_iPad = "UIInterfaceOrientationPortrait UIInterfaceOrientationPortraitUpsideDown UIInterfaceOrientationLandscapeLeft UIInterfaceOrientationLandscapeRight";
				INFOPLIST_KEY_UISupportedInterfaceOrientations_iPhone = "UIInterfaceOrientationPortrait UIInterfaceOrientationLandscapeLeft UIInterfaceOrientationLandscapeRight";
				LD_RUNPATH_SEARCH_PATHS = (
					"$(inherited)",
					"@executable_path/Frameworks",
				);
				MARKETING_VERSION = 1.0;
				PRODUCT_BUNDLE_IDENTIFIER = Jairo.CoreDataTest;
				PRODUCT_NAME = "$(TARGET_NAME)";
				SWIFT_EMIT_LOC_STRINGS = YES;
				SWIFT_VERSION = 5.0;
				TARGETED_DEVICE_FAMILY = "1,2";
			};
			name = Debug;
		};
		B3E798692A5309A0007BA159 /* Release */ = {
			isa = XCBuildConfiguration;
			buildSettings = {
				ASSETCATALOG_COMPILER_APPICON_NAME = AppIcon;
				ASSETCATALOG_COMPILER_GLOBAL_ACCENT_COLOR_NAME = AccentColor;
				CODE_SIGN_STYLE = Automatic;
				CURRENT_PROJECT_VERSION = 1;
				DEVELOPMENT_ASSET_PATHS = "\"CoreDataTest/Preview Content\"";
				DEVELOPMENT_TEAM = KV78S9S54R;
				ENABLE_PREVIEWS = YES;
				GENERATE_INFOPLIST_FILE = YES;
				INFOPLIST_KEY_UIApplicationSceneManifest_Generation = YES;
				INFOPLIST_KEY_UIApplicationSupportsIndirectInputEvents = YES;
				INFOPLIST_KEY_UILaunchScreen_Generation = YES;
				INFOPLIST_KEY_UISupportedInterfaceOrientations_iPad = "UIInterfaceOrientationPortrait UIInterfaceOrientationPortraitUpsideDown UIInterfaceOrientationLandscapeLeft UIInterfaceOrientationLandscapeRight";
				INFOPLIST_KEY_UISupportedInterfaceOrientations_iPhone = "UIInterfaceOrientationPortrait UIInterfaceOrientationLandscapeLeft UIInterfaceOrientationLandscapeRight";
				LD_RUNPATH_SEARCH_PATHS = (
					"$(inherited)",
					"@executable_path/Frameworks",
				);
				MARKETING_VERSION = 1.0;
				PRODUCT_BUNDLE_IDENTIFIER = Jairo.CoreDataTest;
				PRODUCT_NAME = "$(TARGET_NAME)";
				SWIFT_EMIT_LOC_STRINGS = YES;
				SWIFT_VERSION = 5.0;
				TARGETED_DEVICE_FAMILY = "1,2";
			};
			name = Release;
		};
		B3E7986B2A5309A0007BA159 /* Debug */ = {
			isa = XCBuildConfiguration;
			buildSettings = {
				ALWAYS_EMBED_SWIFT_STANDARD_LIBRARIES = YES;
				BUNDLE_LOADER = "$(TEST_HOST)";
				CODE_SIGN_STYLE = Automatic;
				CURRENT_PROJECT_VERSION = 1;
				DEVELOPMENT_TEAM = KV78S9S54R;
				GENERATE_INFOPLIST_FILE = YES;
				IPHONEOS_DEPLOYMENT_TARGET = 16.4;
				MARKETING_VERSION = 1.0;
				PRODUCT_BUNDLE_IDENTIFIER = Jairo.CoreDataTestTests;
				PRODUCT_NAME = "$(TARGET_NAME)";
				SWIFT_EMIT_LOC_STRINGS = NO;
				SWIFT_VERSION = 5.0;
				TARGETED_DEVICE_FAMILY = "1,2";
				TEST_HOST = "$(BUILT_PRODUCTS_DIR)/CoreDataTest.app/$(BUNDLE_EXECUTABLE_FOLDER_PATH)/CoreDataTest";
			};
			name = Debug;
		};
		B3E7986C2A5309A0007BA159 /* Release */ = {
			isa = XCBuildConfiguration;
			buildSettings = {
				ALWAYS_EMBED_SWIFT_STANDARD_LIBRARIES = YES;
				BUNDLE_LOADER = "$(TEST_HOST)";
				CODE_SIGN_STYLE = Automatic;
				CURRENT_PROJECT_VERSION = 1;
				DEVELOPMENT_TEAM = KV78S9S54R;
				GENERATE_INFOPLIST_FILE = YES;
				IPHONEOS_DEPLOYMENT_TARGET = 16.4;
				MARKETING_VERSION = 1.0;
				PRODUCT_BUNDLE_IDENTIFIER = Jairo.CoreDataTestTests;
				PRODUCT_NAME = "$(TARGET_NAME)";
				SWIFT_EMIT_LOC_STRINGS = NO;
				SWIFT_VERSION = 5.0;
				TARGETED_DEVICE_FAMILY = "1,2";
				TEST_HOST = "$(BUILT_PRODUCTS_DIR)/CoreDataTest.app/$(BUNDLE_EXECUTABLE_FOLDER_PATH)/CoreDataTest";
			};
			name = Release;
		};
		B3E7986E2A5309A0007BA159 /* Debug */ = {
			isa = XCBuildConfiguration;
			buildSettings = {
				ALWAYS_EMBED_SWIFT_STANDARD_LIBRARIES = YES;
				CODE_SIGN_STYLE = Automatic;
				CURRENT_PROJECT_VERSION = 1;
				DEVELOPMENT_TEAM = KV78S9S54R;
				GENERATE_INFOPLIST_FILE = YES;
				MARKETING_VERSION = 1.0;
				PRODUCT_BUNDLE_IDENTIFIER = Jairo.CoreDataTestUITests;
				PRODUCT_NAME = "$(TARGET_NAME)";
				SWIFT_EMIT_LOC_STRINGS = NO;
				SWIFT_VERSION = 5.0;
				TARGETED_DEVICE_FAMILY = "1,2";
				TEST_TARGET_NAME = CoreDataTest;
			};
			name = Debug;
		};
		B3E7986F2A5309A0007BA159 /* Release */ = {
			isa = XCBuildConfiguration;
			buildSettings = {
				ALWAYS_EMBED_SWIFT_STANDARD_LIBRARIES = YES;
				CODE_SIGN_STYLE = Automatic;
				CURRENT_PROJECT_VERSION = 1;
				DEVELOPMENT_TEAM = KV78S9S54R;
				GENERATE_INFOPLIST_FILE = YES;
				MARKETING_VERSION = 1.0;
				PRODUCT_BUNDLE_IDENTIFIER = Jairo.CoreDataTestUITests;
				PRODUCT_NAME = "$(TARGET_NAME)";
				SWIFT_EMIT_LOC_STRINGS = NO;
				SWIFT_VERSION = 5.0;
				TARGETED_DEVICE_FAMILY = "1,2";
				TEST_TARGET_NAME = CoreDataTest;
			};
			name = Release;
		};
/* End XCBuildConfiguration section */

/* Begin XCConfigurationList section */
		B3E7983E2A53099E007BA159 /* Build configuration list for PBXProject "CoreDataTest" */ = {
			isa = XCConfigurationList;
			buildConfigurations = (
				B3E798652A5309A0007BA159 /* Debug */,
				B3E798662A5309A0007BA159 /* Release */,
			);
			defaultConfigurationIsVisible = 0;
			defaultConfigurationName = Release;
		};
		B3E798672A5309A0007BA159 /* Build configuration list for PBXNativeTarget "CoreDataTest" */ = {
			isa = XCConfigurationList;
			buildConfigurations = (
				B3E798682A5309A0007BA159 /* Debug */,
				B3E798692A5309A0007BA159 /* Release */,
			);
			defaultConfigurationIsVisible = 0;
			defaultConfigurationName = Release;
		};
		B3E7986A2A5309A0007BA159 /* Build configuration list for PBXNativeTarget "CoreDataTestTests" */ = {
			isa = XCConfigurationList;
			buildConfigurations = (
				B3E7986B2A5309A0007BA159 /* Debug */,
				B3E7986C2A5309A0007BA159 /* Release */,
			);
			defaultConfigurationIsVisible = 0;
			defaultConfigurationName = Release;
		};
		B3E7986D2A5309A0007BA159 /* Build configuration list for PBXNativeTarget "CoreDataTestUITests" */ = {
			isa = XCConfigurationList;
			buildConfigurations = (
				B3E7986E2A5309A0007BA159 /* Debug */,
				B3E7986F2A5309A0007BA159 /* Release */,
			);
			defaultConfigurationIsVisible = 0;
			defaultConfigurationName = Release;
		};
/* End XCConfigurationList section */

/* Begin XCVersionGroup section */
		B3E798702A530ABC007BA159 /* Bookworm.xcdatamodeld */ = {
			isa = XCVersionGroup;
			children = (
				B3E798712A530ABC007BA159 /* Bookworm.xcdatamodel */,
			);
			currentVersion = B3E798712A530ABC007BA159 /* Bookworm.xcdatamodel */;
			path = Bookworm.xcdatamodeld;
			sourceTree = "<group>";
			versionGroupType = wrapper.xcdatamodel;
		};
/* End XCVersionGroup section */
	};
	rootObject = B3E7983B2A53099E007BA159 /* Project object */;
}
