// !$*UTF8*$!
{
	archiveVersion = 1;
	classes = {
	};
	objectVersion = 56;
	objects = {

/* Begin PBXBuildFile section */
		B3378B182ABA1EB800E3A060 /* AppDelegate.swift in Sources */ = {isa = PBXBuildFile; fileRef = B3378B172ABA1EB800E3A060 /* AppDelegate.swift */; };
		B3378B1A2ABA1EB800E3A060 /* SceneDelegate.swift in Sources */ = {isa = PBXBuildFile; fileRef = B3378B192ABA1EB800E3A060 /* SceneDelegate.swift */; };
		B3378B1C2ABA1EB800E3A060 /* ViewController.swift in Sources */ = {isa = PBXBuildFile; fileRef = B3378B1B2ABA1EB800E3A060 /* ViewController.swift */; };
		B3378B1F2ABA1EB800E3A060 /* Main.storyboard in Resources */ = {isa = PBXBuildFile; fileRef = B3378B1D2ABA1EB800E3A060 /* Main.storyboard */; };
		B3378B222ABA1EB800E3A060 /* CoreDataUIKit.xcdatamodeld in Sources */ = {isa = PBXBuildFile; fileRef = B3378B202ABA1EB800E3A060 /* CoreDataUIKit.xcdatamodeld */; };
		B3378B242ABA1EB900E3A060 /* Assets.xcassets in Resources */ = {isa = PBXBuildFile; fileRef = B3378B232ABA1EB900E3A060 /* Assets.xcassets */; };
		B3378B272ABA1EB900E3A060 /* LaunchScreen.storyboard in Resources */ = {isa = PBXBuildFile; fileRef = B3378B252ABA1EB900E3A060 /* LaunchScreen.storyboard */; };
		B3378B322ABA1EBA00E3A060 /* CoreDataUIKitTests.swift in Sources */ = {isa = PBXBuildFile; fileRef = B3378B312ABA1EBA00E3A060 /* CoreDataUIKitTests.swift */; };
		B3378B3C2ABA1EBA00E3A060 /* CoreDataUIKitUITests.swift in Sources */ = {isa = PBXBuildFile; fileRef = B3378B3B2ABA1EBA00E3A060 /* CoreDataUIKitUITests.swift */; };
		B3378B3E2ABA1EBA00E3A060 /* CoreDataUIKitUITestsLaunchTests.swift in Sources */ = {isa = PBXBuildFile; fileRef = B3378B3D2ABA1EBA00E3A060 /* CoreDataUIKitUITestsLaunchTests.swift */; };
/* End PBXBuildFile section */

/* Begin PBXContainerItemProxy section */
		B3378B2E2ABA1EBA00E3A060 /* PBXContainerItemProxy */ = {
			isa = PBXContainerItemProxy;
			containerPortal = B3378B0C2ABA1EB800E3A060 /* Project object */;
			proxyType = 1;
			remoteGlobalIDString = B3378B132ABA1EB800E3A060;
			remoteInfo = CoreDataUIKit;
		};
		B3378B382ABA1EBA00E3A060 /* PBXContainerItemProxy */ = {
			isa = PBXContainerItemProxy;
			containerPortal = B3378B0C2ABA1EB800E3A060 /* Project object */;
			proxyType = 1;
			remoteGlobalIDString = B3378B132ABA1EB800E3A060;
			remoteInfo = CoreDataUIKit;
		};
/* End PBXContainerItemProxy section */

/* Begin PBXFileReference section */
		B3378B142ABA1EB800E3A060 /* CoreDataUIKit.app */ = {isa = PBXFileReference; explicitFileType = wrapper.application; includeInIndex = 0; path = CoreDataUIKit.app; sourceTree = BUILT_PRODUCTS_DIR; };
		B3378B172ABA1EB800E3A060 /* AppDelegate.swift */ = {isa = PBXFileReference; lastKnownFileType = sourcecode.swift; path = AppDelegate.swift; sourceTree = "<group>"; };
		B3378B192ABA1EB800E3A060 /* SceneDelegate.swift */ = {isa = PBXFileReference; lastKnownFileType = sourcecode.swift; path = SceneDelegate.swift; sourceTree = "<group>"; };
		B3378B1B2ABA1EB800E3A060 /* ViewController.swift */ = {isa = PBXFileReference; lastKnownFileType = sourcecode.swift; path = ViewController.swift; sourceTree = "<group>"; };
		B3378B1E2ABA1EB800E3A060 /* Base */ = {isa = PBXFileReference; lastKnownFileType = file.storyboard; name = Base; path = Base.lproj/Main.storyboard; sourceTree = "<group>"; };
		B3378B212ABA1EB800E3A060 /* CoreDataUIKit.xcdatamodel */ = {isa = PBXFileReference; lastKnownFileType = wrapper.xcdatamodel; path = CoreDataUIKit.xcdatamodel; sourceTree = "<group>"; };
		B3378B232ABA1EB900E3A060 /* Assets.xcassets */ = {isa = PBXFileReference; lastKnownFileType = folder.assetcatalog; path = Assets.xcassets; sourceTree = "<group>"; };
		B3378B262ABA1EB900E3A060 /* Base */ = {isa = PBXFileReference; lastKnownFileType = file.storyboard; name = Base; path = Base.lproj/LaunchScreen.storyboard; sourceTree = "<group>"; };
		B3378B282ABA1EB900E3A060 /* Info.plist */ = {isa = PBXFileReference; lastKnownFileType = text.plist.xml; path = Info.plist; sourceTree = "<group>"; };
		B3378B2D2ABA1EBA00E3A060 /* CoreDataUIKitTests.xctest */ = {isa = PBXFileReference; explicitFileType = wrapper.cfbundle; includeInIndex = 0; path = CoreDataUIKitTests.xctest; sourceTree = BUILT_PRODUCTS_DIR; };
		B3378B312ABA1EBA00E3A060 /* CoreDataUIKitTests.swift */ = {isa = PBXFileReference; lastKnownFileType = sourcecode.swift; path = CoreDataUIKitTests.swift; sourceTree = "<group>"; };
		B3378B372ABA1EBA00E3A060 /* CoreDataUIKitUITests.xctest */ = {isa = PBXFileReference; explicitFileType = wrapper.cfbundle; includeInIndex = 0; path = CoreDataUIKitUITests.xctest; sourceTree = BUILT_PRODUCTS_DIR; };
		B3378B3B2ABA1EBA00E3A060 /* CoreDataUIKitUITests.swift */ = {isa = PBXFileReference; lastKnownFileType = sourcecode.swift; path = CoreDataUIKitUITests.swift; sourceTree = "<group>"; };
		B3378B3D2ABA1EBA00E3A060 /* CoreDataUIKitUITestsLaunchTests.swift */ = {isa = PBXFileReference; lastKnownFileType = sourcecode.swift; path = CoreDataUIKitUITestsLaunchTests.swift; sourceTree = "<group>"; };
/* End PBXFileReference section */

/* Begin PBXFrameworksBuildPhase section */
		B3378B112ABA1EB800E3A060 /* Frameworks */ = {
			isa = PBXFrameworksBuildPhase;
			buildActionMask = 2147483647;
			files = (
			);
			runOnlyForDeploymentPostprocessing = 0;
		};
		B3378B2A2ABA1EBA00E3A060 /* Frameworks */ = {
			isa = PBXFrameworksBuildPhase;
			buildActionMask = 2147483647;
			files = (
			);
			runOnlyForDeploymentPostprocessing = 0;
		};
		B3378B342ABA1EBA00E3A060 /* Frameworks */ = {
			isa = PBXFrameworksBuildPhase;
			buildActionMask = 2147483647;
			files = (
			);
			runOnlyForDeploymentPostprocessing = 0;
		};
/* End PBXFrameworksBuildPhase section */

/* Begin PBXGroup section */
		B3378B0B2ABA1EB800E3A060 = {
			isa = PBXGroup;
			children = (
				B3378B162ABA1EB800E3A060 /* CoreDataUIKit */,
				B3378B302ABA1EBA00E3A060 /* CoreDataUIKitTests */,
				B3378B3A2ABA1EBA00E3A060 /* CoreDataUIKitUITests */,
				B3378B152ABA1EB800E3A060 /* Products */,
			);
			sourceTree = "<group>";
		};
		B3378B152ABA1EB800E3A060 /* Products */ = {
			isa = PBXGroup;
			children = (
				B3378B142ABA1EB800E3A060 /* CoreDataUIKit.app */,
				B3378B2D2ABA1EBA00E3A060 /* CoreDataUIKitTests.xctest */,
				B3378B372ABA1EBA00E3A060 /* CoreDataUIKitUITests.xctest */,
			);
			name = Products;
			sourceTree = "<group>";
		};
		B3378B162ABA1EB800E3A060 /* CoreDataUIKit */ = {
			isa = PBXGroup;
			children = (
				B3378B172ABA1EB800E3A060 /* AppDelegate.swift */,
				B3378B192ABA1EB800E3A060 /* SceneDelegate.swift */,
				B3378B1B2ABA1EB800E3A060 /* ViewController.swift */,
				B3378B1D2ABA1EB800E3A060 /* Main.storyboard */,
				B3378B232ABA1EB900E3A060 /* Assets.xcassets */,
				B3378B252ABA1EB900E3A060 /* LaunchScreen.storyboard */,
				B3378B282ABA1EB900E3A060 /* Info.plist */,
				B3378B202ABA1EB800E3A060 /* CoreDataUIKit.xcdatamodeld */,
			);
			path = CoreDataUIKit;
			sourceTree = "<group>";
		};
		B3378B302ABA1EBA00E3A060 /* CoreDataUIKitTests */ = {
			isa = PBXGroup;
			children = (
				B3378B312ABA1EBA00E3A060 /* CoreDataUIKitTests.swift */,
			);
			path = CoreDataUIKitTests;
			sourceTree = "<group>";
		};
		B3378B3A2ABA1EBA00E3A060 /* CoreDataUIKitUITests */ = {
			isa = PBXGroup;
			children = (
				B3378B3B2ABA1EBA00E3A060 /* CoreDataUIKitUITests.swift */,
				B3378B3D2ABA1EBA00E3A060 /* CoreDataUIKitUITestsLaunchTests.swift */,
			);
			path = CoreDataUIKitUITests;
			sourceTree = "<group>";
		};
/* End PBXGroup section */

/* Begin PBXNativeTarget section */
		B3378B132ABA1EB800E3A060 /* CoreDataUIKit */ = {
			isa = PBXNativeTarget;
			buildConfigurationList = B3378B412ABA1EBA00E3A060 /* Build configuration list for PBXNativeTarget "CoreDataUIKit" */;
			buildPhases = (
				B3378B102ABA1EB800E3A060 /* Sources */,
				B3378B112ABA1EB800E3A060 /* Frameworks */,
				B3378B122ABA1EB800E3A060 /* Resources */,
			);
			buildRules = (
			);
			dependencies = (
			);
			name = CoreDataUIKit;
			productName = CoreDataUIKit;
			productReference = B3378B142ABA1EB800E3A060 /* CoreDataUIKit.app */;
			productType = "com.apple.product-type.application";
		};
		B3378B2C2ABA1EBA00E3A060 /* CoreDataUIKitTests */ = {
			isa = PBXNativeTarget;
			buildConfigurationList = B3378B442ABA1EBA00E3A060 /* Build configuration list for PBXNativeTarget "CoreDataUIKitTests" */;
			buildPhases = (
				B3378B292ABA1EBA00E3A060 /* Sources */,
				B3378B2A2ABA1EBA00E3A060 /* Frameworks */,
				B3378B2B2ABA1EBA00E3A060 /* Resources */,
			);
			buildRules = (
			);
			dependencies = (
				B3378B2F2ABA1EBA00E3A060 /* PBXTargetDependency */,
			);
			name = CoreDataUIKitTests;
			productName = CoreDataUIKitTests;
			productReference = B3378B2D2ABA1EBA00E3A060 /* CoreDataUIKitTests.xctest */;
			productType = "com.apple.product-type.bundle.unit-test";
		};
		B3378B362ABA1EBA00E3A060 /* CoreDataUIKitUITests */ = {
			isa = PBXNativeTarget;
			buildConfigurationList = B3378B472ABA1EBA00E3A060 /* Build configuration list for PBXNativeTarget "CoreDataUIKitUITests" */;
			buildPhases = (
				B3378B332ABA1EBA00E3A060 /* Sources */,
				B3378B342ABA1EBA00E3A060 /* Frameworks */,
				B3378B352ABA1EBA00E3A060 /* Resources */,
			);
			buildRules = (
			);
			dependencies = (
				B3378B392ABA1EBA00E3A060 /* PBXTargetDependency */,
			);
			name = CoreDataUIKitUITests;
			productName = CoreDataUIKitUITests;
			productReference = B3378B372ABA1EBA00E3A060 /* CoreDataUIKitUITests.xctest */;
			productType = "com.apple.product-type.bundle.ui-testing";
		};
/* End PBXNativeTarget section */

/* Begin PBXProject section */
		B3378B0C2ABA1EB800E3A060 /* Project object */ = {
			isa = PBXProject;
			attributes = {
				BuildIndependentTargetsInParallel = 1;
				LastSwiftUpdateCheck = 1500;
				LastUpgradeCheck = 1500;
				TargetAttributes = {
					B3378B132ABA1EB800E3A060 = {
						CreatedOnToolsVersion = 15.0;
					};
					B3378B2C2ABA1EBA00E3A060 = {
						CreatedOnToolsVersion = 15.0;
						TestTargetID = B3378B132ABA1EB800E3A060;
					};
					B3378B362ABA1EBA00E3A060 = {
						CreatedOnToolsVersion = 15.0;
						TestTargetID = B3378B132ABA1EB800E3A060;
					};
				};
			};
			buildConfigurationList = B3378B0F2ABA1EB800E3A060 /* Build configuration list for PBXProject "CoreDataUIKit" */;
			compatibilityVersion = "Xcode 14.0";
			developmentRegion = en;
			hasScannedForEncodings = 0;
			knownRegions = (
				en,
				Base,
			);
			mainGroup = B3378B0B2ABA1EB800E3A060;
			productRefGroup = B3378B152ABA1EB800E3A060 /* Products */;
			projectDirPath = "";
			projectRoot = "";
			targets = (
				B3378B132ABA1EB800E3A060 /* CoreDataUIKit */,
				B3378B2C2ABA1EBA00E3A060 /* CoreDataUIKitTests */,
				B3378B362ABA1EBA00E3A060 /* CoreDataUIKitUITests */,
			);
		};
/* End PBXProject section */

/* Begin PBXResourcesBuildPhase section */
		B3378B122ABA1EB800E3A060 /* Resources */ = {
			isa = PBXResourcesBuildPhase;
			buildActionMask = 2147483647;
			files = (
				B3378B272ABA1EB900E3A060 /* LaunchScreen.storyboard in Resources */,
				B3378B242ABA1EB900E3A060 /* Assets.xcassets in Resources */,
				B3378B1F2ABA1EB800E3A060 /* Main.storyboard in Resources */,
			);
			runOnlyForDeploymentPostprocessing = 0;
		};
		B3378B2B2ABA1EBA00E3A060 /* Resources */ = {
			isa = PBXResourcesBuildPhase;
			buildActionMask = 2147483647;
			files = (
			);
			runOnlyForDeploymentPostprocessing = 0;
		};
		B3378B352ABA1EBA00E3A060 /* Resources */ = {
			isa = PBXResourcesBuildPhase;
			buildActionMask = 2147483647;
			files = (
			);
			runOnlyForDeploymentPostprocessing = 0;
		};
/* End PBXResourcesBuildPhase section */

/* Begin PBXSourcesBuildPhase section */
		B3378B102ABA1EB800E3A060 /* Sources */ = {
			isa = PBXSourcesBuildPhase;
			buildActionMask = 2147483647;
			files = (
				B3378B1C2ABA1EB800E3A060 /* ViewController.swift in Sources */,
				B3378B182ABA1EB800E3A060 /* AppDelegate.swift in Sources */,
				B3378B1A2ABA1EB800E3A060 /* SceneDelegate.swift in Sources */,
				B3378B222ABA1EB800E3A060 /* CoreDataUIKit.xcdatamodeld in Sources */,
			);
			runOnlyForDeploymentPostprocessing = 0;
		};
		B3378B292ABA1EBA00E3A060 /* Sources */ = {
			isa = PBXSourcesBuildPhase;
			buildActionMask = 2147483647;
			files = (
				B3378B322ABA1EBA00E3A060 /* CoreDataUIKitTests.swift in Sources */,
			);
			runOnlyForDeploymentPostprocessing = 0;
		};
		B3378B332ABA1EBA00E3A060 /* Sources */ = {
			isa = PBXSourcesBuildPhase;
			buildActionMask = 2147483647;
			files = (
				B3378B3E2ABA1EBA00E3A060 /* CoreDataUIKitUITestsLaunchTests.swift in Sources */,
				B3378B3C2ABA1EBA00E3A060 /* CoreDataUIKitUITests.swift in Sources */,
			);
			runOnlyForDeploymentPostprocessing = 0;
		};
/* End PBXSourcesBuildPhase section */

/* Begin PBXTargetDependency section */
		B3378B2F2ABA1EBA00E3A060 /* PBXTargetDependency */ = {
			isa = PBXTargetDependency;
			target = B3378B132ABA1EB800E3A060 /* CoreDataUIKit */;
			targetProxy = B3378B2E2ABA1EBA00E3A060 /* PBXContainerItemProxy */;
		};
		B3378B392ABA1EBA00E3A060 /* PBXTargetDependency */ = {
			isa = PBXTargetDependency;
			target = B3378B132ABA1EB800E3A060 /* CoreDataUIKit */;
			targetProxy = B3378B382ABA1EBA00E3A060 /* PBXContainerItemProxy */;
		};
/* End PBXTargetDependency section */

/* Begin PBXVariantGroup section */
		B3378B1D2ABA1EB800E3A060 /* Main.storyboard */ = {
			isa = PBXVariantGroup;
			children = (
				B3378B1E2ABA1EB800E3A060 /* Base */,
			);
			name = Main.storyboard;
			sourceTree = "<group>";
		};
		B3378B252ABA1EB900E3A060 /* LaunchScreen.storyboard */ = {
			isa = PBXVariantGroup;
			children = (
				B3378B262ABA1EB900E3A060 /* Base */,
			);
			name = LaunchScreen.storyboard;
			sourceTree = "<group>";
		};
/* End PBXVariantGroup section */

/* Begin XCBuildConfiguration section */
		B3378B3F2ABA1EBA00E3A060 /* Debug */ = {
			isa = XCBuildConfiguration;
			buildSettings = {
				ALWAYS_SEARCH_USER_PATHS = NO;
				ASSETCATALOG_COMPILER_GENERATE_SWIFT_ASSET_SYMBOL_EXTENSIONS = YES;
				CLANG_ANALYZER_NONNULL = YES;
				CLANG_ANALYZER_NUMBER_OBJECT_CONVERSION = YES_AGGRESSIVE;
				CLANG_CXX_LANGUAGE_STANDARD = "gnu++20";
				CLANG_ENABLE_MODULES = YES;
				CLANG_ENABLE_OBJC_ARC = YES;
				CLANG_ENABLE_OBJC_WEAK = YES;
				CLANG_WARN_BLOCK_CAPTURE_AUTORELEASING = YES;
				CLANG_WARN_BOOL_CONVERSION = YES;
				CLANG_WARN_COMMA = YES;
				CLANG_WARN_CONSTANT_CONVERSION = YES;
				CLANG_WARN_DEPRECATED_OBJC_IMPLEMENTATIONS = YES;
				CLANG_WARN_DIRECT_OBJC_ISA_USAGE = YES_ERROR;
				CLANG_WARN_DOCUMENTATION_COMMENTS = YES;
				CLANG_WARN_EMPTY_BODY = YES;
				CLANG_WARN_ENUM_CONVERSION = YES;
				CLANG_WARN_INFINITE_RECURSION = YES;
				CLANG_WARN_INT_CONVERSION = YES;
				CLANG_WARN_NON_LITERAL_NULL_CONVERSION = YES;
				CLANG_WARN_OBJC_IMPLICIT_RETAIN_SELF = YES;
				CLANG_WARN_OBJC_LITERAL_CONVERSION = YES;
				CLANG_WARN_OBJC_ROOT_CLASS = YES_ERROR;
				CLANG_WARN_QUOTED_INCLUDE_IN_FRAMEWORK_HEADER = YES;
				CLANG_WARN_RANGE_LOOP_ANALYSIS = YES;
				CLANG_WARN_STRICT_PROTOTYPES = YES;
				CLANG_WARN_SUSPICIOUS_MOVE = YES;
				CLANG_WARN_UNGUARDED_AVAILABILITY = YES_AGGRESSIVE;
				CLANG_WARN_UNREACHABLE_CODE = YES;
				CLANG_WARN__DUPLICATE_METHOD_MATCH = YES;
				COPY_PHASE_STRIP = NO;
				DEBUG_INFORMATION_FORMAT = dwarf;
				ENABLE_STRICT_OBJC_MSGSEND = YES;
				ENABLE_TESTABILITY = YES;
				ENABLE_USER_SCRIPT_SANDBOXING = YES;
				GCC_C_LANGUAGE_STANDARD = gnu17;
				GCC_DYNAMIC_NO_PIC = NO;
				GCC_NO_COMMON_BLOCKS = YES;
				GCC_OPTIMIZATION_LEVEL = 0;
				GCC_PREPROCESSOR_DEFINITIONS = (
					"DEBUG=1",
					"$(inherited)",
				);
				GCC_WARN_64_TO_32_BIT_CONVERSION = YES;
				GCC_WARN_ABOUT_RETURN_TYPE = YES_ERROR;
				GCC_WARN_UNDECLARED_SELECTOR = YES;
				GCC_WARN_UNINITIALIZED_AUTOS = YES_AGGRESSIVE;
				GCC_WARN_UNUSED_FUNCTION = YES;
				GCC_WARN_UNUSED_VARIABLE = YES;
				IPHONEOS_DEPLOYMENT_TARGET = 17.0;
				LOCALIZATION_PREFERS_STRING_CATALOGS = YES;
				MTL_ENABLE_DEBUG_INFO = INCLUDE_SOURCE;
				MTL_FAST_MATH = YES;
				ONLY_ACTIVE_ARCH = YES;
				SDKROOT = iphoneos;
				SWIFT_ACTIVE_COMPILATION_CONDITIONS = "DEBUG $(inherited)";
				SWIFT_OPTIMIZATION_LEVEL = "-Onone";
			};
			name = Debug;
		};
		B3378B402ABA1EBA00E3A060 /* Release */ = {
			isa = XCBuildConfiguration;
			buildSettings = {
				ALWAYS_SEARCH_USER_PATHS = NO;
				ASSETCATALOG_COMPILER_GENERATE_SWIFT_ASSET_SYMBOL_EXTENSIONS = YES;
				CLANG_ANALYZER_NONNULL = YES;
				CLANG_ANALYZER_NUMBER_OBJECT_CONVERSION = YES_AGGRESSIVE;
				CLANG_CXX_LANGUAGE_STANDARD = "gnu++20";
				CLANG_ENABLE_MODULES = YES;
				CLANG_ENABLE_OBJC_ARC = YES;
				CLANG_ENABLE_OBJC_WEAK = YES;
				CLANG_WARN_BLOCK_CAPTURE_AUTORELEASING = YES;
				CLANG_WARN_BOOL_CONVERSION = YES;
				CLANG_WARN_COMMA = YES;
				CLANG_WARN_CONSTANT_CONVERSION = YES;
				CLANG_WARN_DEPRECATED_OBJC_IMPLEMENTATIONS = YES;
				CLANG_WARN_DIRECT_OBJC_ISA_USAGE = YES_ERROR;
				CLANG_WARN_DOCUMENTATION_COMMENTS = YES;
				CLANG_WARN_EMPTY_BODY = YES;
				CLANG_WARN_ENUM_CONVERSION = YES;
				CLANG_WARN_INFINITE_RECURSION = YES;
				CLANG_WARN_INT_CONVERSION = YES;
				CLANG_WARN_NON_LITERAL_NULL_CONVERSION = YES;
				CLANG_WARN_OBJC_IMPLICIT_RETAIN_SELF = YES;
				CLANG_WARN_OBJC_LITERAL_CONVERSION = YES;
				CLANG_WARN_OBJC_ROOT_CLASS = YES_ERROR;
				CLANG_WARN_QUOTED_INCLUDE_IN_FRAMEWORK_HEADER = YES;
				CLANG_WARN_RANGE_LOOP_ANALYSIS = YES;
				CLANG_WARN_STRICT_PROTOTYPES = YES;
				CLANG_WARN_SUSPICIOUS_MOVE = YES;
				CLANG_WARN_UNGUARDED_AVAILABILITY = YES_AGGRESSIVE;
				CLANG_WARN_UNREACHABLE_CODE = YES;
				CLANG_WARN__DUPLICATE_METHOD_MATCH = YES;
				COPY_PHASE_STRIP = NO;
				DEBUG_INFORMATION_FORMAT = "dwarf-with-dsym";
				ENABLE_NS_ASSERTIONS = NO;
				ENABLE_STRICT_OBJC_MSGSEND = YES;
				ENABLE_USER_SCRIPT_SANDBOXING = YES;
				GCC_C_LANGUAGE_STANDARD = gnu17;
				GCC_NO_COMMON_BLOCKS = YES;
				GCC_WARN_64_TO_32_BIT_CONVERSION = YES;
				GCC_WARN_ABOUT_RETURN_TYPE = YES_ERROR;
				GCC_WARN_UNDECLARED_SELECTOR = YES;
				GCC_WARN_UNINITIALIZED_AUTOS = YES_AGGRESSIVE;
				GCC_WARN_UNUSED_FUNCTION = YES;
				GCC_WARN_UNUSED_VARIABLE = YES;
				IPHONEOS_DEPLOYMENT_TARGET = 17.0;
				LOCALIZATION_PREFERS_STRING_CATALOGS = YES;
				MTL_ENABLE_DEBUG_INFO = NO;
				MTL_FAST_MATH = YES;
				SDKROOT = iphoneos;
				SWIFT_COMPILATION_MODE = wholemodule;
				VALIDATE_PRODUCT = YES;
			};
			name = Release;
		};
		B3378B422ABA1EBA00E3A060 /* Debug */ = {
			isa = XCBuildConfiguration;
			buildSettings = {
				ASSETCATALOG_COMPILER_APPICON_NAME = AppIcon;
				ASSETCATALOG_COMPILER_GLOBAL_ACCENT_COLOR_NAME = AccentColor;
				CODE_SIGN_STYLE = Automatic;
				CURRENT_PROJECT_VERSION = 1;
				DEVELOPMENT_TEAM = KV78S9S54R;
				GENERATE_INFOPLIST_FILE = YES;
				INFOPLIST_FILE = CoreDataUIKit/Info.plist;
				INFOPLIST_KEY_UIApplicationSupportsIndirectInputEvents = YES;
				INFOPLIST_KEY_UILaunchStoryboardName = LaunchScreen;
				INFOPLIST_KEY_UIMainStoryboardFile = Main;
				INFOPLIST_KEY_UISupportedInterfaceOrientations_iPad = "UIInterfaceOrientationPortrait UIInterfaceOrientationPortraitUpsideDown UIInterfaceOrientationLandscapeLeft UIInterfaceOrientationLandscapeRight";
				INFOPLIST_KEY_UISupportedInterfaceOrientations_iPhone = "UIInterfaceOrientationPortrait UIInterfaceOrientationLandscapeLeft UIInterfaceOrientationLandscapeRight";
				LD_RUNPATH_SEARCH_PATHS = (
					"$(inherited)",
					"@executable_path/Frameworks",
				);
				MARKETING_VERSION = 1.0;
				PRODUCT_BUNDLE_IDENTIFIER = Jairo.CoreDataUIKit;
				PRODUCT_NAME = "$(TARGET_NAME)";
				SWIFT_EMIT_LOC_STRINGS = YES;
				SWIFT_VERSION = 5.0;
				TARGETED_DEVICE_FAMILY = "1,2";
			};
			name = Debug;
		};
		B3378B432ABA1EBA00E3A060 /* Release */ = {
			isa = XCBuildConfiguration;
			buildSettings = {
				ASSETCATALOG_COMPILER_APPICON_NAME = AppIcon;
				ASSETCATALOG_COMPILER_GLOBAL_ACCENT_COLOR_NAME = AccentColor;
				CODE_SIGN_STYLE = Automatic;
				CURRENT_PROJECT_VERSION = 1;
				DEVELOPMENT_TEAM = KV78S9S54R;
				GENERATE_INFOPLIST_FILE = YES;
				INFOPLIST_FILE = CoreDataUIKit/Info.plist;
				INFOPLIST_KEY_UIApplicationSupportsIndirectInputEvents = YES;
				INFOPLIST_KEY_UILaunchStoryboardName = LaunchScreen;
				INFOPLIST_KEY_UIMainStoryboardFile = Main;
				INFOPLIST_KEY_UISupportedInterfaceOrientations_iPad = "UIInterfaceOrientationPortrait UIInterfaceOrientationPortraitUpsideDown UIInterfaceOrientationLandscapeLeft UIInterfaceOrientationLandscapeRight";
				INFOPLIST_KEY_UISupportedInterfaceOrientations_iPhone = "UIInterfaceOrientationPortrait UIInterfaceOrientationLandscapeLeft UIInterfaceOrientationLandscapeRight";
				LD_RUNPATH_SEARCH_PATHS = (
					"$(inherited)",
					"@executable_path/Frameworks",
				);
				MARKETING_VERSION = 1.0;
				PRODUCT_BUNDLE_IDENTIFIER = Jairo.CoreDataUIKit;
				PRODUCT_NAME = "$(TARGET_NAME)";
				SWIFT_EMIT_LOC_STRINGS = YES;
				SWIFT_VERSION = 5.0;
				TARGETED_DEVICE_FAMILY = "1,2";
			};
			name = Release;
		};
		B3378B452ABA1EBA00E3A060 /* Debug */ = {
			isa = XCBuildConfiguration;
			buildSettings = {
				ALWAYS_EMBED_SWIFT_STANDARD_LIBRARIES = YES;
				BUNDLE_LOADER = "$(TEST_HOST)";
				CODE_SIGN_STYLE = Automatic;
				CURRENT_PROJECT_VERSION = 1;
				DEVELOPMENT_TEAM = KV78S9S54R;
				GENERATE_INFOPLIST_FILE = YES;
				IPHONEOS_DEPLOYMENT_TARGET = 17.0;
				MARKETING_VERSION = 1.0;
				PRODUCT_BUNDLE_IDENTIFIER = Jairo.CoreDataUIKitTests;
				PRODUCT_NAME = "$(TARGET_NAME)";
				SWIFT_EMIT_LOC_STRINGS = NO;
				SWIFT_VERSION = 5.0;
				TARGETED_DEVICE_FAMILY = "1,2";
				TEST_HOST = "$(BUILT_PRODUCTS_DIR)/CoreDataUIKit.app/$(BUNDLE_EXECUTABLE_FOLDER_PATH)/CoreDataUIKit";
			};
			name = Debug;
		};
		B3378B462ABA1EBA00E3A060 /* Release */ = {
			isa = XCBuildConfiguration;
			buildSettings = {
				ALWAYS_EMBED_SWIFT_STANDARD_LIBRARIES = YES;
				BUNDLE_LOADER = "$(TEST_HOST)";
				CODE_SIGN_STYLE = Automatic;
				CURRENT_PROJECT_VERSION = 1;
				DEVELOPMENT_TEAM = KV78S9S54R;
				GENERATE_INFOPLIST_FILE = YES;
				IPHONEOS_DEPLOYMENT_TARGET = 17.0;
				MARKETING_VERSION = 1.0;
				PRODUCT_BUNDLE_IDENTIFIER = Jairo.CoreDataUIKitTests;
				PRODUCT_NAME = "$(TARGET_NAME)";
				SWIFT_EMIT_LOC_STRINGS = NO;
				SWIFT_VERSION = 5.0;
				TARGETED_DEVICE_FAMILY = "1,2";
				TEST_HOST = "$(BUILT_PRODUCTS_DIR)/CoreDataUIKit.app/$(BUNDLE_EXECUTABLE_FOLDER_PATH)/CoreDataUIKit";
			};
			name = Release;
		};
		B3378B482ABA1EBA00E3A060 /* Debug */ = {
			isa = XCBuildConfiguration;
			buildSettings = {
				ALWAYS_EMBED_SWIFT_STANDARD_LIBRARIES = YES;
				CODE_SIGN_STYLE = Automatic;
				CURRENT_PROJECT_VERSION = 1;
				DEVELOPMENT_TEAM = KV78S9S54R;
				GENERATE_INFOPLIST_FILE = YES;
				MARKETING_VERSION = 1.0;
				PRODUCT_BUNDLE_IDENTIFIER = Jairo.CoreDataUIKitUITests;
				PRODUCT_NAME = "$(TARGET_NAME)";
				SWIFT_EMIT_LOC_STRINGS = NO;
				SWIFT_VERSION = 5.0;
				TARGETED_DEVICE_FAMILY = "1,2";
				TEST_TARGET_NAME = CoreDataUIKit;
			};
			name = Debug;
		};
		B3378B492ABA1EBA00E3A060 /* Release */ = {
			isa = XCBuildConfiguration;
			buildSettings = {
				ALWAYS_EMBED_SWIFT_STANDARD_LIBRARIES = YES;
				CODE_SIGN_STYLE = Automatic;
				CURRENT_PROJECT_VERSION = 1;
				DEVELOPMENT_TEAM = KV78S9S54R;
				GENERATE_INFOPLIST_FILE = YES;
				MARKETING_VERSION = 1.0;
				PRODUCT_BUNDLE_IDENTIFIER = Jairo.CoreDataUIKitUITests;
				PRODUCT_NAME = "$(TARGET_NAME)";
				SWIFT_EMIT_LOC_STRINGS = NO;
				SWIFT_VERSION = 5.0;
				TARGETED_DEVICE_FAMILY = "1,2";
				TEST_TARGET_NAME = CoreDataUIKit;
			};
			name = Release;
		};
/* End XCBuildConfiguration section */

/* Begin XCConfigurationList section */
		B3378B0F2ABA1EB800E3A060 /* Build configuration list for PBXProject "CoreDataUIKit" */ = {
			isa = XCConfigurationList;
			buildConfigurations = (
				B3378B3F2ABA1EBA00E3A060 /* Debug */,
				B3378B402ABA1EBA00E3A060 /* Release */,
			);
			defaultConfigurationIsVisible = 0;
			defaultConfigurationName = Release;
		};
		B3378B412ABA1EBA00E3A060 /* Build configuration list for PBXNativeTarget "CoreDataUIKit" */ = {
			isa = XCConfigurationList;
			buildConfigurations = (
				B3378B422ABA1EBA00E3A060 /* Debug */,
				B3378B432ABA1EBA00E3A060 /* Release */,
			);
			defaultConfigurationIsVisible = 0;
			defaultConfigurationName = Release;
		};
		B3378B442ABA1EBA00E3A060 /* Build configuration list for PBXNativeTarget "CoreDataUIKitTests" */ = {
			isa = XCConfigurationList;
			buildConfigurations = (
				B3378B452ABA1EBA00E3A060 /* Debug */,
				B3378B462ABA1EBA00E3A060 /* Release */,
			);
			defaultConfigurationIsVisible = 0;
			defaultConfigurationName = Release;
		};
		B3378B472ABA1EBA00E3A060 /* Build configuration list for PBXNativeTarget "CoreDataUIKitUITests" */ = {
			isa = XCConfigurationList;
			buildConfigurations = (
				B3378B482ABA1EBA00E3A060 /* Debug */,
				B3378B492ABA1EBA00E3A060 /* Release */,
			);
			defaultConfigurationIsVisible = 0;
			defaultConfigurationName = Release;
		};
/* End XCConfigurationList section */

/* Begin XCVersionGroup section */
		B3378B202ABA1EB800E3A060 /* CoreDataUIKit.xcdatamodeld */ = {
			isa = XCVersionGroup;
			children = (
				B3378B212ABA1EB800E3A060 /* CoreDataUIKit.xcdatamodel */,
			);
			currentVersion = B3378B212ABA1EB800E3A060 /* CoreDataUIKit.xcdatamodel */;
			path = CoreDataUIKit.xcdatamodeld;
			sourceTree = "<group>";
			versionGroupType = wrapper.xcdatamodel;
		};
/* End XCVersionGroup section */
	};
	rootObject = B3378B0C2ABA1EB800E3A060 /* Project object */;
}
