// !$*UTF8*$!
{
	archiveVersion = 1;
	classes = {
	};
	objectVersion = 56;
	objects = {

/* Begin PBXBuildFile section */
		B361AF992A57130D00841DA1 /* AppDelegate.swift in Sources */ = {isa = PBXBuildFile; fileRef = B361AF982A57130D00841DA1 /* AppDelegate.swift */; };
		B361AF9B2A57130D00841DA1 /* GameScene.sks in Resources */ = {isa = PBXBuildFile; fileRef = B361AF9A2A57130D00841DA1 /* GameScene.sks */; };
		B361AF9D2A57130D00841DA1 /* Actions.sks in Resources */ = {isa = PBXBuildFile; fileRef = B361AF9C2A57130D00841DA1 /* Actions.sks */; };
		B361AF9F2A57130D00841DA1 /* GameScene.swift in Sources */ = {isa = PBXBuildFile; fileRef = B361AF9E2A57130D00841DA1 /* GameScene.swift */; };
		B361AFA12A57130D00841DA1 /* GameViewController.swift in Sources */ = {isa = PBXBuildFile; fileRef = B361AFA02A57130D00841DA1 /* GameViewController.swift */; };
		B361AFA42A57130D00841DA1 /* Main.storyboard in Resources */ = {isa = PBXBuildFile; fileRef = B361AFA22A57130D00841DA1 /* Main.storyboard */; };
		B361AFA62A57130D00841DA1 /* Assets.xcassets in Resources */ = {isa = PBXBuildFile; fileRef = B361AFA52A57130D00841DA1 /* Assets.xcassets */; };
		B361AFA92A57130D00841DA1 /* LaunchScreen.storyboard in Resources */ = {isa = PBXBuildFile; fileRef = B361AFA72A57130D00841DA1 /* LaunchScreen.storyboard */; };
		B361AFB32A57130D00841DA1 /* TestGame01Tests.swift in Sources */ = {isa = PBXBuildFile; fileRef = B361AFB22A57130D00841DA1 /* TestGame01Tests.swift */; };
		B361AFBD2A57130D00841DA1 /* TestGame01UITests.swift in Sources */ = {isa = PBXBuildFile; fileRef = B361AFBC2A57130D00841DA1 /* TestGame01UITests.swift */; };
		B361AFBF2A57130D00841DA1 /* TestGame01UITestsLaunchTests.swift in Sources */ = {isa = PBXBuildFile; fileRef = B361AFBE2A57130D00841DA1 /* TestGame01UITestsLaunchTests.swift */; };
		B3ED9E502A5B6BDC00825C65 /* SkButton.swift in Sources */ = {isa = PBXBuildFile; fileRef = B3ED9E4F2A5B6BDC00825C65 /* SkButton.swift */; };
		B3FCF1752A5EE1C100D9F4DB /* Preview.swift in Sources */ = {isa = PBXBuildFile; fileRef = B3ED9ED42A5CBA4300825C65 /* Preview.swift */; };
/* End PBXBuildFile section */

/* Begin PBXContainerItemProxy section */
		B361AFAF2A57130D00841DA1 /* PBXContainerItemProxy */ = {
			isa = PBXContainerItemProxy;
			containerPortal = B361AF8D2A57130C00841DA1 /* Project object */;
			proxyType = 1;
			remoteGlobalIDString = B361AF942A57130D00841DA1;
			remoteInfo = TestGame01;
		};
		B361AFB92A57130D00841DA1 /* PBXContainerItemProxy */ = {
			isa = PBXContainerItemProxy;
			containerPortal = B361AF8D2A57130C00841DA1 /* Project object */;
			proxyType = 1;
			remoteGlobalIDString = B361AF942A57130D00841DA1;
			remoteInfo = TestGame01;
		};
/* End PBXContainerItemProxy section */

/* Begin PBXFileReference section */
		B361AF952A57130D00841DA1 /* TestGame01.app */ = {isa = PBXFileReference; explicitFileType = wrapper.application; includeInIndex = 0; path = TestGame01.app; sourceTree = BUILT_PRODUCTS_DIR; };
		B361AF982A57130D00841DA1 /* AppDelegate.swift */ = {isa = PBXFileReference; lastKnownFileType = sourcecode.swift; path = AppDelegate.swift; sourceTree = "<group>"; };
		B361AF9A2A57130D00841DA1 /* GameScene.sks */ = {isa = PBXFileReference; lastKnownFileType = file.sks; path = GameScene.sks; sourceTree = "<group>"; };
		B361AF9C2A57130D00841DA1 /* Actions.sks */ = {isa = PBXFileReference; lastKnownFileType = file.sks; path = Actions.sks; sourceTree = "<group>"; };
		B361AF9E2A57130D00841DA1 /* GameScene.swift */ = {isa = PBXFileReference; lastKnownFileType = sourcecode.swift; path = GameScene.swift; sourceTree = "<group>"; };
		B361AFA02A57130D00841DA1 /* GameViewController.swift */ = {isa = PBXFileReference; lastKnownFileType = sourcecode.swift; path = GameViewController.swift; sourceTree = "<group>"; };
		B361AFA32A57130D00841DA1 /* Base */ = {isa = PBXFileReference; lastKnownFileType = file.storyboard; name = Base; path = Base.lproj/Main.storyboard; sourceTree = "<group>"; };
		B361AFA52A57130D00841DA1 /* Assets.xcassets */ = {isa = PBXFileReference; lastKnownFileType = folder.assetcatalog; path = Assets.xcassets; sourceTree = "<group>"; };
		B361AFA82A57130D00841DA1 /* Base */ = {isa = PBXFileReference; lastKnownFileType = file.storyboard; name = Base; path = Base.lproj/LaunchScreen.storyboard; sourceTree = "<group>"; };
		B361AFAE2A57130D00841DA1 /* TestGame01Tests.xctest */ = {isa = PBXFileReference; explicitFileType = wrapper.cfbundle; includeInIndex = 0; path = TestGame01Tests.xctest; sourceTree = BUILT_PRODUCTS_DIR; };
		B361AFB22A57130D00841DA1 /* TestGame01Tests.swift */ = {isa = PBXFileReference; lastKnownFileType = sourcecode.swift; path = TestGame01Tests.swift; sourceTree = "<group>"; };
		B361AFB82A57130D00841DA1 /* TestGame01UITests.xctest */ = {isa = PBXFileReference; explicitFileType = wrapper.cfbundle; includeInIndex = 0; path = TestGame01UITests.xctest; sourceTree = BUILT_PRODUCTS_DIR; };
		B361AFBC2A57130D00841DA1 /* TestGame01UITests.swift */ = {isa = PBXFileReference; lastKnownFileType = sourcecode.swift; path = TestGame01UITests.swift; sourceTree = "<group>"; };
		B361AFBE2A57130D00841DA1 /* TestGame01UITestsLaunchTests.swift */ = {isa = PBXFileReference; lastKnownFileType = sourcecode.swift; path = TestGame01UITestsLaunchTests.swift; sourceTree = "<group>"; };
		B3ED9E4F2A5B6BDC00825C65 /* SkButton.swift */ = {isa = PBXFileReference; lastKnownFileType = sourcecode.swift; path = SkButton.swift; sourceTree = "<group>"; };
		B3ED9ED42A5CBA4300825C65 /* Preview.swift */ = {isa = PBXFileReference; lastKnownFileType = sourcecode.swift; path = Preview.swift; sourceTree = "<group>"; };
/* End PBXFileReference section */

/* Begin PBXFrameworksBuildPhase section */
		B361AF922A57130D00841DA1 /* Frameworks */ = {
			isa = PBXFrameworksBuildPhase;
			buildActionMask = 2147483647;
			files = (
			);
			runOnlyForDeploymentPostprocessing = 0;
		};
		B361AFAB2A57130D00841DA1 /* Frameworks */ = {
			isa = PBXFrameworksBuildPhase;
			buildActionMask = 2147483647;
			files = (
			);
			runOnlyForDeploymentPostprocessing = 0;
		};
		B361AFB52A57130D00841DA1 /* Frameworks */ = {
			isa = PBXFrameworksBuildPhase;
			buildActionMask = 2147483647;
			files = (
			);
			runOnlyForDeploymentPostprocessing = 0;
		};
/* End PBXFrameworksBuildPhase section */

/* Begin PBXGroup section */
		B361AF8C2A57130C00841DA1 = {
			isa = PBXGroup;
			children = (
				B361AF972A57130D00841DA1 /* TestGame01 */,
				B361AFB12A57130D00841DA1 /* TestGame01Tests */,
				B361AFBB2A57130D00841DA1 /* TestGame01UITests */,
				B361AF962A57130D00841DA1 /* Products */,
			);
			sourceTree = "<group>";
		};
		B361AF962A57130D00841DA1 /* Products */ = {
			isa = PBXGroup;
			children = (
				B361AF952A57130D00841DA1 /* TestGame01.app */,
				B361AFAE2A57130D00841DA1 /* TestGame01Tests.xctest */,
				B361AFB82A57130D00841DA1 /* TestGame01UITests.xctest */,
			);
			name = Products;
			sourceTree = "<group>";
		};
		B361AF972A57130D00841DA1 /* TestGame01 */ = {
			isa = PBXGroup;
			children = (
				B3D5A34F2A608C8F004C3920 /* App */,
				B3ED9ED42A5CBA4300825C65 /* Preview.swift */,
				B3ED9E512A5B6C2900825C65 /* Things */,
				B3D5A34E2A608C62004C3920 /* Scene */,
				B361AFA52A57130D00841DA1 /* Assets.xcassets */,
			);
			path = TestGame01;
			sourceTree = "<group>";
		};
		B361AFB12A57130D00841DA1 /* TestGame01Tests */ = {
			isa = PBXGroup;
			children = (
				B361AFB22A57130D00841DA1 /* TestGame01Tests.swift */,
			);
			path = TestGame01Tests;
			sourceTree = "<group>";
		};
		B361AFBB2A57130D00841DA1 /* TestGame01UITests */ = {
			isa = PBXGroup;
			children = (
				B361AFBC2A57130D00841DA1 /* TestGame01UITests.swift */,
				B361AFBE2A57130D00841DA1 /* TestGame01UITestsLaunchTests.swift */,
			);
			path = TestGame01UITests;
			sourceTree = "<group>";
		};
		B3D5A34E2A608C62004C3920 /* Scene */ = {
			isa = PBXGroup;
			children = (
				B361AF9E2A57130D00841DA1 /* GameScene.swift */,
				B361AF9A2A57130D00841DA1 /* GameScene.sks */,
				B361AF9C2A57130D00841DA1 /* Actions.sks */,
			);
			path = Scene;
			sourceTree = "<group>";
		};
		B3D5A34F2A608C8F004C3920 /* App */ = {
			isa = PBXGroup;
			children = (
				B361AF982A57130D00841DA1 /* AppDelegate.swift */,
				B361AFA22A57130D00841DA1 /* Main.storyboard */,
				B361AFA72A57130D00841DA1 /* LaunchScreen.storyboard */,
				B361AFA02A57130D00841DA1 /* GameViewController.swift */,
			);
			path = App;
			sourceTree = "<group>";
		};
		B3ED9E512A5B6C2900825C65 /* Things */ = {
			isa = PBXGroup;
			children = (
				B3ED9E4F2A5B6BDC00825C65 /* SkButton.swift */,
			);
			path = Things;
			sourceTree = "<group>";
		};
/* End PBXGroup section */

/* Begin PBXNativeTarget section */
		B361AF942A57130D00841DA1 /* TestGame01 */ = {
			isa = PBXNativeTarget;
			buildConfigurationList = B361AFC22A57130D00841DA1 /* Build configuration list for PBXNativeTarget "TestGame01" */;
			buildPhases = (
				B361AF912A57130D00841DA1 /* Sources */,
				B361AF922A57130D00841DA1 /* Frameworks */,
				B361AF932A57130D00841DA1 /* Resources */,
			);
			buildRules = (
			);
			dependencies = (
			);
			name = TestGame01;
			productName = TestGame01;
			productReference = B361AF952A57130D00841DA1 /* TestGame01.app */;
			productType = "com.apple.product-type.application";
		};
		B361AFAD2A57130D00841DA1 /* TestGame01Tests */ = {
			isa = PBXNativeTarget;
			buildConfigurationList = B361AFC52A57130D00841DA1 /* Build configuration list for PBXNativeTarget "TestGame01Tests" */;
			buildPhases = (
				B361AFAA2A57130D00841DA1 /* Sources */,
				B361AFAB2A57130D00841DA1 /* Frameworks */,
				B361AFAC2A57130D00841DA1 /* Resources */,
			);
			buildRules = (
			);
			dependencies = (
				B361AFB02A57130D00841DA1 /* PBXTargetDependency */,
			);
			name = TestGame01Tests;
			productName = TestGame01Tests;
			productReference = B361AFAE2A57130D00841DA1 /* TestGame01Tests.xctest */;
			productType = "com.apple.product-type.bundle.unit-test";
		};
		B361AFB72A57130D00841DA1 /* TestGame01UITests */ = {
			isa = PBXNativeTarget;
			buildConfigurationList = B361AFC82A57130D00841DA1 /* Build configuration list for PBXNativeTarget "TestGame01UITests" */;
			buildPhases = (
				B361AFB42A57130D00841DA1 /* Sources */,
				B361AFB52A57130D00841DA1 /* Frameworks */,
				B361AFB62A57130D00841DA1 /* Resources */,
			);
			buildRules = (
			);
			dependencies = (
				B361AFBA2A57130D00841DA1 /* PBXTargetDependency */,
			);
			name = TestGame01UITests;
			productName = TestGame01UITests;
			productReference = B361AFB82A57130D00841DA1 /* TestGame01UITests.xctest */;
			productType = "com.apple.product-type.bundle.ui-testing";
		};
/* End PBXNativeTarget section */

/* Begin PBXProject section */
		B361AF8D2A57130C00841DA1 /* Project object */ = {
			isa = PBXProject;
			attributes = {
				BuildIndependentTargetsInParallel = 1;
				LastSwiftUpdateCheck = 1430;
				LastUpgradeCheck = 1430;
				TargetAttributes = {
					B361AF942A57130D00841DA1 = {
						CreatedOnToolsVersion = 14.3.1;
					};
					B361AFAD2A57130D00841DA1 = {
						CreatedOnToolsVersion = 14.3.1;
						TestTargetID = B361AF942A57130D00841DA1;
					};
					B361AFB72A57130D00841DA1 = {
						CreatedOnToolsVersion = 14.3.1;
						TestTargetID = B361AF942A57130D00841DA1;
					};
				};
			};
			buildConfigurationList = B361AF902A57130C00841DA1 /* Build configuration list for PBXProject "TestGame01" */;
			compatibilityVersion = "Xcode 14.0";
			developmentRegion = en;
			hasScannedForEncodings = 0;
			knownRegions = (
				en,
				Base,
			);
			mainGroup = B361AF8C2A57130C00841DA1;
			productRefGroup = B361AF962A57130D00841DA1 /* Products */;
			projectDirPath = "";
			projectRoot = "";
			targets = (
				B361AF942A57130D00841DA1 /* TestGame01 */,
				B361AFAD2A57130D00841DA1 /* TestGame01Tests */,
				B361AFB72A57130D00841DA1 /* TestGame01UITests */,
			);
		};
/* End PBXProject section */

/* Begin PBXResourcesBuildPhase section */
		B361AF932A57130D00841DA1 /* Resources */ = {
			isa = PBXResourcesBuildPhase;
			buildActionMask = 2147483647;
			files = (
				B361AFA42A57130D00841DA1 /* Main.storyboard in Resources */,
				B361AF9B2A57130D00841DA1 /* GameScene.sks in Resources */,
				B361AFA62A57130D00841DA1 /* Assets.xcassets in Resources */,
				B361AFA92A57130D00841DA1 /* LaunchScreen.storyboard in Resources */,
				B361AF9D2A57130D00841DA1 /* Actions.sks in Resources */,
			);
			runOnlyForDeploymentPostprocessing = 0;
		};
		B361AFAC2A57130D00841DA1 /* Resources */ = {
			isa = PBXResourcesBuildPhase;
			buildActionMask = 2147483647;
			files = (
			);
			runOnlyForDeploymentPostprocessing = 0;
		};
		B361AFB62A57130D00841DA1 /* Resources */ = {
			isa = PBXResourcesBuildPhase;
			buildActionMask = 2147483647;
			files = (
			);
			runOnlyForDeploymentPostprocessing = 0;
		};
/* End PBXResourcesBuildPhase section */

/* Begin PBXSourcesBuildPhase section */
		B361AF912A57130D00841DA1 /* Sources */ = {
			isa = PBXSourcesBuildPhase;
			buildActionMask = 2147483647;
			files = (
				B361AF9F2A57130D00841DA1 /* GameScene.swift in Sources */,
				B361AFA12A57130D00841DA1 /* GameViewController.swift in Sources */,
				B361AF992A57130D00841DA1 /* AppDelegate.swift in Sources */,
				B3FCF1752A5EE1C100D9F4DB /* Preview.swift in Sources */,
				B3ED9E502A5B6BDC00825C65 /* SkButton.swift in Sources */,
			);
			runOnlyForDeploymentPostprocessing = 0;
		};
		B361AFAA2A57130D00841DA1 /* Sources */ = {
			isa = PBXSourcesBuildPhase;
			buildActionMask = 2147483647;
			files = (
				B361AFB32A57130D00841DA1 /* TestGame01Tests.swift in Sources */,
			);
			runOnlyForDeploymentPostprocessing = 0;
		};
		B361AFB42A57130D00841DA1 /* Sources */ = {
			isa = PBXSourcesBuildPhase;
			buildActionMask = 2147483647;
			files = (
				B361AFBD2A57130D00841DA1 /* TestGame01UITests.swift in Sources */,
				B361AFBF2A57130D00841DA1 /* TestGame01UITestsLaunchTests.swift in Sources */,
			);
			runOnlyForDeploymentPostprocessing = 0;
		};
/* End PBXSourcesBuildPhase section */

/* Begin PBXTargetDependency section */
		B361AFB02A57130D00841DA1 /* PBXTargetDependency */ = {
			isa = PBXTargetDependency;
			target = B361AF942A57130D00841DA1 /* TestGame01 */;
			targetProxy = B361AFAF2A57130D00841DA1 /* PBXContainerItemProxy */;
		};
		B361AFBA2A57130D00841DA1 /* PBXTargetDependency */ = {
			isa = PBXTargetDependency;
			target = B361AF942A57130D00841DA1 /* TestGame01 */;
			targetProxy = B361AFB92A57130D00841DA1 /* PBXContainerItemProxy */;
		};
/* End PBXTargetDependency section */

/* Begin PBXVariantGroup section */
		B361AFA22A57130D00841DA1 /* Main.storyboard */ = {
			isa = PBXVariantGroup;
			children = (
				B361AFA32A57130D00841DA1 /* Base */,
			);
			name = Main.storyboard;
			sourceTree = "<group>";
		};
		B361AFA72A57130D00841DA1 /* LaunchScreen.storyboard */ = {
			isa = PBXVariantGroup;
			children = (
				B361AFA82A57130D00841DA1 /* Base */,
			);
			name = LaunchScreen.storyboard;
			sourceTree = "<group>";
		};
/* End PBXVariantGroup section */

/* Begin XCBuildConfiguration section */
		B361AFC02A57130D00841DA1 /* Debug */ = {
			isa = XCBuildConfiguration;
			buildSettings = {
				ALWAYS_SEARCH_USER_PATHS = NO;
				CLANG_ANALYZER_NONNULL = YES;
				CLANG_ANALYZER_NUMBER_OBJECT_CONVERSION = YES_AGGRESSIVE;
				CLANG_CXX_LANGUAGE_STANDARD = "gnu++20";
				CLANG_ENABLE_MODULES = YES;
				CLANG_ENABLE_OBJC_ARC = YES;
				CLANG_ENABLE_OBJC_WEAK = YES;
				CLANG_WARN_BLOCK_CAPTURE_AUTORELEASING = YES;
				CLANG_WARN_BOOL_CONVERSION = YES;
				CLANG_WARN_COMMA = YES;
				CLANG_WARN_CONSTANT_CONVERSION = YES;
				CLANG_WARN_DEPRECATED_OBJC_IMPLEMENTATIONS = YES;
				CLANG_WARN_DIRECT_OBJC_ISA_USAGE = YES_ERROR;
				CLANG_WARN_DOCUMENTATION_COMMENTS = YES;
				CLANG_WARN_EMPTY_BODY = YES;
				CLANG_WARN_ENUM_CONVERSION = YES;
				CLANG_WARN_INFINITE_RECURSION = YES;
				CLANG_WARN_INT_CONVERSION = YES;
				CLANG_WARN_NON_LITERAL_NULL_CONVERSION = YES;
				CLANG_WARN_OBJC_IMPLICIT_RETAIN_SELF = YES;
				CLANG_WARN_OBJC_LITERAL_CONVERSION = YES;
				CLANG_WARN_OBJC_ROOT_CLASS = YES_ERROR;
				CLANG_WARN_QUOTED_INCLUDE_IN_FRAMEWORK_HEADER = YES;
				CLANG_WARN_RANGE_LOOP_ANALYSIS = YES;
				CLANG_WARN_STRICT_PROTOTYPES = YES;
				CLANG_WARN_SUSPICIOUS_MOVE = YES;
				CLANG_WARN_UNGUARDED_AVAILABILITY = YES_AGGRESSIVE;
				CLANG_WARN_UNREACHABLE_CODE = YES;
				CLANG_WARN__DUPLICATE_METHOD_MATCH = YES;
				COPY_PHASE_STRIP = NO;
				DEBUG_INFORMATION_FORMAT = dwarf;
				ENABLE_STRICT_OBJC_MSGSEND = YES;
				ENABLE_TESTABILITY = YES;
				GCC_C_LANGUAGE_STANDARD = gnu11;
				GCC_DYNAMIC_NO_PIC = NO;
				GCC_NO_COMMON_BLOCKS = YES;
				GCC_OPTIMIZATION_LEVEL = 0;
				GCC_PREPROCESSOR_DEFINITIONS = (
					"DEBUG=1",
					"$(inherited)",
				);
				GCC_WARN_64_TO_32_BIT_CONVERSION = YES;
				GCC_WARN_ABOUT_RETURN_TYPE = YES_ERROR;
				GCC_WARN_UNDECLARED_SELECTOR = YES;
				GCC_WARN_UNINITIALIZED_AUTOS = YES_AGGRESSIVE;
				GCC_WARN_UNUSED_FUNCTION = YES;
				GCC_WARN_UNUSED_VARIABLE = YES;
				IPHONEOS_DEPLOYMENT_TARGET = 16.4;
				MTL_ENABLE_DEBUG_INFO = INCLUDE_SOURCE;
				MTL_FAST_MATH = YES;
				ONLY_ACTIVE_ARCH = YES;
				SDKROOT = iphoneos;
				SWIFT_ACTIVE_COMPILATION_CONDITIONS = DEBUG;
				SWIFT_OPTIMIZATION_LEVEL = "-Onone";
			};
			name = Debug;
		};
		B361AFC12A57130D00841DA1 /* Release */ = {
			isa = XCBuildConfiguration;
			buildSettings = {
				ALWAYS_SEARCH_USER_PATHS = NO;
				CLANG_ANALYZER_NONNULL = YES;
				CLANG_ANALYZER_NUMBER_OBJECT_CONVERSION = YES_AGGRESSIVE;
				CLANG_CXX_LANGUAGE_STANDARD = "gnu++20";
				CLANG_ENABLE_MODULES = YES;
				CLANG_ENABLE_OBJC_ARC = YES;
				CLANG_ENABLE_OBJC_WEAK = YES;
				CLANG_WARN_BLOCK_CAPTURE_AUTORELEASING = YES;
				CLANG_WARN_BOOL_CONVERSION = YES;
				CLANG_WARN_COMMA = YES;
				CLANG_WARN_CONSTANT_CONVERSION = YES;
				CLANG_WARN_DEPRECATED_OBJC_IMPLEMENTATIONS = YES;
				CLANG_WARN_DIRECT_OBJC_ISA_USAGE = YES_ERROR;
				CLANG_WARN_DOCUMENTATION_COMMENTS = YES;
				CLANG_WARN_EMPTY_BODY = YES;
				CLANG_WARN_ENUM_CONVERSION = YES;
				CLANG_WARN_INFINITE_RECURSION = YES;
				CLANG_WARN_INT_CONVERSION = YES;
				CLANG_WARN_NON_LITERAL_NULL_CONVERSION = YES;
				CLANG_WARN_OBJC_IMPLICIT_RETAIN_SELF = YES;
				CLANG_WARN_OBJC_LITERAL_CONVERSION = YES;
				CLANG_WARN_OBJC_ROOT_CLASS = YES_ERROR;
				CLANG_WARN_QUOTED_INCLUDE_IN_FRAMEWORK_HEADER = YES;
				CLANG_WARN_RANGE_LOOP_ANALYSIS = YES;
				CLANG_WARN_STRICT_PROTOTYPES = YES;
				CLANG_WARN_SUSPICIOUS_MOVE = YES;
				CLANG_WARN_UNGUARDED_AVAILABILITY = YES_AGGRESSIVE;
				CLANG_WARN_UNREACHABLE_CODE = YES;
				CLANG_WARN__DUPLICATE_METHOD_MATCH = YES;
				COPY_PHASE_STRIP = NO;
				DEBUG_INFORMATION_FORMAT = "dwarf-with-dsym";
				ENABLE_NS_ASSERTIONS = NO;
				ENABLE_STRICT_OBJC_MSGSEND = YES;
				GCC_C_LANGUAGE_STANDARD = gnu11;
				GCC_NO_COMMON_BLOCKS = YES;
				GCC_WARN_64_TO_32_BIT_CONVERSION = YES;
				GCC_WARN_ABOUT_RETURN_TYPE = YES_ERROR;
				GCC_WARN_UNDECLARED_SELECTOR = YES;
				GCC_WARN_UNINITIALIZED_AUTOS = YES_AGGRESSIVE;
				GCC_WARN_UNUSED_FUNCTION = YES;
				GCC_WARN_UNUSED_VARIABLE = YES;
				IPHONEOS_DEPLOYMENT_TARGET = 16.4;
				MTL_ENABLE_DEBUG_INFO = NO;
				MTL_FAST_MATH = YES;
				SDKROOT = iphoneos;
				SWIFT_COMPILATION_MODE = wholemodule;
				SWIFT_OPTIMIZATION_LEVEL = "-O";
				VALIDATE_PRODUCT = YES;
			};
			name = Release;
		};
		B361AFC32A57130D00841DA1 /* Debug */ = {
			isa = XCBuildConfiguration;
			buildSettings = {
				ASSETCATALOG_COMPILER_APPICON_NAME = AppIcon;
				ASSETCATALOG_COMPILER_GLOBAL_ACCENT_COLOR_NAME = AccentColor;
				CODE_SIGN_STYLE = Automatic;
				CURRENT_PROJECT_VERSION = 1;
				DEVELOPMENT_TEAM = KV78S9S54R;
				GENERATE_INFOPLIST_FILE = YES;
				INFOPLIST_KEY_UIApplicationSupportsIndirectInputEvents = YES;
				INFOPLIST_KEY_UILaunchStoryboardName = LaunchScreen;
				INFOPLIST_KEY_UIMainStoryboardFile = Main;
				INFOPLIST_KEY_UIStatusBarHidden = YES;
				INFOPLIST_KEY_UISupportedInterfaceOrientations = "UIInterfaceOrientationLandscapeLeft UIInterfaceOrientationLandscapeRight";
				INFOPLIST_KEY_UISupportedInterfaceOrientations_iPad = "UIInterfaceOrientationLandscapeLeft UIInterfaceOrientationLandscapeRight UIInterfaceOrientationPortrait UIInterfaceOrientationPortraitUpsideDown";
				LD_RUNPATH_SEARCH_PATHS = (
					"$(inherited)",
					"@executable_path/Frameworks",
				);
				MARKETING_VERSION = 1.0;
				PRODUCT_BUNDLE_IDENTIFIER = Jairo.TestGame01;
				PRODUCT_NAME = "$(TARGET_NAME)";
				SWIFT_EMIT_LOC_STRINGS = YES;
				SWIFT_VERSION = 5.0;
				TARGETED_DEVICE_FAMILY = "1,2";
			};
			name = Debug;
		};
		B361AFC42A57130D00841DA1 /* Release */ = {
			isa = XCBuildConfiguration;
			buildSettings = {
				ASSETCATALOG_COMPILER_APPICON_NAME = AppIcon;
				ASSETCATALOG_COMPILER_GLOBAL_ACCENT_COLOR_NAME = AccentColor;
				CODE_SIGN_STYLE = Automatic;
				CURRENT_PROJECT_VERSION = 1;
				DEVELOPMENT_TEAM = KV78S9S54R;
				GENERATE_INFOPLIST_FILE = YES;
				INFOPLIST_KEY_UIApplicationSupportsIndirectInputEvents = YES;
				INFOPLIST_KEY_UILaunchStoryboardName = LaunchScreen;
				INFOPLIST_KEY_UIMainStoryboardFile = Main;
				INFOPLIST_KEY_UIStatusBarHidden = YES;
				INFOPLIST_KEY_UISupportedInterfaceOrientations = "UIInterfaceOrientationLandscapeLeft UIInterfaceOrientationLandscapeRight";
				INFOPLIST_KEY_UISupportedInterfaceOrientations_iPad = "UIInterfaceOrientationLandscapeLeft UIInterfaceOrientationLandscapeRight UIInterfaceOrientationPortrait UIInterfaceOrientationPortraitUpsideDown";
				LD_RUNPATH_SEARCH_PATHS = (
					"$(inherited)",
					"@executable_path/Frameworks",
				);
				MARKETING_VERSION = 1.0;
				PRODUCT_BUNDLE_IDENTIFIER = Jairo.TestGame01;
				PRODUCT_NAME = "$(TARGET_NAME)";
				SWIFT_EMIT_LOC_STRINGS = YES;
				SWIFT_VERSION = 5.0;
				TARGETED_DEVICE_FAMILY = "1,2";
			};
			name = Release;
		};
		B361AFC62A57130D00841DA1 /* Debug */ = {
			isa = XCBuildConfiguration;
			buildSettings = {
				ALWAYS_EMBED_SWIFT_STANDARD_LIBRARIES = YES;
				BUNDLE_LOADER = "$(TEST_HOST)";
				CODE_SIGN_STYLE = Automatic;
				CURRENT_PROJECT_VERSION = 1;
				DEVELOPMENT_TEAM = KV78S9S54R;
				GENERATE_INFOPLIST_FILE = YES;
				IPHONEOS_DEPLOYMENT_TARGET = 16.4;
				MARKETING_VERSION = 1.0;
				PRODUCT_BUNDLE_IDENTIFIER = Jairo.TestGame01Tests;
				PRODUCT_NAME = "$(TARGET_NAME)";
				SWIFT_EMIT_LOC_STRINGS = NO;
				SWIFT_VERSION = 5.0;
				TARGETED_DEVICE_FAMILY = "1,2";
				TEST_HOST = "$(BUILT_PRODUCTS_DIR)/TestGame01.app/$(BUNDLE_EXECUTABLE_FOLDER_PATH)/TestGame01";
			};
			name = Debug;
		};
		B361AFC72A57130D00841DA1 /* Release */ = {
			isa = XCBuildConfiguration;
			buildSettings = {
				ALWAYS_EMBED_SWIFT_STANDARD_LIBRARIES = YES;
				BUNDLE_LOADER = "$(TEST_HOST)";
				CODE_SIGN_STYLE = Automatic;
				CURRENT_PROJECT_VERSION = 1;
				DEVELOPMENT_TEAM = KV78S9S54R;
				GENERATE_INFOPLIST_FILE = YES;
				IPHONEOS_DEPLOYMENT_TARGET = 16.4;
				MARKETING_VERSION = 1.0;
				PRODUCT_BUNDLE_IDENTIFIER = Jairo.TestGame01Tests;
				PRODUCT_NAME = "$(TARGET_NAME)";
				SWIFT_EMIT_LOC_STRINGS = NO;
				SWIFT_VERSION = 5.0;
				TARGETED_DEVICE_FAMILY = "1,2";
				TEST_HOST = "$(BUILT_PRODUCTS_DIR)/TestGame01.app/$(BUNDLE_EXECUTABLE_FOLDER_PATH)/TestGame01";
			};
			name = Release;
		};
		B361AFC92A57130D00841DA1 /* Debug */ = {
			isa = XCBuildConfiguration;
			buildSettings = {
				ALWAYS_EMBED_SWIFT_STANDARD_LIBRARIES = YES;
				CODE_SIGN_STYLE = Automatic;
				CURRENT_PROJECT_VERSION = 1;
				DEVELOPMENT_TEAM = KV78S9S54R;
				GENERATE_INFOPLIST_FILE = YES;
				MARKETING_VERSION = 1.0;
				PRODUCT_BUNDLE_IDENTIFIER = Jairo.TestGame01UITests;
				PRODUCT_NAME = "$(TARGET_NAME)";
				SWIFT_EMIT_LOC_STRINGS = NO;
				SWIFT_VERSION = 5.0;
				TARGETED_DEVICE_FAMILY = "1,2";
				TEST_TARGET_NAME = TestGame01;
			};
			name = Debug;
		};
		B361AFCA2A57130D00841DA1 /* Release */ = {
			isa = XCBuildConfiguration;
			buildSettings = {
				ALWAYS_EMBED_SWIFT_STANDARD_LIBRARIES = YES;
				CODE_SIGN_STYLE = Automatic;
				CURRENT_PROJECT_VERSION = 1;
				DEVELOPMENT_TEAM = KV78S9S54R;
				GENERATE_INFOPLIST_FILE = YES;
				MARKETING_VERSION = 1.0;
				PRODUCT_BUNDLE_IDENTIFIER = Jairo.TestGame01UITests;
				PRODUCT_NAME = "$(TARGET_NAME)";
				SWIFT_EMIT_LOC_STRINGS = NO;
				SWIFT_VERSION = 5.0;
				TARGETED_DEVICE_FAMILY = "1,2";
				TEST_TARGET_NAME = TestGame01;
			};
			name = Release;
		};
/* End XCBuildConfiguration section */

/* Begin XCConfigurationList section */
		B361AF902A57130C00841DA1 /* Build configuration list for PBXProject "TestGame01" */ = {
			isa = XCConfigurationList;
			buildConfigurations = (
				B361AFC02A57130D00841DA1 /* Debug */,
				B361AFC12A57130D00841DA1 /* Release */,
			);
			defaultConfigurationIsVisible = 0;
			defaultConfigurationName = Release;
		};
		B361AFC22A57130D00841DA1 /* Build configuration list for PBXNativeTarget "TestGame01" */ = {
			isa = XCConfigurationList;
			buildConfigurations = (
				B361AFC32A57130D00841DA1 /* Debug */,
				B361AFC42A57130D00841DA1 /* Release */,
			);
			defaultConfigurationIsVisible = 0;
			defaultConfigurationName = Release;
		};
		B361AFC52A57130D00841DA1 /* Build configuration list for PBXNativeTarget "TestGame01Tests" */ = {
			isa = XCConfigurationList;
			buildConfigurations = (
				B361AFC62A57130D00841DA1 /* Debug */,
				B361AFC72A57130D00841DA1 /* Release */,
			);
			defaultConfigurationIsVisible = 0;
			defaultConfigurationName = Release;
		};
		B361AFC82A57130D00841DA1 /* Build configuration list for PBXNativeTarget "TestGame01UITests" */ = {
			isa = XCConfigurationList;
			buildConfigurations = (
				B361AFC92A57130D00841DA1 /* Debug */,
				B361AFCA2A57130D00841DA1 /* Release */,
			);
			defaultConfigurationIsVisible = 0;
			defaultConfigurationName = Release;
		};
/* End XCConfigurationList section */
	};
	rootObject = B361AF8D2A57130C00841DA1 /* Project object */;
}
