// !$*UTF8*$!
{
	archiveVersion = 1;
	classes = {
	};
	objectVersion = 56;
	objects = {

/* Begin PBXBuildFile section */
<<<<<<< HEAD
		B32095EA2A5DCD7B007C0DB3 /* Jogador.swift in Sources */ = {isa = PBXBuildFile; fileRef = B32095E92A5DCD7B007C0DB3 /* Jogador.swift */; };
		B320962C2A5DDB63007C0DB3 /* a1.swift in Sources */ = {isa = PBXBuildFile; fileRef = B320962B2A5DDB63007C0DB3 /* a1.swift */; };
		B320962E2A5DEF39007C0DB3 /* Preview.swift in Sources */ = {isa = PBXBuildFile; fileRef = B32095A82A5D8CF9007C0DB3 /* Preview.swift */; };
=======
>>>>>>> parent of 44681c6 (pulo feito)
		B3ED9E9E2A5C383000825C65 /* AppDelegate.swift in Sources */ = {isa = PBXBuildFile; fileRef = B3ED9E9D2A5C383000825C65 /* AppDelegate.swift */; };
		B3ED9EA02A5C383000825C65 /* GameScene.sks in Resources */ = {isa = PBXBuildFile; fileRef = B3ED9E9F2A5C383000825C65 /* GameScene.sks */; };
		B3ED9EA22A5C383000825C65 /* Actions.sks in Resources */ = {isa = PBXBuildFile; fileRef = B3ED9EA12A5C383000825C65 /* Actions.sks */; };
		B3ED9EA42A5C383000825C65 /* GameScene.swift in Sources */ = {isa = PBXBuildFile; fileRef = B3ED9EA32A5C383000825C65 /* GameScene.swift */; };
		B3ED9EA62A5C383000825C65 /* GameViewController.swift in Sources */ = {isa = PBXBuildFile; fileRef = B3ED9EA52A5C383000825C65 /* GameViewController.swift */; };
		B3ED9EA92A5C383000825C65 /* Main.storyboard in Resources */ = {isa = PBXBuildFile; fileRef = B3ED9EA72A5C383000825C65 /* Main.storyboard */; };
		B3ED9EAB2A5C383100825C65 /* Assets.xcassets in Resources */ = {isa = PBXBuildFile; fileRef = B3ED9EAA2A5C383100825C65 /* Assets.xcassets */; };
		B3ED9EAE2A5C383100825C65 /* LaunchScreen.storyboard in Resources */ = {isa = PBXBuildFile; fileRef = B3ED9EAC2A5C383100825C65 /* LaunchScreen.storyboard */; };
		B3ED9EB82A5C383100825C65 /* TestePuloTests.swift in Sources */ = {isa = PBXBuildFile; fileRef = B3ED9EB72A5C383100825C65 /* TestePuloTests.swift */; };
		B3ED9EC22A5C383100825C65 /* TestePuloUITests.swift in Sources */ = {isa = PBXBuildFile; fileRef = B3ED9EC12A5C383100825C65 /* TestePuloUITests.swift */; };
		B3ED9EC42A5C383100825C65 /* TestePuloUITestsLaunchTests.swift in Sources */ = {isa = PBXBuildFile; fileRef = B3ED9EC32A5C383100825C65 /* TestePuloUITestsLaunchTests.swift */; };
/* End PBXBuildFile section */

/* Begin PBXContainerItemProxy section */
		B3ED9EB42A5C383100825C65 /* PBXContainerItemProxy */ = {
			isa = PBXContainerItemProxy;
			containerPortal = B3ED9E922A5C383000825C65 /* Project object */;
			proxyType = 1;
			remoteGlobalIDString = B3ED9E992A5C383000825C65;
			remoteInfo = TestePulo;
		};
		B3ED9EBE2A5C383100825C65 /* PBXContainerItemProxy */ = {
			isa = PBXContainerItemProxy;
			containerPortal = B3ED9E922A5C383000825C65 /* Project object */;
			proxyType = 1;
			remoteGlobalIDString = B3ED9E992A5C383000825C65;
			remoteInfo = TestePulo;
		};
/* End PBXContainerItemProxy section */

/* Begin PBXFileReference section */
		B3ED9E9A2A5C383000825C65 /* TestePulo.app */ = {isa = PBXFileReference; explicitFileType = wrapper.application; includeInIndex = 0; path = TestePulo.app; sourceTree = BUILT_PRODUCTS_DIR; };
		B3ED9E9D2A5C383000825C65 /* AppDelegate.swift */ = {isa = PBXFileReference; lastKnownFileType = sourcecode.swift; path = AppDelegate.swift; sourceTree = "<group>"; };
		B3ED9E9F2A5C383000825C65 /* GameScene.sks */ = {isa = PBXFileReference; lastKnownFileType = file.sks; path = GameScene.sks; sourceTree = "<group>"; };
		B3ED9EA12A5C383000825C65 /* Actions.sks */ = {isa = PBXFileReference; lastKnownFileType = file.sks; path = Actions.sks; sourceTree = "<group>"; };
		B3ED9EA32A5C383000825C65 /* GameScene.swift */ = {isa = PBXFileReference; lastKnownFileType = sourcecode.swift; path = GameScene.swift; sourceTree = "<group>"; };
		B3ED9EA52A5C383000825C65 /* GameViewController.swift */ = {isa = PBXFileReference; lastKnownFileType = sourcecode.swift; path = GameViewController.swift; sourceTree = "<group>"; };
		B3ED9EA82A5C383000825C65 /* Base */ = {isa = PBXFileReference; lastKnownFileType = file.storyboard; name = Base; path = Base.lproj/Main.storyboard; sourceTree = "<group>"; };
		B3ED9EAA2A5C383100825C65 /* Assets.xcassets */ = {isa = PBXFileReference; lastKnownFileType = folder.assetcatalog; path = Assets.xcassets; sourceTree = "<group>"; };
		B3ED9EAD2A5C383100825C65 /* Base */ = {isa = PBXFileReference; lastKnownFileType = file.storyboard; name = Base; path = Base.lproj/LaunchScreen.storyboard; sourceTree = "<group>"; };
		B3ED9EB32A5C383100825C65 /* TestePuloTests.xctest */ = {isa = PBXFileReference; explicitFileType = wrapper.cfbundle; includeInIndex = 0; path = TestePuloTests.xctest; sourceTree = BUILT_PRODUCTS_DIR; };
		B3ED9EB72A5C383100825C65 /* TestePuloTests.swift */ = {isa = PBXFileReference; lastKnownFileType = sourcecode.swift; path = TestePuloTests.swift; sourceTree = "<group>"; };
		B3ED9EBD2A5C383100825C65 /* TestePuloUITests.xctest */ = {isa = PBXFileReference; explicitFileType = wrapper.cfbundle; includeInIndex = 0; path = TestePuloUITests.xctest; sourceTree = BUILT_PRODUCTS_DIR; };
		B3ED9EC12A5C383100825C65 /* TestePuloUITests.swift */ = {isa = PBXFileReference; lastKnownFileType = sourcecode.swift; path = TestePuloUITests.swift; sourceTree = "<group>"; };
		B3ED9EC32A5C383100825C65 /* TestePuloUITestsLaunchTests.swift */ = {isa = PBXFileReference; lastKnownFileType = sourcecode.swift; path = TestePuloUITestsLaunchTests.swift; sourceTree = "<group>"; };
/* End PBXFileReference section */

/* Begin PBXFrameworksBuildPhase section */
		B3ED9E972A5C383000825C65 /* Frameworks */ = {
			isa = PBXFrameworksBuildPhase;
			buildActionMask = 2147483647;
			files = (
			);
			runOnlyForDeploymentPostprocessing = 0;
		};
		B3ED9EB02A5C383100825C65 /* Frameworks */ = {
			isa = PBXFrameworksBuildPhase;
			buildActionMask = 2147483647;
			files = (
			);
			runOnlyForDeploymentPostprocessing = 0;
		};
		B3ED9EBA2A5C383100825C65 /* Frameworks */ = {
			isa = PBXFrameworksBuildPhase;
			buildActionMask = 2147483647;
			files = (
			);
			runOnlyForDeploymentPostprocessing = 0;
		};
/* End PBXFrameworksBuildPhase section */

/* Begin PBXGroup section */
		B3ED9E912A5C383000825C65 = {
			isa = PBXGroup;
			children = (
				B3ED9E9C2A5C383000825C65 /* TestePulo */,
				B3ED9EB62A5C383100825C65 /* TestePuloTests */,
				B3ED9EC02A5C383100825C65 /* TestePuloUITests */,
				B3ED9E9B2A5C383000825C65 /* Products */,
			);
			sourceTree = "<group>";
		};
		B3ED9E9B2A5C383000825C65 /* Products */ = {
			isa = PBXGroup;
			children = (
				B3ED9E9A2A5C383000825C65 /* TestePulo.app */,
				B3ED9EB32A5C383100825C65 /* TestePuloTests.xctest */,
				B3ED9EBD2A5C383100825C65 /* TestePuloUITests.xctest */,
			);
			name = Products;
			sourceTree = "<group>";
		};
		B3ED9E9C2A5C383000825C65 /* TestePulo */ = {
			isa = PBXGroup;
			children = (
				B3ED9E9D2A5C383000825C65 /* AppDelegate.swift */,
				B3ED9E9F2A5C383000825C65 /* GameScene.sks */,
				B3ED9EA12A5C383000825C65 /* Actions.sks */,
				B3ED9EA32A5C383000825C65 /* GameScene.swift */,
				B3ED9EA52A5C383000825C65 /* GameViewController.swift */,
				B3ED9EA72A5C383000825C65 /* Main.storyboard */,
				B3ED9EAA2A5C383100825C65 /* Assets.xcassets */,
				B3ED9EAC2A5C383100825C65 /* LaunchScreen.storyboard */,
			);
			path = TestePulo;
			sourceTree = "<group>";
		};
		B3ED9EB62A5C383100825C65 /* TestePuloTests */ = {
			isa = PBXGroup;
			children = (
				B3ED9EB72A5C383100825C65 /* TestePuloTests.swift */,
			);
			path = TestePuloTests;
			sourceTree = "<group>";
		};
		B3ED9EC02A5C383100825C65 /* TestePuloUITests */ = {
			isa = PBXGroup;
			children = (
				B3ED9EC12A5C383100825C65 /* TestePuloUITests.swift */,
				B3ED9EC32A5C383100825C65 /* TestePuloUITestsLaunchTests.swift */,
			);
			path = TestePuloUITests;
			sourceTree = "<group>";
		};
/* End PBXGroup section */

/* Begin PBXNativeTarget section */
		B3ED9E992A5C383000825C65 /* TestePulo */ = {
			isa = PBXNativeTarget;
			buildConfigurationList = B3ED9EC72A5C383100825C65 /* Build configuration list for PBXNativeTarget "TestePulo" */;
			buildPhases = (
				B3ED9E962A5C383000825C65 /* Sources */,
				B3ED9E972A5C383000825C65 /* Frameworks */,
				B3ED9E982A5C383000825C65 /* Resources */,
			);
			buildRules = (
			);
			dependencies = (
			);
			name = TestePulo;
			productName = TestePulo;
			productReference = B3ED9E9A2A5C383000825C65 /* TestePulo.app */;
			productType = "com.apple.product-type.application";
		};
		B3ED9EB22A5C383100825C65 /* TestePuloTests */ = {
			isa = PBXNativeTarget;
			buildConfigurationList = B3ED9ECA2A5C383100825C65 /* Build configuration list for PBXNativeTarget "TestePuloTests" */;
			buildPhases = (
				B3ED9EAF2A5C383100825C65 /* Sources */,
				B3ED9EB02A5C383100825C65 /* Frameworks */,
				B3ED9EB12A5C383100825C65 /* Resources */,
			);
			buildRules = (
			);
			dependencies = (
				B3ED9EB52A5C383100825C65 /* PBXTargetDependency */,
			);
			name = TestePuloTests;
			productName = TestePuloTests;
			productReference = B3ED9EB32A5C383100825C65 /* TestePuloTests.xctest */;
			productType = "com.apple.product-type.bundle.unit-test";
		};
		B3ED9EBC2A5C383100825C65 /* TestePuloUITests */ = {
			isa = PBXNativeTarget;
			buildConfigurationList = B3ED9ECD2A5C383100825C65 /* Build configuration list for PBXNativeTarget "TestePuloUITests" */;
			buildPhases = (
				B3ED9EB92A5C383100825C65 /* Sources */,
				B3ED9EBA2A5C383100825C65 /* Frameworks */,
				B3ED9EBB2A5C383100825C65 /* Resources */,
			);
			buildRules = (
			);
			dependencies = (
				B3ED9EBF2A5C383100825C65 /* PBXTargetDependency */,
			);
			name = TestePuloUITests;
			productName = TestePuloUITests;
			productReference = B3ED9EBD2A5C383100825C65 /* TestePuloUITests.xctest */;
			productType = "com.apple.product-type.bundle.ui-testing";
		};
/* End PBXNativeTarget section */

/* Begin PBXProject section */
		B3ED9E922A5C383000825C65 /* Project object */ = {
			isa = PBXProject;
			attributes = {
				BuildIndependentTargetsInParallel = 1;
				LastSwiftUpdateCheck = 1430;
				LastUpgradeCheck = 1430;
				TargetAttributes = {
					B3ED9E992A5C383000825C65 = {
						CreatedOnToolsVersion = 14.3.1;
					};
					B3ED9EB22A5C383100825C65 = {
						CreatedOnToolsVersion = 14.3.1;
						TestTargetID = B3ED9E992A5C383000825C65;
					};
					B3ED9EBC2A5C383100825C65 = {
						CreatedOnToolsVersion = 14.3.1;
						TestTargetID = B3ED9E992A5C383000825C65;
					};
				};
			};
			buildConfigurationList = B3ED9E952A5C383000825C65 /* Build configuration list for PBXProject "TestePulo" */;
			compatibilityVersion = "Xcode 14.0";
			developmentRegion = en;
			hasScannedForEncodings = 0;
			knownRegions = (
				en,
				Base,
			);
			mainGroup = B3ED9E912A5C383000825C65;
			productRefGroup = B3ED9E9B2A5C383000825C65 /* Products */;
			projectDirPath = "";
			projectRoot = "";
			targets = (
				B3ED9E992A5C383000825C65 /* TestePulo */,
				B3ED9EB22A5C383100825C65 /* TestePuloTests */,
				B3ED9EBC2A5C383100825C65 /* TestePuloUITests */,
			);
		};
/* End PBXProject section */

/* Begin PBXResourcesBuildPhase section */
		B3ED9E982A5C383000825C65 /* Resources */ = {
			isa = PBXResourcesBuildPhase;
			buildActionMask = 2147483647;
			files = (
				B3ED9EA92A5C383000825C65 /* Main.storyboard in Resources */,
				B3ED9EA02A5C383000825C65 /* GameScene.sks in Resources */,
				B3ED9EAB2A5C383100825C65 /* Assets.xcassets in Resources */,
				B3ED9EAE2A5C383100825C65 /* LaunchScreen.storyboard in Resources */,
				B3ED9EA22A5C383000825C65 /* Actions.sks in Resources */,
			);
			runOnlyForDeploymentPostprocessing = 0;
		};
		B3ED9EB12A5C383100825C65 /* Resources */ = {
			isa = PBXResourcesBuildPhase;
			buildActionMask = 2147483647;
			files = (
			);
			runOnlyForDeploymentPostprocessing = 0;
		};
		B3ED9EBB2A5C383100825C65 /* Resources */ = {
			isa = PBXResourcesBuildPhase;
			buildActionMask = 2147483647;
			files = (
			);
			runOnlyForDeploymentPostprocessing = 0;
		};
/* End PBXResourcesBuildPhase section */

/* Begin PBXSourcesBuildPhase section */
		B3ED9E962A5C383000825C65 /* Sources */ = {
			isa = PBXSourcesBuildPhase;
			buildActionMask = 2147483647;
			files = (
				B3ED9EA42A5C383000825C65 /* GameScene.swift in Sources */,
				B3ED9EA62A5C383000825C65 /* GameViewController.swift in Sources */,
<<<<<<< HEAD
				B32095EA2A5DCD7B007C0DB3 /* Jogador.swift in Sources */,
				B320962E2A5DEF39007C0DB3 /* Preview.swift in Sources */,
=======
>>>>>>> parent of 44681c6 (pulo feito)
				B3ED9E9E2A5C383000825C65 /* AppDelegate.swift in Sources */,
			);
			runOnlyForDeploymentPostprocessing = 0;
		};
		B3ED9EAF2A5C383100825C65 /* Sources */ = {
			isa = PBXSourcesBuildPhase;
			buildActionMask = 2147483647;
			files = (
				B3ED9EB82A5C383100825C65 /* TestePuloTests.swift in Sources */,
			);
			runOnlyForDeploymentPostprocessing = 0;
		};
		B3ED9EB92A5C383100825C65 /* Sources */ = {
			isa = PBXSourcesBuildPhase;
			buildActionMask = 2147483647;
			files = (
				B3ED9EC42A5C383100825C65 /* TestePuloUITestsLaunchTests.swift in Sources */,
				B3ED9EC22A5C383100825C65 /* TestePuloUITests.swift in Sources */,
			);
			runOnlyForDeploymentPostprocessing = 0;
		};
/* End PBXSourcesBuildPhase section */

/* Begin PBXTargetDependency section */
		B3ED9EB52A5C383100825C65 /* PBXTargetDependency */ = {
			isa = PBXTargetDependency;
			target = B3ED9E992A5C383000825C65 /* TestePulo */;
			targetProxy = B3ED9EB42A5C383100825C65 /* PBXContainerItemProxy */;
		};
		B3ED9EBF2A5C383100825C65 /* PBXTargetDependency */ = {
			isa = PBXTargetDependency;
			target = B3ED9E992A5C383000825C65 /* TestePulo */;
			targetProxy = B3ED9EBE2A5C383100825C65 /* PBXContainerItemProxy */;
		};
/* End PBXTargetDependency section */

/* Begin PBXVariantGroup section */
		B3ED9EA72A5C383000825C65 /* Main.storyboard */ = {
			isa = PBXVariantGroup;
			children = (
				B3ED9EA82A5C383000825C65 /* Base */,
			);
			name = Main.storyboard;
			sourceTree = "<group>";
		};
		B3ED9EAC2A5C383100825C65 /* LaunchScreen.storyboard */ = {
			isa = PBXVariantGroup;
			children = (
				B3ED9EAD2A5C383100825C65 /* Base */,
			);
			name = LaunchScreen.storyboard;
			sourceTree = "<group>";
		};
/* End PBXVariantGroup section */

/* Begin XCBuildConfiguration section */
		B3ED9EC52A5C383100825C65 /* Debug */ = {
			isa = XCBuildConfiguration;
			buildSettings = {
				ALWAYS_SEARCH_USER_PATHS = NO;
				CLANG_ANALYZER_NONNULL = YES;
				CLANG_ANALYZER_NUMBER_OBJECT_CONVERSION = YES_AGGRESSIVE;
				CLANG_CXX_LANGUAGE_STANDARD = "gnu++20";
				CLANG_ENABLE_MODULES = YES;
				CLANG_ENABLE_OBJC_ARC = YES;
				CLANG_ENABLE_OBJC_WEAK = YES;
				CLANG_WARN_BLOCK_CAPTURE_AUTORELEASING = YES;
				CLANG_WARN_BOOL_CONVERSION = YES;
				CLANG_WARN_COMMA = YES;
				CLANG_WARN_CONSTANT_CONVERSION = YES;
				CLANG_WARN_DEPRECATED_OBJC_IMPLEMENTATIONS = YES;
				CLANG_WARN_DIRECT_OBJC_ISA_USAGE = YES_ERROR;
				CLANG_WARN_DOCUMENTATION_COMMENTS = YES;
				CLANG_WARN_EMPTY_BODY = YES;
				CLANG_WARN_ENUM_CONVERSION = YES;
				CLANG_WARN_INFINITE_RECURSION = YES;
				CLANG_WARN_INT_CONVERSION = YES;
				CLANG_WARN_NON_LITERAL_NULL_CONVERSION = YES;
				CLANG_WARN_OBJC_IMPLICIT_RETAIN_SELF = YES;
				CLANG_WARN_OBJC_LITERAL_CONVERSION = YES;
				CLANG_WARN_OBJC_ROOT_CLASS = YES_ERROR;
				CLANG_WARN_QUOTED_INCLUDE_IN_FRAMEWORK_HEADER = YES;
				CLANG_WARN_RANGE_LOOP_ANALYSIS = YES;
				CLANG_WARN_STRICT_PROTOTYPES = YES;
				CLANG_WARN_SUSPICIOUS_MOVE = YES;
				CLANG_WARN_UNGUARDED_AVAILABILITY = YES_AGGRESSIVE;
				CLANG_WARN_UNREACHABLE_CODE = YES;
				CLANG_WARN__DUPLICATE_METHOD_MATCH = YES;
				COPY_PHASE_STRIP = NO;
				DEBUG_INFORMATION_FORMAT = dwarf;
				ENABLE_STRICT_OBJC_MSGSEND = YES;
				ENABLE_TESTABILITY = YES;
				GCC_C_LANGUAGE_STANDARD = gnu11;
				GCC_DYNAMIC_NO_PIC = NO;
				GCC_NO_COMMON_BLOCKS = YES;
				GCC_OPTIMIZATION_LEVEL = 0;
				GCC_PREPROCESSOR_DEFINITIONS = (
					"DEBUG=1",
					"$(inherited)",
				);
				GCC_WARN_64_TO_32_BIT_CONVERSION = YES;
				GCC_WARN_ABOUT_RETURN_TYPE = YES_ERROR;
				GCC_WARN_UNDECLARED_SELECTOR = YES;
				GCC_WARN_UNINITIALIZED_AUTOS = YES_AGGRESSIVE;
				GCC_WARN_UNUSED_FUNCTION = YES;
				GCC_WARN_UNUSED_VARIABLE = YES;
				IPHONEOS_DEPLOYMENT_TARGET = 16.4;
				MTL_ENABLE_DEBUG_INFO = INCLUDE_SOURCE;
				MTL_FAST_MATH = YES;
				ONLY_ACTIVE_ARCH = YES;
				SDKROOT = iphoneos;
				SWIFT_ACTIVE_COMPILATION_CONDITIONS = DEBUG;
				SWIFT_OPTIMIZATION_LEVEL = "-Onone";
			};
			name = Debug;
		};
		B3ED9EC62A5C383100825C65 /* Release */ = {
			isa = XCBuildConfiguration;
			buildSettings = {
				ALWAYS_SEARCH_USER_PATHS = NO;
				CLANG_ANALYZER_NONNULL = YES;
				CLANG_ANALYZER_NUMBER_OBJECT_CONVERSION = YES_AGGRESSIVE;
				CLANG_CXX_LANGUAGE_STANDARD = "gnu++20";
				CLANG_ENABLE_MODULES = YES;
				CLANG_ENABLE_OBJC_ARC = YES;
				CLANG_ENABLE_OBJC_WEAK = YES;
				CLANG_WARN_BLOCK_CAPTURE_AUTORELEASING = YES;
				CLANG_WARN_BOOL_CONVERSION = YES;
				CLANG_WARN_COMMA = YES;
				CLANG_WARN_CONSTANT_CONVERSION = YES;
				CLANG_WARN_DEPRECATED_OBJC_IMPLEMENTATIONS = YES;
				CLANG_WARN_DIRECT_OBJC_ISA_USAGE = YES_ERROR;
				CLANG_WARN_DOCUMENTATION_COMMENTS = YES;
				CLANG_WARN_EMPTY_BODY = YES;
				CLANG_WARN_ENUM_CONVERSION = YES;
				CLANG_WARN_INFINITE_RECURSION = YES;
				CLANG_WARN_INT_CONVERSION = YES;
				CLANG_WARN_NON_LITERAL_NULL_CONVERSION = YES;
				CLANG_WARN_OBJC_IMPLICIT_RETAIN_SELF = YES;
				CLANG_WARN_OBJC_LITERAL_CONVERSION = YES;
				CLANG_WARN_OBJC_ROOT_CLASS = YES_ERROR;
				CLANG_WARN_QUOTED_INCLUDE_IN_FRAMEWORK_HEADER = YES;
				CLANG_WARN_RANGE_LOOP_ANALYSIS = YES;
				CLANG_WARN_STRICT_PROTOTYPES = YES;
				CLANG_WARN_SUSPICIOUS_MOVE = YES;
				CLANG_WARN_UNGUARDED_AVAILABILITY = YES_AGGRESSIVE;
				CLANG_WARN_UNREACHABLE_CODE = YES;
				CLANG_WARN__DUPLICATE_METHOD_MATCH = YES;
				COPY_PHASE_STRIP = NO;
				DEBUG_INFORMATION_FORMAT = "dwarf-with-dsym";
				ENABLE_NS_ASSERTIONS = NO;
				ENABLE_STRICT_OBJC_MSGSEND = YES;
				GCC_C_LANGUAGE_STANDARD = gnu11;
				GCC_NO_COMMON_BLOCKS = YES;
				GCC_WARN_64_TO_32_BIT_CONVERSION = YES;
				GCC_WARN_ABOUT_RETURN_TYPE = YES_ERROR;
				GCC_WARN_UNDECLARED_SELECTOR = YES;
				GCC_WARN_UNINITIALIZED_AUTOS = YES_AGGRESSIVE;
				GCC_WARN_UNUSED_FUNCTION = YES;
				GCC_WARN_UNUSED_VARIABLE = YES;
				IPHONEOS_DEPLOYMENT_TARGET = 16.4;
				MTL_ENABLE_DEBUG_INFO = NO;
				MTL_FAST_MATH = YES;
				SDKROOT = iphoneos;
				SWIFT_COMPILATION_MODE = wholemodule;
				SWIFT_OPTIMIZATION_LEVEL = "-O";
				VALIDATE_PRODUCT = YES;
			};
			name = Release;
		};
		B3ED9EC82A5C383100825C65 /* Debug */ = {
			isa = XCBuildConfiguration;
			buildSettings = {
				ASSETCATALOG_COMPILER_APPICON_NAME = AppIcon;
				ASSETCATALOG_COMPILER_GLOBAL_ACCENT_COLOR_NAME = AccentColor;
				CODE_SIGN_STYLE = Automatic;
				CURRENT_PROJECT_VERSION = 1;
				DEVELOPMENT_TEAM = KV78S9S54R;
				GENERATE_INFOPLIST_FILE = YES;
				INFOPLIST_KEY_UIApplicationSupportsIndirectInputEvents = YES;
				INFOPLIST_KEY_UILaunchStoryboardName = LaunchScreen;
				INFOPLIST_KEY_UIMainStoryboardFile = Main;
				INFOPLIST_KEY_UIStatusBarHidden = YES;
				INFOPLIST_KEY_UISupportedInterfaceOrientations_iPad = "UIInterfaceOrientationPortrait UIInterfaceOrientationPortraitUpsideDown UIInterfaceOrientationLandscapeLeft UIInterfaceOrientationLandscapeRight";
				INFOPLIST_KEY_UISupportedInterfaceOrientations_iPhone = "UIInterfaceOrientationPortrait UIInterfaceOrientationLandscapeLeft UIInterfaceOrientationLandscapeRight";
				LD_RUNPATH_SEARCH_PATHS = (
					"$(inherited)",
					"@executable_path/Frameworks",
				);
				MARKETING_VERSION = 1.0;
				PRODUCT_BUNDLE_IDENTIFIER = Jairo.TestePulo;
				PRODUCT_NAME = "$(TARGET_NAME)";
				SWIFT_EMIT_LOC_STRINGS = YES;
				SWIFT_VERSION = 5.0;
				TARGETED_DEVICE_FAMILY = "1,2";
			};
			name = Debug;
		};
		B3ED9EC92A5C383100825C65 /* Release */ = {
			isa = XCBuildConfiguration;
			buildSettings = {
				ASSETCATALOG_COMPILER_APPICON_NAME = AppIcon;
				ASSETCATALOG_COMPILER_GLOBAL_ACCENT_COLOR_NAME = AccentColor;
				CODE_SIGN_STYLE = Automatic;
				CURRENT_PROJECT_VERSION = 1;
				DEVELOPMENT_TEAM = KV78S9S54R;
				GENERATE_INFOPLIST_FILE = YES;
				INFOPLIST_KEY_UIApplicationSupportsIndirectInputEvents = YES;
				INFOPLIST_KEY_UILaunchStoryboardName = LaunchScreen;
				INFOPLIST_KEY_UIMainStoryboardFile = Main;
				INFOPLIST_KEY_UIStatusBarHidden = YES;
				INFOPLIST_KEY_UISupportedInterfaceOrientations_iPad = "UIInterfaceOrientationPortrait UIInterfaceOrientationPortraitUpsideDown UIInterfaceOrientationLandscapeLeft UIInterfaceOrientationLandscapeRight";
				INFOPLIST_KEY_UISupportedInterfaceOrientations_iPhone = "UIInterfaceOrientationPortrait UIInterfaceOrientationLandscapeLeft UIInterfaceOrientationLandscapeRight";
				LD_RUNPATH_SEARCH_PATHS = (
					"$(inherited)",
					"@executable_path/Frameworks",
				);
				MARKETING_VERSION = 1.0;
				PRODUCT_BUNDLE_IDENTIFIER = Jairo.TestePulo;
				PRODUCT_NAME = "$(TARGET_NAME)";
				SWIFT_EMIT_LOC_STRINGS = YES;
				SWIFT_VERSION = 5.0;
				TARGETED_DEVICE_FAMILY = "1,2";
			};
			name = Release;
		};
		B3ED9ECB2A5C383100825C65 /* Debug */ = {
			isa = XCBuildConfiguration;
			buildSettings = {
				ALWAYS_EMBED_SWIFT_STANDARD_LIBRARIES = YES;
				BUNDLE_LOADER = "$(TEST_HOST)";
				CODE_SIGN_STYLE = Automatic;
				CURRENT_PROJECT_VERSION = 1;
				DEVELOPMENT_TEAM = KV78S9S54R;
				GENERATE_INFOPLIST_FILE = YES;
				IPHONEOS_DEPLOYMENT_TARGET = 16.4;
				MARKETING_VERSION = 1.0;
				PRODUCT_BUNDLE_IDENTIFIER = Jairo.TestePuloTests;
				PRODUCT_NAME = "$(TARGET_NAME)";
				SWIFT_EMIT_LOC_STRINGS = NO;
				SWIFT_VERSION = 5.0;
				TARGETED_DEVICE_FAMILY = "1,2";
				TEST_HOST = "$(BUILT_PRODUCTS_DIR)/TestePulo.app/$(BUNDLE_EXECUTABLE_FOLDER_PATH)/TestePulo";
			};
			name = Debug;
		};
		B3ED9ECC2A5C383100825C65 /* Release */ = {
			isa = XCBuildConfiguration;
			buildSettings = {
				ALWAYS_EMBED_SWIFT_STANDARD_LIBRARIES = YES;
				BUNDLE_LOADER = "$(TEST_HOST)";
				CODE_SIGN_STYLE = Automatic;
				CURRENT_PROJECT_VERSION = 1;
				DEVELOPMENT_TEAM = KV78S9S54R;
				GENERATE_INFOPLIST_FILE = YES;
				IPHONEOS_DEPLOYMENT_TARGET = 16.4;
				MARKETING_VERSION = 1.0;
				PRODUCT_BUNDLE_IDENTIFIER = Jairo.TestePuloTests;
				PRODUCT_NAME = "$(TARGET_NAME)";
				SWIFT_EMIT_LOC_STRINGS = NO;
				SWIFT_VERSION = 5.0;
				TARGETED_DEVICE_FAMILY = "1,2";
				TEST_HOST = "$(BUILT_PRODUCTS_DIR)/TestePulo.app/$(BUNDLE_EXECUTABLE_FOLDER_PATH)/TestePulo";
			};
			name = Release;
		};
		B3ED9ECE2A5C383100825C65 /* Debug */ = {
			isa = XCBuildConfiguration;
			buildSettings = {
				ALWAYS_EMBED_SWIFT_STANDARD_LIBRARIES = YES;
				CODE_SIGN_STYLE = Automatic;
				CURRENT_PROJECT_VERSION = 1;
				DEVELOPMENT_TEAM = KV78S9S54R;
				GENERATE_INFOPLIST_FILE = YES;
				MARKETING_VERSION = 1.0;
				PRODUCT_BUNDLE_IDENTIFIER = Jairo.TestePuloUITests;
				PRODUCT_NAME = "$(TARGET_NAME)";
				SWIFT_EMIT_LOC_STRINGS = NO;
				SWIFT_VERSION = 5.0;
				TARGETED_DEVICE_FAMILY = "1,2";
				TEST_TARGET_NAME = TestePulo;
			};
			name = Debug;
		};
		B3ED9ECF2A5C383100825C65 /* Release */ = {
			isa = XCBuildConfiguration;
			buildSettings = {
				ALWAYS_EMBED_SWIFT_STANDARD_LIBRARIES = YES;
				CODE_SIGN_STYLE = Automatic;
				CURRENT_PROJECT_VERSION = 1;
				DEVELOPMENT_TEAM = KV78S9S54R;
				GENERATE_INFOPLIST_FILE = YES;
				MARKETING_VERSION = 1.0;
				PRODUCT_BUNDLE_IDENTIFIER = Jairo.TestePuloUITests;
				PRODUCT_NAME = "$(TARGET_NAME)";
				SWIFT_EMIT_LOC_STRINGS = NO;
				SWIFT_VERSION = 5.0;
				TARGETED_DEVICE_FAMILY = "1,2";
				TEST_TARGET_NAME = TestePulo;
			};
			name = Release;
		};
/* End XCBuildConfiguration section */

/* Begin XCConfigurationList section */
		B3ED9E952A5C383000825C65 /* Build configuration list for PBXProject "TestePulo" */ = {
			isa = XCConfigurationList;
			buildConfigurations = (
				B3ED9EC52A5C383100825C65 /* Debug */,
				B3ED9EC62A5C383100825C65 /* Release */,
			);
			defaultConfigurationIsVisible = 0;
			defaultConfigurationName = Release;
		};
		B3ED9EC72A5C383100825C65 /* Build configuration list for PBXNativeTarget "TestePulo" */ = {
			isa = XCConfigurationList;
			buildConfigurations = (
				B3ED9EC82A5C383100825C65 /* Debug */,
				B3ED9EC92A5C383100825C65 /* Release */,
			);
			defaultConfigurationIsVisible = 0;
			defaultConfigurationName = Release;
		};
		B3ED9ECA2A5C383100825C65 /* Build configuration list for PBXNativeTarget "TestePuloTests" */ = {
			isa = XCConfigurationList;
			buildConfigurations = (
				B3ED9ECB2A5C383100825C65 /* Debug */,
				B3ED9ECC2A5C383100825C65 /* Release */,
			);
			defaultConfigurationIsVisible = 0;
			defaultConfigurationName = Release;
		};
		B3ED9ECD2A5C383100825C65 /* Build configuration list for PBXNativeTarget "TestePuloUITests" */ = {
			isa = XCConfigurationList;
			buildConfigurations = (
				B3ED9ECE2A5C383100825C65 /* Debug */,
				B3ED9ECF2A5C383100825C65 /* Release */,
			);
			defaultConfigurationIsVisible = 0;
			defaultConfigurationName = Release;
		};
/* End XCConfigurationList section */
	};
	rootObject = B3ED9E922A5C383000825C65 /* Project object */;
}
